// !$*UTF8*$!
{
	archiveVersion = 1;
	classes = {
	};
	objectVersion = 55;
	objects = {

/* Begin PBXBuildFile section */
		DCF75F9927150A3000D0C863 /* AppDelegate.swift in Sources */ = {isa = PBXBuildFile; fileRef = DCF75F9827150A3000D0C863 /* AppDelegate.swift */; };
		DCF75F9B27150A3000D0C863 /* SceneDelegate.swift in Sources */ = {isa = PBXBuildFile; fileRef = DCF75F9A27150A3000D0C863 /* SceneDelegate.swift */; };
		DCF75F9D27150A3000D0C863 /* ViewController.swift in Sources */ = {isa = PBXBuildFile; fileRef = DCF75F9C27150A3000D0C863 /* ViewController.swift */; };
		DCF75FA027150A3000D0C863 /* Main.storyboard in Resources */ = {isa = PBXBuildFile; fileRef = DCF75F9E27150A3000D0C863 /* Main.storyboard */; };
		DCF75FA227150A3200D0C863 /* Assets.xcassets in Resources */ = {isa = PBXBuildFile; fileRef = DCF75FA127150A3200D0C863 /* Assets.xcassets */; };
		DCF75FA527150A3200D0C863 /* LaunchScreen.storyboard in Resources */ = {isa = PBXBuildFile; fileRef = DCF75FA327150A3200D0C863 /* LaunchScreen.storyboard */; };
		DCF75FAF271516F700D0C863 /* MemoTableViewController.swift in Sources */ = {isa = PBXBuildFile; fileRef = DCF75FAE271516F700D0C863 /* MemoTableViewController.swift */; };
		DCF75FD527165DAC00D0C863 /* MovieTableViewController.swift in Sources */ = {isa = PBXBuildFile; fileRef = DCF75FD427165DAC00D0C863 /* MovieTableViewController.swift */; };
		DCF75FD727165E9700D0C863 /* MovieTableViewCell.swift in Sources */ = {isa = PBXBuildFile; fileRef = DCF75FD627165E9700D0C863 /* MovieTableViewCell.swift */; };
/* End PBXBuildFile section */

/* Begin PBXFileReference section */
		DCF75F9527150A3000D0C863 /* CLASS_211012.app */ = {isa = PBXFileReference; explicitFileType = wrapper.application; includeInIndex = 0; path = CLASS_211012.app; sourceTree = BUILT_PRODUCTS_DIR; };
		DCF75F9827150A3000D0C863 /* AppDelegate.swift */ = {isa = PBXFileReference; lastKnownFileType = sourcecode.swift; path = AppDelegate.swift; sourceTree = "<group>"; };
		DCF75F9A27150A3000D0C863 /* SceneDelegate.swift */ = {isa = PBXFileReference; lastKnownFileType = sourcecode.swift; path = SceneDelegate.swift; sourceTree = "<group>"; };
		DCF75F9C27150A3000D0C863 /* ViewController.swift */ = {isa = PBXFileReference; lastKnownFileType = sourcecode.swift; path = ViewController.swift; sourceTree = "<group>"; };
		DCF75F9F27150A3000D0C863 /* Base */ = {isa = PBXFileReference; lastKnownFileType = file.storyboard; name = Base; path = Base.lproj/Main.storyboard; sourceTree = "<group>"; };
		DCF75FA127150A3200D0C863 /* Assets.xcassets */ = {isa = PBXFileReference; lastKnownFileType = folder.assetcatalog; path = Assets.xcassets; sourceTree = "<group>"; };
		DCF75FA427150A3200D0C863 /* Base */ = {isa = PBXFileReference; lastKnownFileType = file.storyboard; name = Base; path = Base.lproj/LaunchScreen.storyboard; sourceTree = "<group>"; };
		DCF75FA627150A3200D0C863 /* Info.plist */ = {isa = PBXFileReference; lastKnownFileType = text.plist.xml; path = Info.plist; sourceTree = "<group>"; };
		DCF75FAE271516F700D0C863 /* MemoTableViewController.swift */ = {isa = PBXFileReference; lastKnownFileType = sourcecode.swift; path = MemoTableViewController.swift; sourceTree = "<group>"; };
		DCF75FD427165DAC00D0C863 /* MovieTableViewController.swift */ = {isa = PBXFileReference; lastKnownFileType = sourcecode.swift; path = MovieTableViewController.swift; sourceTree = "<group>"; };
		DCF75FD627165E9700D0C863 /* MovieTableViewCell.swift */ = {isa = PBXFileReference; lastKnownFileType = sourcecode.swift; path = MovieTableViewCell.swift; sourceTree = "<group>"; };
/* End PBXFileReference section */

/* Begin PBXFrameworksBuildPhase section */
		DCF75F9227150A3000D0C863 /* Frameworks */ = {
			isa = PBXFrameworksBuildPhase;
			buildActionMask = 2147483647;
			files = (
			);
			runOnlyForDeploymentPostprocessing = 0;
		};
/* End PBXFrameworksBuildPhase section */

/* Begin PBXGroup section */
		DCF75F8C27150A3000D0C863 = {
			isa = PBXGroup;
			children = (
				DCF75F9727150A3000D0C863 /* CLASS_211012 */,
				DCF75F9627150A3000D0C863 /* Products */,
			);
			sourceTree = "<group>";
		};
		DCF75F9627150A3000D0C863 /* Products */ = {
			isa = PBXGroup;
			children = (
				DCF75F9527150A3000D0C863 /* CLASS_211012.app */,
			);
			name = Products;
			sourceTree = "<group>";
		};
		DCF75F9727150A3000D0C863 /* CLASS_211012 */ = {
			isa = PBXGroup;
			children = (
				DCF75F9827150A3000D0C863 /* AppDelegate.swift */,
				DCF75F9A27150A3000D0C863 /* SceneDelegate.swift */,
				DCF75F9C27150A3000D0C863 /* ViewController.swift */,
				DCF75F9E27150A3000D0C863 /* Main.storyboard */,
				DCF75FD427165DAC00D0C863 /* MovieTableViewController.swift */,
				DCF75FD627165E9700D0C863 /* MovieTableViewCell.swift */,
				DCF75FAE271516F700D0C863 /* MemoTableViewController.swift */,
				DCF75FA127150A3200D0C863 /* Assets.xcassets */,
				DCF75FA327150A3200D0C863 /* LaunchScreen.storyboard */,
				DCF75FA627150A3200D0C863 /* Info.plist */,
			);
			path = CLASS_211012;
			sourceTree = "<group>";
		};
/* End PBXGroup section */

/* Begin PBXNativeTarget section */
		DCF75F9427150A3000D0C863 /* CLASS_211012 */ = {
			isa = PBXNativeTarget;
			buildConfigurationList = DCF75FA927150A3200D0C863 /* Build configuration list for PBXNativeTarget "CLASS_211012" */;
			buildPhases = (
				DCF75F9127150A3000D0C863 /* Sources */,
				DCF75F9227150A3000D0C863 /* Frameworks */,
				DCF75F9327150A3000D0C863 /* Resources */,
			);
			buildRules = (
			);
			dependencies = (
			);
			name = CLASS_211012;
			productName = CLASS_211012;
			productReference = DCF75F9527150A3000D0C863 /* CLASS_211012.app */;
			productType = "com.apple.product-type.application";
		};
/* End PBXNativeTarget section */

/* Begin PBXProject section */
		DCF75F8D27150A3000D0C863 /* Project object */ = {
			isa = PBXProject;
			attributes = {
				BuildIndependentTargetsInParallel = 1;
				LastSwiftUpdateCheck = 1300;
				LastUpgradeCheck = 1300;
				TargetAttributes = {
					DCF75F9427150A3000D0C863 = {
						CreatedOnToolsVersion = 13.0;
					};
				};
			};
			buildConfigurationList = DCF75F9027150A3000D0C863 /* Build configuration list for PBXProject "CLASS_211012" */;
			compatibilityVersion = "Xcode 13.0";
			developmentRegion = en;
			hasScannedForEncodings = 0;
			knownRegions = (
				en,
				Base,
			);
			mainGroup = DCF75F8C27150A3000D0C863;
			productRefGroup = DCF75F9627150A3000D0C863 /* Products */;
			projectDirPath = "";
			projectRoot = "";
			targets = (
				DCF75F9427150A3000D0C863 /* CLASS_211012 */,
			);
		};
/* End PBXProject section */

/* Begin PBXResourcesBuildPhase section */
		DCF75F9327150A3000D0C863 /* Resources */ = {
			isa = PBXResourcesBuildPhase;
			buildActionMask = 2147483647;
			files = (
				DCF75FA527150A3200D0C863 /* LaunchScreen.storyboard in Resources */,
				DCF75FA227150A3200D0C863 /* Assets.xcassets in Resources */,
				DCF75FA027150A3000D0C863 /* Main.storyboard in Resources */,
			);
			runOnlyForDeploymentPostprocessing = 0;
		};
/* End PBXResourcesBuildPhase section */

/* Begin PBXSourcesBuildPhase section */
		DCF75F9127150A3000D0C863 /* Sources */ = {
			isa = PBXSourcesBuildPhase;
			buildActionMask = 2147483647;
			files = (
				DCF75FD527165DAC00D0C863 /* MovieTableViewController.swift in Sources */,
				DCF75FAF271516F700D0C863 /* MemoTableViewController.swift in Sources */,
				DCF75FD727165E9700D0C863 /* MovieTableViewCell.swift in Sources */,
				DCF75F9D27150A3000D0C863 /* ViewController.swift in Sources */,
				DCF75F9927150A3000D0C863 /* AppDelegate.swift in Sources */,
				DCF75F9B27150A3000D0C863 /* SceneDelegate.swift in Sources */,
			);
			runOnlyForDeploymentPostprocessing = 0;
		};
/* End PBXSourcesBuildPhase section */

/* Begin PBXVariantGroup section */
		DCF75F9E27150A3000D0C863 /* Main.storyboard */ = {
			isa = PBXVariantGroup;
			children = (
				DCF75F9F27150A3000D0C863 /* Base */,
			);
			name = Main.storyboard;
			sourceTree = "<group>";
		};
		DCF75FA327150A3200D0C863 /* LaunchScreen.storyboard */ = {
			isa = PBXVariantGroup;
			children = (
				DCF75FA427150A3200D0C863 /* Base */,
			);
			name = LaunchScreen.storyboard;
			sourceTree = "<group>";
		};
/* End PBXVariantGroup section */

/* Begin XCBuildConfiguration section */
		DCF75FA727150A3200D0C863 /* Debug */ = {
			isa = XCBuildConfiguration;
			buildSettings = {
				ALWAYS_SEARCH_USER_PATHS = NO;
				CLANG_ANALYZER_NONNULL = YES;
				CLANG_ANALYZER_NUMBER_OBJECT_CONVERSION = YES_AGGRESSIVE;
				CLANG_CXX_LANGUAGE_STANDARD = "gnu++17";
				CLANG_CXX_LIBRARY = "libc++";
				CLANG_ENABLE_MODULES = YES;
				CLANG_ENABLE_OBJC_ARC = YES;
				CLANG_ENABLE_OBJC_WEAK = YES;
				CLANG_WARN_BLOCK_CAPTURE_AUTORELEASING = YES;
				CLANG_WARN_BOOL_CONVERSION = YES;
				CLANG_WARN_COMMA = YES;
				CLANG_WARN_CONSTANT_CONVERSION = YES;
				CLANG_WARN_DEPRECATED_OBJC_IMPLEMENTATIONS = YES;
				CLANG_WARN_DIRECT_OBJC_ISA_USAGE = YES_ERROR;
				CLANG_WARN_DOCUMENTATION_COMMENTS = YES;
				CLANG_WARN_EMPTY_BODY = YES;
				CLANG_WARN_ENUM_CONVERSION = YES;
				CLANG_WARN_INFINITE_RECURSION = YES;
				CLANG_WARN_INT_CONVERSION = YES;
				CLANG_WARN_NON_LITERAL_NULL_CONVERSION = YES;
				CLANG_WARN_OBJC_IMPLICIT_RETAIN_SELF = YES;
				CLANG_WARN_OBJC_LITERAL_CONVERSION = YES;
				CLANG_WARN_OBJC_ROOT_CLASS = YES_ERROR;
				CLANG_WARN_QUOTED_INCLUDE_IN_FRAMEWORK_HEADER = YES;
				CLANG_WARN_RANGE_LOOP_ANALYSIS = YES;
				CLANG_WARN_STRICT_PROTOTYPES = YES;
				CLANG_WARN_SUSPICIOUS_MOVE = YES;
				CLANG_WARN_UNGUARDED_AVAILABILITY = YES_AGGRESSIVE;
				CLANG_WARN_UNREACHABLE_CODE = YES;
				CLANG_WARN__DUPLICATE_METHOD_MATCH = YES;
				COPY_PHASE_STRIP = NO;
				DEBUG_INFORMATION_FORMAT = dwarf;
				ENABLE_STRICT_OBJC_MSGSEND = YES;
				ENABLE_TESTABILITY = YES;
				GCC_C_LANGUAGE_STANDARD = gnu11;
				GCC_DYNAMIC_NO_PIC = NO;
				GCC_NO_COMMON_BLOCKS = YES;
				GCC_OPTIMIZATION_LEVEL = 0;
				GCC_PREPROCESSOR_DEFINITIONS = (
					"DEBUG=1",
					"$(inherited)",
				);
				GCC_WARN_64_TO_32_BIT_CONVERSION = YES;
				GCC_WARN_ABOUT_RETURN_TYPE = YES_ERROR;
				GCC_WARN_UNDECLARED_SELECTOR = YES;
				GCC_WARN_UNINITIALIZED_AUTOS = YES_AGGRESSIVE;
				GCC_WARN_UNUSED_FUNCTION = YES;
				GCC_WARN_UNUSED_VARIABLE = YES;
				IPHONEOS_DEPLOYMENT_TARGET = 15.0;
				MTL_ENABLE_DEBUG_INFO = INCLUDE_SOURCE;
				MTL_FAST_MATH = YES;
				ONLY_ACTIVE_ARCH = YES;
				SDKROOT = iphoneos;
				SWIFT_ACTIVE_COMPILATION_CONDITIONS = DEBUG;
				SWIFT_OPTIMIZATION_LEVEL = "-Onone";
			};
			name = Debug;
		};
		DCF75FA827150A3200D0C863 /* Release */ = {
			isa = XCBuildConfiguration;
			buildSettings = {
				ALWAYS_SEARCH_USER_PATHS = NO;
				CLANG_ANALYZER_NONNULL = YES;
				CLANG_ANALYZER_NUMBER_OBJECT_CONVERSION = YES_AGGRESSIVE;
				CLANG_CXX_LANGUAGE_STANDARD = "gnu++17";
				CLANG_CXX_LIBRARY = "libc++";
				CLANG_ENABLE_MODULES = YES;
				CLANG_ENABLE_OBJC_ARC = YES;
				CLANG_ENABLE_OBJC_WEAK = YES;
				CLANG_WARN_BLOCK_CAPTURE_AUTORELEASING = YES;
				CLANG_WARN_BOOL_CONVERSION = YES;
				CLANG_WARN_COMMA = YES;
				CLANG_WARN_CONSTANT_CONVERSION = YES;
				CLANG_WARN_DEPRECATED_OBJC_IMPLEMENTATIONS = YES;
				CLANG_WARN_DIRECT_OBJC_ISA_USAGE = YES_ERROR;
				CLANG_WARN_DOCUMENTATION_COMMENTS = YES;
				CLANG_WARN_EMPTY_BODY = YES;
				CLANG_WARN_ENUM_CONVERSION = YES;
				CLANG_WARN_INFINITE_RECURSION = YES;
				CLANG_WARN_INT_CONVERSION = YES;
				CLANG_WARN_NON_LITERAL_NULL_CONVERSION = YES;
				CLANG_WARN_OBJC_IMPLICIT_RETAIN_SELF = YES;
				CLANG_WARN_OBJC_LITERAL_CONVERSION = YES;
				CLANG_WARN_OBJC_ROOT_CLASS = YES_ERROR;
				CLANG_WARN_QUOTED_INCLUDE_IN_FRAMEWORK_HEADER = YES;
				CLANG_WARN_RANGE_LOOP_ANALYSIS = YES;
				CLANG_WARN_STRICT_PROTOTYPES = YES;
				CLANG_WARN_SUSPICIOUS_MOVE = YES;
				CLANG_WARN_UNGUARDED_AVAILABILITY = YES_AGGRESSIVE;
				CLANG_WARN_UNREACHABLE_CODE = YES;
				CLANG_WARN__DUPLICATE_METHOD_MATCH = YES;
				COPY_PHASE_STRIP = NO;
				DEBUG_INFORMATION_FORMAT = "dwarf-with-dsym";
				ENABLE_NS_ASSERTIONS = NO;
				ENABLE_STRICT_OBJC_MSGSEND = YES;
				GCC_C_LANGUAGE_STANDARD = gnu11;
				GCC_NO_COMMON_BLOCKS = YES;
				GCC_WARN_64_TO_32_BIT_CONVERSION = YES;
				GCC_WARN_ABOUT_RETURN_TYPE = YES_ERROR;
				GCC_WARN_UNDECLARED_SELECTOR = YES;
				GCC_WARN_UNINITIALIZED_AUTOS = YES_AGGRESSIVE;
				GCC_WARN_UNUSED_FUNCTION = YES;
				GCC_WARN_UNUSED_VARIABLE = YES;
				IPHONEOS_DEPLOYMENT_TARGET = 15.0;
				MTL_ENABLE_DEBUG_INFO = NO;
				MTL_FAST_MATH = YES;
				SDKROOT = iphoneos;
				SWIFT_COMPILATION_MODE = wholemodule;
				SWIFT_OPTIMIZATION_LEVEL = "-O";
				VALIDATE_PRODUCT = YES;
			};
			name = Release;
		};
		DCF75FAA27150A3200D0C863 /* Debug */ = {
			isa = XCBuildConfiguration;
			buildSettings = {
				ASSETCATALOG_COMPILER_APPICON_NAME = AppIcon;
				ASSETCATALOG_COMPILER_GLOBAL_ACCENT_COLOR_NAME = AccentColor;
				CODE_SIGN_STYLE = Automatic;
				CURRENT_PROJECT_VERSION = 1;
				GENERATE_INFOPLIST_FILE = YES;
				INFOPLIST_FILE = CLASS_211012/Info.plist;
				INFOPLIST_KEY_CFBundleDisplayName = CLASS_211012;
				INFOPLIST_KEY_UIApplicationSupportsIndirectInputEvents = YES;
				INFOPLIST_KEY_UILaunchStoryboardName = LaunchScreen;
				INFOPLIST_KEY_UIMainStoryboardFile = Main;
				INFOPLIST_KEY_UISupportedInterfaceOrientations_iPad = "UIInterfaceOrientationPortrait UIInterfaceOrientationPortraitUpsideDown UIInterfaceOrientationLandscapeLeft UIInterfaceOrientationLandscapeRight";
				INFOPLIST_KEY_UISupportedInterfaceOrientations_iPhone = "UIInterfaceOrientationPortrait UIInterfaceOrientationLandscapeLeft UIInterfaceOrientationLandscapeRight";
				LD_RUNPATH_SEARCH_PATHS = (
					"$(inherited)",
					"@executable_path/Frameworks",
				);
				MARKETING_VERSION = 1.0;
				PRODUCT_BUNDLE_IDENTIFIER = "com.jy.CLASS-211012";
				PRODUCT_NAME = "$(TARGET_NAME)";
				SWIFT_EMIT_LOC_STRINGS = YES;
				SWIFT_VERSION = 5.0;
				TARGETED_DEVICE_FAMILY = "1,2";
			};
			name = Debug;
		};
		DCF75FAB27150A3200D0C863 /* Release */ = {
			isa = XCBuildConfiguration;
			buildSettings = {
				ASSETCATALOG_COMPILER_APPICON_NAME = AppIcon;
				ASSETCATALOG_COMPILER_GLOBAL_ACCENT_COLOR_NAME = AccentColor;
				CODE_SIGN_STYLE = Automatic;
				CURRENT_PROJECT_VERSION = 1;
				GENERATE_INFOPLIST_FILE = YES;
				INFOPLIST_FILE = CLASS_211012/Info.plist;
				INFOPLIST_KEY_CFBundleDisplayName = CLASS_211012;
				INFOPLIST_KEY_UIApplicationSupportsIndirectInputEvents = YES;
				INFOPLIST_KEY_UILaunchStoryboardName = LaunchScreen;
				INFOPLIST_KEY_UIMainStoryboardFile = Main;
				INFOPLIST_KEY_UISupportedInterfaceOrientations_iPad = "UIInterfaceOrientationPortrait UIInterfaceOrientationPortraitUpsideDown UIInterfaceOrientationLandscapeLeft UIInterfaceOrientationLandscapeRight";
				INFOPLIST_KEY_UISupportedInterfaceOrientations_iPhone = "UIInterfaceOrientationPortrait UIInterfaceOrientationLandscapeLeft UIInterfaceOrientationLandscapeRight";
				LD_RUNPATH_SEARCH_PATHS = (
					"$(inherited)",
					"@executable_path/Frameworks",
				);
				MARKETING_VERSION = 1.0;
				PRODUCT_BUNDLE_IDENTIFIER = "com.jy.CLASS-211012";
				PRODUCT_NAME = "$(TARGET_NAME)";
				SWIFT_EMIT_LOC_STRINGS = YES;
				SWIFT_VERSION = 5.0;
				TARGETED_DEVICE_FAMILY = "1,2";
			};
			name = Release;
		};
/* End XCBuildConfiguration section */

/* Begin XCConfigurationList section */
		DCF75F9027150A3000D0C863 /* Build configuration list for PBXProject "CLASS_211012" */ = {
			isa = XCConfigurationList;
			buildConfigurations = (
				DCF75FA727150A3200D0C863 /* Debug */,
				DCF75FA827150A3200D0C863 /* Release */,
			);
			defaultConfigurationIsVisible = 0;
			defaultConfigurationName = Release;
		};
		DCF75FA927150A3200D0C863 /* Build configuration list for PBXNativeTarget "CLASS_211012" */ = {
			isa = XCConfigurationList;
			buildConfigurations = (
				DCF75FAA27150A3200D0C863 /* Debug */,
				DCF75FAB27150A3200D0C863 /* Release */,
			);
			defaultConfigurationIsVisible = 0;
			defaultConfigurationName = Release;
		};
/* End XCConfigurationList section */
	};
	rootObject = DCF75F8D27150A3000D0C863 /* Project object */;
}
