// !$*UTF8*$!
{
	archiveVersion = 1;
	classes = {
	};
	objectVersion = 55;
	objects = {

/* Begin PBXBuildFile section */
		DC16952B2766CACA0050460F /* AppDelegate.swift in Sources */ = {isa = PBXBuildFile; fileRef = DC16952A2766CACA0050460F /* AppDelegate.swift */; };
		DC16952D2766CACA0050460F /* SceneDelegate.swift in Sources */ = {isa = PBXBuildFile; fileRef = DC16952C2766CACA0050460F /* SceneDelegate.swift */; };
		DC16952F2766CACA0050460F /* ViewController.swift in Sources */ = {isa = PBXBuildFile; fileRef = DC16952E2766CACA0050460F /* ViewController.swift */; };
		DC1695342766CACC0050460F /* Assets.xcassets in Resources */ = {isa = PBXBuildFile; fileRef = DC1695332766CACC0050460F /* Assets.xcassets */; };
		DC1695372766CACC0050460F /* LaunchScreen.storyboard in Resources */ = {isa = PBXBuildFile; fileRef = DC1695352766CACC0050460F /* LaunchScreen.storyboard */; };
		DC16953F2766CC970050460F /* SquareBoxView.xib in Resources */ = {isa = PBXBuildFile; fileRef = DC16953E2766CC970050460F /* SquareBoxView.xib */; };
		DC1695412766CCED0050460F /* SquareBoxView.swift in Sources */ = {isa = PBXBuildFile; fileRef = DC1695402766CCED0050460F /* SquareBoxView.swift */; };
		DC1695432766DD6D0050460F /* BannerView.swift in Sources */ = {isa = PBXBuildFile; fileRef = DC1695422766DD6D0050460F /* BannerView.swift */; };
		DC1695452766E0A60050460F /* DetailViewController.swift in Sources */ = {isa = PBXBuildFile; fileRef = DC1695442766E0A60050460F /* DetailViewController.swift */; };
		DC1695472766E4A80050460F /* MainActivateButton.swift in Sources */ = {isa = PBXBuildFile; fileRef = DC1695462766E4A80050460F /* MainActivateButton.swift */; };
		DC16954A27682F330050460F /* SnapKit in Frameworks */ = {isa = PBXBuildFile; productRef = DC16954927682F330050460F /* SnapKit */; };
		DC16954C2768300C0050460F /* SnapDetailViewController.swift in Sources */ = {isa = PBXBuildFile; fileRef = DC16954B2768300C0050460F /* SnapDetailViewController.swift */; };
		DC28CC872769790300269301 /* SettingViewController.xib in Resources */ = {isa = PBXBuildFile; fileRef = DC28CC862769790300269301 /* SettingViewController.xib */; };
		DC28CC892769792A00269301 /* SettingViewController.swift in Sources */ = {isa = PBXBuildFile; fileRef = DC28CC882769792A00269301 /* SettingViewController.swift */; };
		DC28CC8B27697EDA00269301 /* TabBarController.swift in Sources */ = {isa = PBXBuildFile; fileRef = DC28CC8A27697EDA00269301 /* TabBarController.swift */; };
		DC28CCEC276AD20200269301 /* GoogleService-Info.plist in Resources */ = {isa = PBXBuildFile; fileRef = DC28CCEB276AD20200269301 /* GoogleService-Info.plist */; };
		DC99A89C2770114200791E56 /* FirebaseInstallations in Frameworks */ = {isa = PBXBuildFile; productRef = DC99A89B2770114200791E56 /* FirebaseInstallations */; };
		DC99A89E2770114200791E56 /* FirebaseMessaging in Frameworks */ = {isa = PBXBuildFile; productRef = DC99A89D2770114200791E56 /* FirebaseMessaging */; };
/* End PBXBuildFile section */

/* Begin PBXFileReference section */
		DC1695272766CACA0050460F /* CLASS_WEEK12.app */ = {isa = PBXFileReference; explicitFileType = wrapper.application; includeInIndex = 0; path = CLASS_WEEK12.app; sourceTree = BUILT_PRODUCTS_DIR; };
		DC16952A2766CACA0050460F /* AppDelegate.swift */ = {isa = PBXFileReference; lastKnownFileType = sourcecode.swift; path = AppDelegate.swift; sourceTree = "<group>"; };
		DC16952C2766CACA0050460F /* SceneDelegate.swift */ = {isa = PBXFileReference; lastKnownFileType = sourcecode.swift; path = SceneDelegate.swift; sourceTree = "<group>"; };
		DC16952E2766CACA0050460F /* ViewController.swift */ = {isa = PBXFileReference; lastKnownFileType = sourcecode.swift; path = ViewController.swift; sourceTree = "<group>"; };
		DC1695332766CACC0050460F /* Assets.xcassets */ = {isa = PBXFileReference; lastKnownFileType = folder.assetcatalog; path = Assets.xcassets; sourceTree = "<group>"; };
		DC1695362766CACC0050460F /* Base */ = {isa = PBXFileReference; lastKnownFileType = file.storyboard; name = Base; path = Base.lproj/LaunchScreen.storyboard; sourceTree = "<group>"; };
		DC1695382766CACC0050460F /* Info.plist */ = {isa = PBXFileReference; lastKnownFileType = text.plist.xml; path = Info.plist; sourceTree = "<group>"; };
		DC16953E2766CC970050460F /* SquareBoxView.xib */ = {isa = PBXFileReference; lastKnownFileType = file.xib; path = SquareBoxView.xib; sourceTree = "<group>"; };
		DC1695402766CCED0050460F /* SquareBoxView.swift */ = {isa = PBXFileReference; lastKnownFileType = sourcecode.swift; path = SquareBoxView.swift; sourceTree = "<group>"; };
		DC1695422766DD6D0050460F /* BannerView.swift */ = {isa = PBXFileReference; lastKnownFileType = sourcecode.swift; path = BannerView.swift; sourceTree = "<group>"; };
		DC1695442766E0A60050460F /* DetailViewController.swift */ = {isa = PBXFileReference; lastKnownFileType = sourcecode.swift; path = DetailViewController.swift; sourceTree = "<group>"; };
		DC1695462766E4A80050460F /* MainActivateButton.swift */ = {isa = PBXFileReference; lastKnownFileType = sourcecode.swift; path = MainActivateButton.swift; sourceTree = "<group>"; };
		DC16954B2768300C0050460F /* SnapDetailViewController.swift */ = {isa = PBXFileReference; lastKnownFileType = sourcecode.swift; path = SnapDetailViewController.swift; sourceTree = "<group>"; };
		DC28CC862769790300269301 /* SettingViewController.xib */ = {isa = PBXFileReference; lastKnownFileType = file.xib; path = SettingViewController.xib; sourceTree = "<group>"; };
		DC28CC882769792A00269301 /* SettingViewController.swift */ = {isa = PBXFileReference; lastKnownFileType = sourcecode.swift; path = SettingViewController.swift; sourceTree = "<group>"; };
		DC28CC8A27697EDA00269301 /* TabBarController.swift */ = {isa = PBXFileReference; lastKnownFileType = sourcecode.swift; path = TabBarController.swift; sourceTree = "<group>"; };
		DC28CCE2276AC51F00269301 /* CLASS_WEEK12.entitlements */ = {isa = PBXFileReference; lastKnownFileType = text.plist.entitlements; path = CLASS_WEEK12.entitlements; sourceTree = "<group>"; };
		DC28CCE3276AC53400269301 /* CLASS_WEEK12Release.entitlements */ = {isa = PBXFileReference; lastKnownFileType = text.plist.entitlements; path = CLASS_WEEK12Release.entitlements; sourceTree = "<group>"; };
		DC28CCEB276AD20200269301 /* GoogleService-Info.plist */ = {isa = PBXFileReference; fileEncoding = 4; lastKnownFileType = text.plist.xml; path = "GoogleService-Info.plist"; sourceTree = "<group>"; };
/* End PBXFileReference section */

/* Begin PBXFrameworksBuildPhase section */
		DC1695242766CACA0050460F /* Frameworks */ = {
			isa = PBXFrameworksBuildPhase;
			buildActionMask = 2147483647;
			files = (
				DC99A89E2770114200791E56 /* FirebaseMessaging in Frameworks */,
				DC16954A27682F330050460F /* SnapKit in Frameworks */,
				DC99A89C2770114200791E56 /* FirebaseInstallations in Frameworks */,
			);
			runOnlyForDeploymentPostprocessing = 0;
		};
/* End PBXFrameworksBuildPhase section */

/* Begin PBXGroup section */
		DC16951E2766CACA0050460F = {
			isa = PBXGroup;
			children = (
				DC1695292766CACA0050460F /* CLASS_WEEK12 */,
				DC1695282766CACA0050460F /* Products */,
			);
			sourceTree = "<group>";
		};
		DC1695282766CACA0050460F /* Products */ = {
			isa = PBXGroup;
			children = (
				DC1695272766CACA0050460F /* CLASS_WEEK12.app */,
			);
			name = Products;
			sourceTree = "<group>";
		};
		DC1695292766CACA0050460F /* CLASS_WEEK12 */ = {
			isa = PBXGroup;
			children = (
				DC28CCE3276AC53400269301 /* CLASS_WEEK12Release.entitlements */,
				DC28CCE2276AC51F00269301 /* CLASS_WEEK12.entitlements */,
				DC16952A2766CACA0050460F /* AppDelegate.swift */,
				DC16952C2766CACA0050460F /* SceneDelegate.swift */,
				DC16953E2766CC970050460F /* SquareBoxView.xib */,
				DC1695402766CCED0050460F /* SquareBoxView.swift */,
				DC28CC8A27697EDA00269301 /* TabBarController.swift */,
				DC1695422766DD6D0050460F /* BannerView.swift */,
				DC1695442766E0A60050460F /* DetailViewController.swift */,
				DC16954B2768300C0050460F /* SnapDetailViewController.swift */,
				DC16952E2766CACA0050460F /* ViewController.swift */,
				DC28CC862769790300269301 /* SettingViewController.xib */,
				DC28CC882769792A00269301 /* SettingViewController.swift */,
				DC1695462766E4A80050460F /* MainActivateButton.swift */,
				DC1695332766CACC0050460F /* Assets.xcassets */,
				DC1695352766CACC0050460F /* LaunchScreen.storyboard */,
				DC1695382766CACC0050460F /* Info.plist */,
				DC28CCEB276AD20200269301 /* GoogleService-Info.plist */,
			);
			path = CLASS_WEEK12;
			sourceTree = "<group>";
		};
/* End PBXGroup section */

/* Begin PBXNativeTarget section */
		DC1695262766CACA0050460F /* CLASS_WEEK12 */ = {
			isa = PBXNativeTarget;
			buildConfigurationList = DC16953B2766CACC0050460F /* Build configuration list for PBXNativeTarget "CLASS_WEEK12" */;
			buildPhases = (
				DC1695232766CACA0050460F /* Sources */,
				DC1695242766CACA0050460F /* Frameworks */,
				DC1695252766CACA0050460F /* Resources */,
			);
			buildRules = (
			);
			dependencies = (
			);
			name = CLASS_WEEK12;
			packageProductDependencies = (
				DC16954927682F330050460F /* SnapKit */,
				DC99A89B2770114200791E56 /* FirebaseInstallations */,
				DC99A89D2770114200791E56 /* FirebaseMessaging */,
			);
			productName = CLASS_WEEK12;
			productReference = DC1695272766CACA0050460F /* CLASS_WEEK12.app */;
			productType = "com.apple.product-type.application";
		};
/* End PBXNativeTarget section */

/* Begin PBXProject section */
		DC16951F2766CACA0050460F /* Project object */ = {
			isa = PBXProject;
			attributes = {
				BuildIndependentTargetsInParallel = 1;
				LastSwiftUpdateCheck = 1300;
				LastUpgradeCheck = 1300;
				TargetAttributes = {
					DC1695262766CACA0050460F = {
						CreatedOnToolsVersion = 13.0;
					};
				};
			};
			buildConfigurationList = DC1695222766CACA0050460F /* Build configuration list for PBXProject "CLASS_WEEK12" */;
			compatibilityVersion = "Xcode 13.0";
			developmentRegion = en;
			hasScannedForEncodings = 0;
			knownRegions = (
				en,
				Base,
			);
			mainGroup = DC16951E2766CACA0050460F;
			packageReferences = (
				DC16954827682F330050460F /* XCRemoteSwiftPackageReference "SnapKit" */,
				DC99A89A2770114200791E56 /* XCRemoteSwiftPackageReference "firebase-ios-sdk" */,
			);
			productRefGroup = DC1695282766CACA0050460F /* Products */;
			projectDirPath = "";
			projectRoot = "";
			targets = (
				DC1695262766CACA0050460F /* CLASS_WEEK12 */,
			);
		};
/* End PBXProject section */

/* Begin PBXResourcesBuildPhase section */
		DC1695252766CACA0050460F /* Resources */ = {
			isa = PBXResourcesBuildPhase;
			buildActionMask = 2147483647;
			files = (
				DC16953F2766CC970050460F /* SquareBoxView.xib in Resources */,
				DC28CCEC276AD20200269301 /* GoogleService-Info.plist in Resources */,
				DC1695372766CACC0050460F /* LaunchScreen.storyboard in Resources */,
				DC1695342766CACC0050460F /* Assets.xcassets in Resources */,
				DC28CC872769790300269301 /* SettingViewController.xib in Resources */,
			);
			runOnlyForDeploymentPostprocessing = 0;
		};
/* End PBXResourcesBuildPhase section */

/* Begin PBXSourcesBuildPhase section */
		DC1695232766CACA0050460F /* Sources */ = {
			isa = PBXSourcesBuildPhase;
			buildActionMask = 2147483647;
			files = (
				DC1695432766DD6D0050460F /* BannerView.swift in Sources */,
				DC16952F2766CACA0050460F /* ViewController.swift in Sources */,
				DC16952B2766CACA0050460F /* AppDelegate.swift in Sources */,
				DC28CC8B27697EDA00269301 /* TabBarController.swift in Sources */,
				DC1695452766E0A60050460F /* DetailViewController.swift in Sources */,
				DC16952D2766CACA0050460F /* SceneDelegate.swift in Sources */,
				DC28CC892769792A00269301 /* SettingViewController.swift in Sources */,
				DC16954C2768300C0050460F /* SnapDetailViewController.swift in Sources */,
				DC1695412766CCED0050460F /* SquareBoxView.swift in Sources */,
				DC1695472766E4A80050460F /* MainActivateButton.swift in Sources */,
			);
			runOnlyForDeploymentPostprocessing = 0;
		};
/* End PBXSourcesBuildPhase section */

/* Begin PBXVariantGroup section */
		DC1695352766CACC0050460F /* LaunchScreen.storyboard */ = {
			isa = PBXVariantGroup;
			children = (
				DC1695362766CACC0050460F /* Base */,
			);
			name = LaunchScreen.storyboard;
			sourceTree = "<group>";
		};
/* End PBXVariantGroup section */

/* Begin XCBuildConfiguration section */
		DC1695392766CACC0050460F /* Debug */ = {
			isa = XCBuildConfiguration;
			buildSettings = {
				ALWAYS_SEARCH_USER_PATHS = NO;
				CLANG_ANALYZER_NONNULL = YES;
				CLANG_ANALYZER_NUMBER_OBJECT_CONVERSION = YES_AGGRESSIVE;
				CLANG_CXX_LANGUAGE_STANDARD = "gnu++17";
				CLANG_CXX_LIBRARY = "libc++";
				CLANG_ENABLE_MODULES = YES;
				CLANG_ENABLE_OBJC_ARC = YES;
				CLANG_ENABLE_OBJC_WEAK = YES;
				CLANG_WARN_BLOCK_CAPTURE_AUTORELEASING = YES;
				CLANG_WARN_BOOL_CONVERSION = YES;
				CLANG_WARN_COMMA = YES;
				CLANG_WARN_CONSTANT_CONVERSION = YES;
				CLANG_WARN_DEPRECATED_OBJC_IMPLEMENTATIONS = YES;
				CLANG_WARN_DIRECT_OBJC_ISA_USAGE = YES_ERROR;
				CLANG_WARN_DOCUMENTATION_COMMENTS = YES;
				CLANG_WARN_EMPTY_BODY = YES;
				CLANG_WARN_ENUM_CONVERSION = YES;
				CLANG_WARN_INFINITE_RECURSION = YES;
				CLANG_WARN_INT_CONVERSION = YES;
				CLANG_WARN_NON_LITERAL_NULL_CONVERSION = YES;
				CLANG_WARN_OBJC_IMPLICIT_RETAIN_SELF = YES;
				CLANG_WARN_OBJC_LITERAL_CONVERSION = YES;
				CLANG_WARN_OBJC_ROOT_CLASS = YES_ERROR;
				CLANG_WARN_QUOTED_INCLUDE_IN_FRAMEWORK_HEADER = YES;
				CLANG_WARN_RANGE_LOOP_ANALYSIS = YES;
				CLANG_WARN_STRICT_PROTOTYPES = YES;
				CLANG_WARN_SUSPICIOUS_MOVE = YES;
				CLANG_WARN_UNGUARDED_AVAILABILITY = YES_AGGRESSIVE;
				CLANG_WARN_UNREACHABLE_CODE = YES;
				CLANG_WARN__DUPLICATE_METHOD_MATCH = YES;
				COPY_PHASE_STRIP = NO;
				DEBUG_INFORMATION_FORMAT = dwarf;
				ENABLE_STRICT_OBJC_MSGSEND = YES;
				ENABLE_TESTABILITY = YES;
				GCC_C_LANGUAGE_STANDARD = gnu11;
				GCC_DYNAMIC_NO_PIC = NO;
				GCC_NO_COMMON_BLOCKS = YES;
				GCC_OPTIMIZATION_LEVEL = 0;
				GCC_PREPROCESSOR_DEFINITIONS = (
					"DEBUG=1",
					"$(inherited)",
				);
				GCC_WARN_64_TO_32_BIT_CONVERSION = YES;
				GCC_WARN_ABOUT_RETURN_TYPE = YES_ERROR;
				GCC_WARN_UNDECLARED_SELECTOR = YES;
				GCC_WARN_UNINITIALIZED_AUTOS = YES_AGGRESSIVE;
				GCC_WARN_UNUSED_FUNCTION = YES;
				GCC_WARN_UNUSED_VARIABLE = YES;
				IPHONEOS_DEPLOYMENT_TARGET = 15.0;
				MTL_ENABLE_DEBUG_INFO = INCLUDE_SOURCE;
				MTL_FAST_MATH = YES;
				ONLY_ACTIVE_ARCH = YES;
				SDKROOT = iphoneos;
				SWIFT_ACTIVE_COMPILATION_CONDITIONS = DEBUG;
				SWIFT_OPTIMIZATION_LEVEL = "-Onone";
			};
			name = Debug;
		};
		DC16953A2766CACC0050460F /* Release */ = {
			isa = XCBuildConfiguration;
			buildSettings = {
				ALWAYS_SEARCH_USER_PATHS = NO;
				CLANG_ANALYZER_NONNULL = YES;
				CLANG_ANALYZER_NUMBER_OBJECT_CONVERSION = YES_AGGRESSIVE;
				CLANG_CXX_LANGUAGE_STANDARD = "gnu++17";
				CLANG_CXX_LIBRARY = "libc++";
				CLANG_ENABLE_MODULES = YES;
				CLANG_ENABLE_OBJC_ARC = YES;
				CLANG_ENABLE_OBJC_WEAK = YES;
				CLANG_WARN_BLOCK_CAPTURE_AUTORELEASING = YES;
				CLANG_WARN_BOOL_CONVERSION = YES;
				CLANG_WARN_COMMA = YES;
				CLANG_WARN_CONSTANT_CONVERSION = YES;
				CLANG_WARN_DEPRECATED_OBJC_IMPLEMENTATIONS = YES;
				CLANG_WARN_DIRECT_OBJC_ISA_USAGE = YES_ERROR;
				CLANG_WARN_DOCUMENTATION_COMMENTS = YES;
				CLANG_WARN_EMPTY_BODY = YES;
				CLANG_WARN_ENUM_CONVERSION = YES;
				CLANG_WARN_INFINITE_RECURSION = YES;
				CLANG_WARN_INT_CONVERSION = YES;
				CLANG_WARN_NON_LITERAL_NULL_CONVERSION = YES;
				CLANG_WARN_OBJC_IMPLICIT_RETAIN_SELF = YES;
				CLANG_WARN_OBJC_LITERAL_CONVERSION = YES;
				CLANG_WARN_OBJC_ROOT_CLASS = YES_ERROR;
				CLANG_WARN_QUOTED_INCLUDE_IN_FRAMEWORK_HEADER = YES;
				CLANG_WARN_RANGE_LOOP_ANALYSIS = YES;
				CLANG_WARN_STRICT_PROTOTYPES = YES;
				CLANG_WARN_SUSPICIOUS_MOVE = YES;
				CLANG_WARN_UNGUARDED_AVAILABILITY = YES_AGGRESSIVE;
				CLANG_WARN_UNREACHABLE_CODE = YES;
				CLANG_WARN__DUPLICATE_METHOD_MATCH = YES;
				COPY_PHASE_STRIP = NO;
				DEBUG_INFORMATION_FORMAT = "dwarf-with-dsym";
				ENABLE_NS_ASSERTIONS = NO;
				ENABLE_STRICT_OBJC_MSGSEND = YES;
				GCC_C_LANGUAGE_STANDARD = gnu11;
				GCC_NO_COMMON_BLOCKS = YES;
				GCC_WARN_64_TO_32_BIT_CONVERSION = YES;
				GCC_WARN_ABOUT_RETURN_TYPE = YES_ERROR;
				GCC_WARN_UNDECLARED_SELECTOR = YES;
				GCC_WARN_UNINITIALIZED_AUTOS = YES_AGGRESSIVE;
				GCC_WARN_UNUSED_FUNCTION = YES;
				GCC_WARN_UNUSED_VARIABLE = YES;
				IPHONEOS_DEPLOYMENT_TARGET = 15.0;
				MTL_ENABLE_DEBUG_INFO = NO;
				MTL_FAST_MATH = YES;
				SDKROOT = iphoneos;
				SWIFT_COMPILATION_MODE = wholemodule;
				SWIFT_OPTIMIZATION_LEVEL = "-O";
				VALIDATE_PRODUCT = YES;
			};
			name = Release;
		};
		DC16953C2766CACC0050460F /* Debug */ = {
			isa = XCBuildConfiguration;
			buildSettings = {
				ASSETCATALOG_COMPILER_APPICON_NAME = AppIcon;
				ASSETCATALOG_COMPILER_GLOBAL_ACCENT_COLOR_NAME = AccentColor;
				CODE_SIGN_ENTITLEMENTS = CLASS_WEEK12/CLASS_WEEK12.entitlements;
				CODE_SIGN_STYLE = Automatic;
				CURRENT_PROJECT_VERSION = 1;
				DEVELOPMENT_TEAM = 8H53VPN638;
				GENERATE_INFOPLIST_FILE = YES;
				INFOPLIST_FILE = CLASS_WEEK12/Info.plist;
				INFOPLIST_KEY_UIApplicationSupportsIndirectInputEvents = YES;
				INFOPLIST_KEY_UILaunchStoryboardName = LaunchScreen;
				INFOPLIST_KEY_UISupportedInterfaceOrientations_iPad = "UIInterfaceOrientationPortrait UIInterfaceOrientationPortraitUpsideDown UIInterfaceOrientationLandscapeLeft UIInterfaceOrientationLandscapeRight";
				INFOPLIST_KEY_UISupportedInterfaceOrientations_iPhone = "UIInterfaceOrientationPortrait UIInterfaceOrientationLandscapeLeft UIInterfaceOrientationLandscapeRight";
				LD_RUNPATH_SEARCH_PATHS = (
					"$(inherited)",
					"@executable_path/Frameworks",
				);
				MARKETING_VERSION = 1.0;
				PRODUCT_BUNDLE_IDENTIFIER = "com.jy.CLASS-WEEK12";
				PRODUCT_NAME = "$(TARGET_NAME)";
				SWIFT_EMIT_LOC_STRINGS = YES;
				SWIFT_VERSION = 5.0;
				TARGETED_DEVICE_FAMILY = "1,2";
			};
			name = Debug;
		};
		DC16953D2766CACC0050460F /* Release */ = {
			isa = XCBuildConfiguration;
			buildSettings = {
				ASSETCATALOG_COMPILER_APPICON_NAME = AppIcon;
				ASSETCATALOG_COMPILER_GLOBAL_ACCENT_COLOR_NAME = AccentColor;
				CODE_SIGN_ENTITLEMENTS = CLASS_WEEK12/CLASS_WEEK12Release.entitlements;
				CODE_SIGN_STYLE = Automatic;
				CURRENT_PROJECT_VERSION = 1;
				DEVELOPMENT_TEAM = 8H53VPN638;
				GENERATE_INFOPLIST_FILE = YES;
				INFOPLIST_FILE = CLASS_WEEK12/Info.plist;
				INFOPLIST_KEY_UIApplicationSupportsIndirectInputEvents = YES;
				INFOPLIST_KEY_UILaunchStoryboardName = LaunchScreen;
				INFOPLIST_KEY_UISupportedInterfaceOrientations_iPad = "UIInterfaceOrientationPortrait UIInterfaceOrientationPortraitUpsideDown UIInterfaceOrientationLandscapeLeft UIInterfaceOrientationLandscapeRight";
				INFOPLIST_KEY_UISupportedInterfaceOrientations_iPhone = "UIInterfaceOrientationPortrait UIInterfaceOrientationLandscapeLeft UIInterfaceOrientationLandscapeRight";
				LD_RUNPATH_SEARCH_PATHS = (
					"$(inherited)",
					"@executable_path/Frameworks",
				);
				MARKETING_VERSION = 1.0;
				PRODUCT_BUNDLE_IDENTIFIER = "com.jy.CLASS-WEEK12";
				PRODUCT_NAME = "$(TARGET_NAME)";
				SWIFT_EMIT_LOC_STRINGS = YES;
				SWIFT_VERSION = 5.0;
				TARGETED_DEVICE_FAMILY = "1,2";
			};
			name = Release;
		};
/* End XCBuildConfiguration section */

/* Begin XCConfigurationList section */
		DC1695222766CACA0050460F /* Build configuration list for PBXProject "CLASS_WEEK12" */ = {
			isa = XCConfigurationList;
			buildConfigurations = (
				DC1695392766CACC0050460F /* Debug */,
				DC16953A2766CACC0050460F /* Release */,
			);
			defaultConfigurationIsVisible = 0;
			defaultConfigurationName = Release;
		};
		DC16953B2766CACC0050460F /* Build configuration list for PBXNativeTarget "CLASS_WEEK12" */ = {
			isa = XCConfigurationList;
			buildConfigurations = (
				DC16953C2766CACC0050460F /* Debug */,
				DC16953D2766CACC0050460F /* Release */,
			);
			defaultConfigurationIsVisible = 0;
			defaultConfigurationName = Release;
		};
/* End XCConfigurationList section */

/* Begin XCRemoteSwiftPackageReference section */
		DC16954827682F330050460F /* XCRemoteSwiftPackageReference "SnapKit" */ = {
			isa = XCRemoteSwiftPackageReference;
			repositoryURL = "https://github.com/SnapKit/SnapKit.git";
			requirement = {
				kind = upToNextMajorVersion;
				minimumVersion = 5.0.0;
			};
		};
		DC99A89A2770114200791E56 /* XCRemoteSwiftPackageReference "firebase-ios-sdk" */ = {
			isa = XCRemoteSwiftPackageReference;
			repositoryURL = "https://github.com/firebase/firebase-ios-sdk";
			requirement = {
				branch = master;
				kind = branch;
			};
		};
/* End XCRemoteSwiftPackageReference section */

/* Begin XCSwiftPackageProductDependency section */
		DC16954927682F330050460F /* SnapKit */ = {
			isa = XCSwiftPackageProductDependency;
			package = DC16954827682F330050460F /* XCRemoteSwiftPackageReference "SnapKit" */;
			productName = SnapKit;
		};
		DC99A89B2770114200791E56 /* FirebaseInstallations */ = {
			isa = XCSwiftPackageProductDependency;
			package = DC99A89A2770114200791E56 /* XCRemoteSwiftPackageReference "firebase-ios-sdk" */;
			productName = FirebaseInstallations;
		};
		DC99A89D2770114200791E56 /* FirebaseMessaging */ = {
			isa = XCSwiftPackageProductDependency;
			package = DC99A89A2770114200791E56 /* XCRemoteSwiftPackageReference "firebase-ios-sdk" */;
			productName = FirebaseMessaging;
		};
/* End XCSwiftPackageProductDependency section */
	};
	rootObject = DC16951F2766CACA0050460F /* Project object */;
}
