// !$*UTF8*$!
{
	archiveVersion = 1;
	classes = {
	};
	objectVersion = 55;
	objects = {

/* Begin PBXBuildFile section */
		DCD91752271EFE8900196CC4 /* AppDelegate.swift in Sources */ = {isa = PBXBuildFile; fileRef = DCD91751271EFE8900196CC4 /* AppDelegate.swift */; };
		DCD91754271EFE8900196CC4 /* SceneDelegate.swift in Sources */ = {isa = PBXBuildFile; fileRef = DCD91753271EFE8900196CC4 /* SceneDelegate.swift */; };
		DCD91756271EFE8900196CC4 /* ViewController.swift in Sources */ = {isa = PBXBuildFile; fileRef = DCD91755271EFE8900196CC4 /* ViewController.swift */; };
		DCD91759271EFE8900196CC4 /* Main.storyboard in Resources */ = {isa = PBXBuildFile; fileRef = DCD91757271EFE8900196CC4 /* Main.storyboard */; };
		DCD9175B271EFE8B00196CC4 /* Assets.xcassets in Resources */ = {isa = PBXBuildFile; fileRef = DCD9175A271EFE8B00196CC4 /* Assets.xcassets */; };
		DCD9175E271EFE8B00196CC4 /* LaunchScreen.storyboard in Resources */ = {isa = PBXBuildFile; fileRef = DCD9175C271EFE8B00196CC4 /* LaunchScreen.storyboard */; };
		DCD91766271EFEB600196CC4 /* TvShow.swift in Sources */ = {isa = PBXBuildFile; fileRef = DCD91765271EFEB600196CC4 /* TvShow.swift */; };
		DCD91768271EFED200196CC4 /* TvShowInformation.swift in Sources */ = {isa = PBXBuildFile; fileRef = DCD91767271EFED200196CC4 /* TvShowInformation.swift */; };
		DCD9176A271F002D00196CC4 /* MainViewController.swift in Sources */ = {isa = PBXBuildFile; fileRef = DCD91769271F002D00196CC4 /* MainViewController.swift */; };
		DCD9176C271F004F00196CC4 /* BookViewController.swift in Sources */ = {isa = PBXBuildFile; fileRef = DCD9176B271F004F00196CC4 /* BookViewController.swift */; };
		DCD9176F271F00A500196CC4 /* BookCollectionViewCell.swift in Sources */ = {isa = PBXBuildFile; fileRef = DCD9176D271F00A500196CC4 /* BookCollectionViewCell.swift */; };
		DCD91770271F00A500196CC4 /* BookCollectionViewCell.xib in Resources */ = {isa = PBXBuildFile; fileRef = DCD9176E271F00A500196CC4 /* BookCollectionViewCell.xib */; };
		DCD91773271F06AC00196CC4 /* Kingfisher in Frameworks */ = {isa = PBXBuildFile; productRef = DCD91772271F06AC00196CC4 /* Kingfisher */; };
/* End PBXBuildFile section */

/* Begin PBXFileReference section */
		DCD9174E271EFE8900196CC4 /* SeSAC_BOOK.app */ = {isa = PBXFileReference; explicitFileType = wrapper.application; includeInIndex = 0; path = SeSAC_BOOK.app; sourceTree = BUILT_PRODUCTS_DIR; };
		DCD91751271EFE8900196CC4 /* AppDelegate.swift */ = {isa = PBXFileReference; lastKnownFileType = sourcecode.swift; path = AppDelegate.swift; sourceTree = "<group>"; };
		DCD91753271EFE8900196CC4 /* SceneDelegate.swift */ = {isa = PBXFileReference; lastKnownFileType = sourcecode.swift; path = SceneDelegate.swift; sourceTree = "<group>"; };
		DCD91755271EFE8900196CC4 /* ViewController.swift */ = {isa = PBXFileReference; lastKnownFileType = sourcecode.swift; path = ViewController.swift; sourceTree = "<group>"; };
		DCD91758271EFE8900196CC4 /* Base */ = {isa = PBXFileReference; lastKnownFileType = file.storyboard; name = Base; path = Base.lproj/Main.storyboard; sourceTree = "<group>"; };
		DCD9175A271EFE8B00196CC4 /* Assets.xcassets */ = {isa = PBXFileReference; lastKnownFileType = folder.assetcatalog; path = Assets.xcassets; sourceTree = "<group>"; };
		DCD9175D271EFE8B00196CC4 /* Base */ = {isa = PBXFileReference; lastKnownFileType = file.storyboard; name = Base; path = Base.lproj/LaunchScreen.storyboard; sourceTree = "<group>"; };
		DCD9175F271EFE8B00196CC4 /* Info.plist */ = {isa = PBXFileReference; lastKnownFileType = text.plist.xml; path = Info.plist; sourceTree = "<group>"; };
		DCD91765271EFEB600196CC4 /* TvShow.swift */ = {isa = PBXFileReference; lastKnownFileType = sourcecode.swift; path = TvShow.swift; sourceTree = "<group>"; };
		DCD91767271EFED200196CC4 /* TvShowInformation.swift */ = {isa = PBXFileReference; lastKnownFileType = sourcecode.swift; path = TvShowInformation.swift; sourceTree = "<group>"; };
		DCD91769271F002D00196CC4 /* MainViewController.swift */ = {isa = PBXFileReference; lastKnownFileType = sourcecode.swift; path = MainViewController.swift; sourceTree = "<group>"; };
		DCD9176B271F004F00196CC4 /* BookViewController.swift */ = {isa = PBXFileReference; lastKnownFileType = sourcecode.swift; path = BookViewController.swift; sourceTree = "<group>"; };
		DCD9176D271F00A500196CC4 /* BookCollectionViewCell.swift */ = {isa = PBXFileReference; lastKnownFileType = sourcecode.swift; path = BookCollectionViewCell.swift; sourceTree = "<group>"; };
		DCD9176E271F00A500196CC4 /* BookCollectionViewCell.xib */ = {isa = PBXFileReference; lastKnownFileType = file.xib; path = BookCollectionViewCell.xib; sourceTree = "<group>"; };
/* End PBXFileReference section */

/* Begin PBXFrameworksBuildPhase section */
		DCD9174B271EFE8900196CC4 /* Frameworks */ = {
			isa = PBXFrameworksBuildPhase;
			buildActionMask = 2147483647;
			files = (
				DCD91773271F06AC00196CC4 /* Kingfisher in Frameworks */,
			);
			runOnlyForDeploymentPostprocessing = 0;
		};
/* End PBXFrameworksBuildPhase section */

/* Begin PBXGroup section */
		DCD91745271EFE8900196CC4 = {
			isa = PBXGroup;
			children = (
				DCD91750271EFE8900196CC4 /* SeSAC_BOOK */,
				DCD9174F271EFE8900196CC4 /* Products */,
			);
			sourceTree = "<group>";
		};
		DCD9174F271EFE8900196CC4 /* Products */ = {
			isa = PBXGroup;
			children = (
				DCD9174E271EFE8900196CC4 /* SeSAC_BOOK.app */,
			);
			name = Products;
			sourceTree = "<group>";
		};
		DCD91750271EFE8900196CC4 /* SeSAC_BOOK */ = {
			isa = PBXGroup;
			children = (
				DCD91751271EFE8900196CC4 /* AppDelegate.swift */,
				DCD91753271EFE8900196CC4 /* SceneDelegate.swift */,
				DCD91755271EFE8900196CC4 /* ViewController.swift */,
				DCD91757271EFE8900196CC4 /* Main.storyboard */,
				DCD9176D271F00A500196CC4 /* BookCollectionViewCell.swift */,
				DCD9176E271F00A500196CC4 /* BookCollectionViewCell.xib */,
				DCD9176B271F004F00196CC4 /* BookViewController.swift */,
				DCD91769271F002D00196CC4 /* MainViewController.swift */,
				DCD91765271EFEB600196CC4 /* TvShow.swift */,
				DCD91767271EFED200196CC4 /* TvShowInformation.swift */,
				DCD9175A271EFE8B00196CC4 /* Assets.xcassets */,
				DCD9175C271EFE8B00196CC4 /* LaunchScreen.storyboard */,
				DCD9175F271EFE8B00196CC4 /* Info.plist */,
			);
			path = SeSAC_BOOK;
			sourceTree = "<group>";
		};
/* End PBXGroup section */

/* Begin PBXNativeTarget section */
		DCD9174D271EFE8900196CC4 /* SeSAC_BOOK */ = {
			isa = PBXNativeTarget;
			buildConfigurationList = DCD91762271EFE8B00196CC4 /* Build configuration list for PBXNativeTarget "SeSAC_BOOK" */;
			buildPhases = (
				DCD9174A271EFE8900196CC4 /* Sources */,
				DCD9174B271EFE8900196CC4 /* Frameworks */,
				DCD9174C271EFE8900196CC4 /* Resources */,
			);
			buildRules = (
			);
			dependencies = (
			);
			name = SeSAC_BOOK;
			packageProductDependencies = (
				DCD91772271F06AC00196CC4 /* Kingfisher */,
			);
			productName = SeSAC_BOOK;
			productReference = DCD9174E271EFE8900196CC4 /* SeSAC_BOOK.app */;
			productType = "com.apple.product-type.application";
		};
/* End PBXNativeTarget section */

/* Begin PBXProject section */
		DCD91746271EFE8900196CC4 /* Project object */ = {
			isa = PBXProject;
			attributes = {
				BuildIndependentTargetsInParallel = 1;
				LastSwiftUpdateCheck = 1300;
				LastUpgradeCheck = 1300;
				TargetAttributes = {
					DCD9174D271EFE8900196CC4 = {
						CreatedOnToolsVersion = 13.0;
					};
				};
			};
			buildConfigurationList = DCD91749271EFE8900196CC4 /* Build configuration list for PBXProject "SeSAC_BOOK" */;
			compatibilityVersion = "Xcode 13.0";
			developmentRegion = en;
			hasScannedForEncodings = 0;
			knownRegions = (
				en,
				Base,
			);
			mainGroup = DCD91745271EFE8900196CC4;
			packageReferences = (
				DCD91771271F06AC00196CC4 /* XCRemoteSwiftPackageReference "Kingfisher" */,
			);
			productRefGroup = DCD9174F271EFE8900196CC4 /* Products */;
			projectDirPath = "";
			projectRoot = "";
			targets = (
				DCD9174D271EFE8900196CC4 /* SeSAC_BOOK */,
			);
		};
/* End PBXProject section */

/* Begin PBXResourcesBuildPhase section */
		DCD9174C271EFE8900196CC4 /* Resources */ = {
			isa = PBXResourcesBuildPhase;
			buildActionMask = 2147483647;
			files = (
				DCD9175E271EFE8B00196CC4 /* LaunchScreen.storyboard in Resources */,
				DCD91770271F00A500196CC4 /* BookCollectionViewCell.xib in Resources */,
				DCD9175B271EFE8B00196CC4 /* Assets.xcassets in Resources */,
				DCD91759271EFE8900196CC4 /* Main.storyboard in Resources */,
			);
			runOnlyForDeploymentPostprocessing = 0;
		};
/* End PBXResourcesBuildPhase section */

/* Begin PBXSourcesBuildPhase section */
		DCD9174A271EFE8900196CC4 /* Sources */ = {
			isa = PBXSourcesBuildPhase;
			buildActionMask = 2147483647;
			files = (
				DCD91756271EFE8900196CC4 /* ViewController.swift in Sources */,
				DCD9176F271F00A500196CC4 /* BookCollectionViewCell.swift in Sources */,
				DCD91768271EFED200196CC4 /* TvShowInformation.swift in Sources */,
				DCD91752271EFE8900196CC4 /* AppDelegate.swift in Sources */,
				DCD9176C271F004F00196CC4 /* BookViewController.swift in Sources */,
				DCD9176A271F002D00196CC4 /* MainViewController.swift in Sources */,
				DCD91766271EFEB600196CC4 /* TvShow.swift in Sources */,
				DCD91754271EFE8900196CC4 /* SceneDelegate.swift in Sources */,
			);
			runOnlyForDeploymentPostprocessing = 0;
		};
/* End PBXSourcesBuildPhase section */

/* Begin PBXVariantGroup section */
		DCD91757271EFE8900196CC4 /* Main.storyboard */ = {
			isa = PBXVariantGroup;
			children = (
				DCD91758271EFE8900196CC4 /* Base */,
			);
			name = Main.storyboard;
			sourceTree = "<group>";
		};
		DCD9175C271EFE8B00196CC4 /* LaunchScreen.storyboard */ = {
			isa = PBXVariantGroup;
			children = (
				DCD9175D271EFE8B00196CC4 /* Base */,
			);
			name = LaunchScreen.storyboard;
			sourceTree = "<group>";
		};
/* End PBXVariantGroup section */

/* Begin XCBuildConfiguration section */
		DCD91760271EFE8B00196CC4 /* Debug */ = {
			isa = XCBuildConfiguration;
			buildSettings = {
				ALWAYS_SEARCH_USER_PATHS = NO;
				CLANG_ANALYZER_NONNULL = YES;
				CLANG_ANALYZER_NUMBER_OBJECT_CONVERSION = YES_AGGRESSIVE;
				CLANG_CXX_LANGUAGE_STANDARD = "gnu++17";
				CLANG_CXX_LIBRARY = "libc++";
				CLANG_ENABLE_MODULES = YES;
				CLANG_ENABLE_OBJC_ARC = YES;
				CLANG_ENABLE_OBJC_WEAK = YES;
				CLANG_WARN_BLOCK_CAPTURE_AUTORELEASING = YES;
				CLANG_WARN_BOOL_CONVERSION = YES;
				CLANG_WARN_COMMA = YES;
				CLANG_WARN_CONSTANT_CONVERSION = YES;
				CLANG_WARN_DEPRECATED_OBJC_IMPLEMENTATIONS = YES;
				CLANG_WARN_DIRECT_OBJC_ISA_USAGE = YES_ERROR;
				CLANG_WARN_DOCUMENTATION_COMMENTS = YES;
				CLANG_WARN_EMPTY_BODY = YES;
				CLANG_WARN_ENUM_CONVERSION = YES;
				CLANG_WARN_INFINITE_RECURSION = YES;
				CLANG_WARN_INT_CONVERSION = YES;
				CLANG_WARN_NON_LITERAL_NULL_CONVERSION = YES;
				CLANG_WARN_OBJC_IMPLICIT_RETAIN_SELF = YES;
				CLANG_WARN_OBJC_LITERAL_CONVERSION = YES;
				CLANG_WARN_OBJC_ROOT_CLASS = YES_ERROR;
				CLANG_WARN_QUOTED_INCLUDE_IN_FRAMEWORK_HEADER = YES;
				CLANG_WARN_RANGE_LOOP_ANALYSIS = YES;
				CLANG_WARN_STRICT_PROTOTYPES = YES;
				CLANG_WARN_SUSPICIOUS_MOVE = YES;
				CLANG_WARN_UNGUARDED_AVAILABILITY = YES_AGGRESSIVE;
				CLANG_WARN_UNREACHABLE_CODE = YES;
				CLANG_WARN__DUPLICATE_METHOD_MATCH = YES;
				COPY_PHASE_STRIP = NO;
				DEBUG_INFORMATION_FORMAT = dwarf;
				ENABLE_STRICT_OBJC_MSGSEND = YES;
				ENABLE_TESTABILITY = YES;
				GCC_C_LANGUAGE_STANDARD = gnu11;
				GCC_DYNAMIC_NO_PIC = NO;
				GCC_NO_COMMON_BLOCKS = YES;
				GCC_OPTIMIZATION_LEVEL = 0;
				GCC_PREPROCESSOR_DEFINITIONS = (
					"DEBUG=1",
					"$(inherited)",
				);
				GCC_WARN_64_TO_32_BIT_CONVERSION = YES;
				GCC_WARN_ABOUT_RETURN_TYPE = YES_ERROR;
				GCC_WARN_UNDECLARED_SELECTOR = YES;
				GCC_WARN_UNINITIALIZED_AUTOS = YES_AGGRESSIVE;
				GCC_WARN_UNUSED_FUNCTION = YES;
				GCC_WARN_UNUSED_VARIABLE = YES;
				IPHONEOS_DEPLOYMENT_TARGET = 15.0;
				MTL_ENABLE_DEBUG_INFO = INCLUDE_SOURCE;
				MTL_FAST_MATH = YES;
				ONLY_ACTIVE_ARCH = YES;
				SDKROOT = iphoneos;
				SWIFT_ACTIVE_COMPILATION_CONDITIONS = DEBUG;
				SWIFT_OPTIMIZATION_LEVEL = "-Onone";
			};
			name = Debug;
		};
		DCD91761271EFE8B00196CC4 /* Release */ = {
			isa = XCBuildConfiguration;
			buildSettings = {
				ALWAYS_SEARCH_USER_PATHS = NO;
				CLANG_ANALYZER_NONNULL = YES;
				CLANG_ANALYZER_NUMBER_OBJECT_CONVERSION = YES_AGGRESSIVE;
				CLANG_CXX_LANGUAGE_STANDARD = "gnu++17";
				CLANG_CXX_LIBRARY = "libc++";
				CLANG_ENABLE_MODULES = YES;
				CLANG_ENABLE_OBJC_ARC = YES;
				CLANG_ENABLE_OBJC_WEAK = YES;
				CLANG_WARN_BLOCK_CAPTURE_AUTORELEASING = YES;
				CLANG_WARN_BOOL_CONVERSION = YES;
				CLANG_WARN_COMMA = YES;
				CLANG_WARN_CONSTANT_CONVERSION = YES;
				CLANG_WARN_DEPRECATED_OBJC_IMPLEMENTATIONS = YES;
				CLANG_WARN_DIRECT_OBJC_ISA_USAGE = YES_ERROR;
				CLANG_WARN_DOCUMENTATION_COMMENTS = YES;
				CLANG_WARN_EMPTY_BODY = YES;
				CLANG_WARN_ENUM_CONVERSION = YES;
				CLANG_WARN_INFINITE_RECURSION = YES;
				CLANG_WARN_INT_CONVERSION = YES;
				CLANG_WARN_NON_LITERAL_NULL_CONVERSION = YES;
				CLANG_WARN_OBJC_IMPLICIT_RETAIN_SELF = YES;
				CLANG_WARN_OBJC_LITERAL_CONVERSION = YES;
				CLANG_WARN_OBJC_ROOT_CLASS = YES_ERROR;
				CLANG_WARN_QUOTED_INCLUDE_IN_FRAMEWORK_HEADER = YES;
				CLANG_WARN_RANGE_LOOP_ANALYSIS = YES;
				CLANG_WARN_STRICT_PROTOTYPES = YES;
				CLANG_WARN_SUSPICIOUS_MOVE = YES;
				CLANG_WARN_UNGUARDED_AVAILABILITY = YES_AGGRESSIVE;
				CLANG_WARN_UNREACHABLE_CODE = YES;
				CLANG_WARN__DUPLICATE_METHOD_MATCH = YES;
				COPY_PHASE_STRIP = NO;
				DEBUG_INFORMATION_FORMAT = "dwarf-with-dsym";
				ENABLE_NS_ASSERTIONS = NO;
				ENABLE_STRICT_OBJC_MSGSEND = YES;
				GCC_C_LANGUAGE_STANDARD = gnu11;
				GCC_NO_COMMON_BLOCKS = YES;
				GCC_WARN_64_TO_32_BIT_CONVERSION = YES;
				GCC_WARN_ABOUT_RETURN_TYPE = YES_ERROR;
				GCC_WARN_UNDECLARED_SELECTOR = YES;
				GCC_WARN_UNINITIALIZED_AUTOS = YES_AGGRESSIVE;
				GCC_WARN_UNUSED_FUNCTION = YES;
				GCC_WARN_UNUSED_VARIABLE = YES;
				IPHONEOS_DEPLOYMENT_TARGET = 15.0;
				MTL_ENABLE_DEBUG_INFO = NO;
				MTL_FAST_MATH = YES;
				SDKROOT = iphoneos;
				SWIFT_COMPILATION_MODE = wholemodule;
				SWIFT_OPTIMIZATION_LEVEL = "-O";
				VALIDATE_PRODUCT = YES;
			};
			name = Release;
		};
		DCD91763271EFE8B00196CC4 /* Debug */ = {
			isa = XCBuildConfiguration;
			buildSettings = {
				ASSETCATALOG_COMPILER_APPICON_NAME = AppIcon;
				ASSETCATALOG_COMPILER_GLOBAL_ACCENT_COLOR_NAME = AccentColor;
				CODE_SIGN_STYLE = Automatic;
				CURRENT_PROJECT_VERSION = 1;
				GENERATE_INFOPLIST_FILE = YES;
				INFOPLIST_FILE = SeSAC_BOOK/Info.plist;
				INFOPLIST_KEY_UIApplicationSupportsIndirectInputEvents = YES;
				INFOPLIST_KEY_UILaunchStoryboardName = LaunchScreen;
				INFOPLIST_KEY_UIMainStoryboardFile = Main;
				INFOPLIST_KEY_UISupportedInterfaceOrientations_iPad = "UIInterfaceOrientationPortrait UIInterfaceOrientationPortraitUpsideDown UIInterfaceOrientationLandscapeLeft UIInterfaceOrientationLandscapeRight";
				INFOPLIST_KEY_UISupportedInterfaceOrientations_iPhone = "UIInterfaceOrientationPortrait UIInterfaceOrientationLandscapeLeft UIInterfaceOrientationLandscapeRight";
				LD_RUNPATH_SEARCH_PATHS = (
					"$(inherited)",
					"@executable_path/Frameworks",
				);
				MARKETING_VERSION = 1.0;
				PRODUCT_BUNDLE_IDENTIFIER = "com.jy.SeSAC-BOOK";
				PRODUCT_NAME = "$(TARGET_NAME)";
				SWIFT_EMIT_LOC_STRINGS = YES;
				SWIFT_VERSION = 5.0;
				TARGETED_DEVICE_FAMILY = "1,2";
			};
			name = Debug;
		};
		DCD91764271EFE8B00196CC4 /* Release */ = {
			isa = XCBuildConfiguration;
			buildSettings = {
				ASSETCATALOG_COMPILER_APPICON_NAME = AppIcon;
				ASSETCATALOG_COMPILER_GLOBAL_ACCENT_COLOR_NAME = AccentColor;
				CODE_SIGN_STYLE = Automatic;
				CURRENT_PROJECT_VERSION = 1;
				GENERATE_INFOPLIST_FILE = YES;
				INFOPLIST_FILE = SeSAC_BOOK/Info.plist;
				INFOPLIST_KEY_UIApplicationSupportsIndirectInputEvents = YES;
				INFOPLIST_KEY_UILaunchStoryboardName = LaunchScreen;
				INFOPLIST_KEY_UIMainStoryboardFile = Main;
				INFOPLIST_KEY_UISupportedInterfaceOrientations_iPad = "UIInterfaceOrientationPortrait UIInterfaceOrientationPortraitUpsideDown UIInterfaceOrientationLandscapeLeft UIInterfaceOrientationLandscapeRight";
				INFOPLIST_KEY_UISupportedInterfaceOrientations_iPhone = "UIInterfaceOrientationPortrait UIInterfaceOrientationLandscapeLeft UIInterfaceOrientationLandscapeRight";
				LD_RUNPATH_SEARCH_PATHS = (
					"$(inherited)",
					"@executable_path/Frameworks",
				);
				MARKETING_VERSION = 1.0;
				PRODUCT_BUNDLE_IDENTIFIER = "com.jy.SeSAC-BOOK";
				PRODUCT_NAME = "$(TARGET_NAME)";
				SWIFT_EMIT_LOC_STRINGS = YES;
				SWIFT_VERSION = 5.0;
				TARGETED_DEVICE_FAMILY = "1,2";
			};
			name = Release;
		};
/* End XCBuildConfiguration section */

/* Begin XCConfigurationList section */
		DCD91749271EFE8900196CC4 /* Build configuration list for PBXProject "SeSAC_BOOK" */ = {
			isa = XCConfigurationList;
			buildConfigurations = (
				DCD91760271EFE8B00196CC4 /* Debug */,
				DCD91761271EFE8B00196CC4 /* Release */,
			);
			defaultConfigurationIsVisible = 0;
			defaultConfigurationName = Release;
		};
		DCD91762271EFE8B00196CC4 /* Build configuration list for PBXNativeTarget "SeSAC_BOOK" */ = {
			isa = XCConfigurationList;
			buildConfigurations = (
				DCD91763271EFE8B00196CC4 /* Debug */,
				DCD91764271EFE8B00196CC4 /* Release */,
			);
			defaultConfigurationIsVisible = 0;
			defaultConfigurationName = Release;
		};
/* End XCConfigurationList section */

/* Begin XCRemoteSwiftPackageReference section */
		DCD91771271F06AC00196CC4 /* XCRemoteSwiftPackageReference "Kingfisher" */ = {
			isa = XCRemoteSwiftPackageReference;
			repositoryURL = "https://github.com/onevcat/Kingfisher.git";
			requirement = {
				branch = master;
				kind = branch;
			};
		};
/* End XCRemoteSwiftPackageReference section */

/* Begin XCSwiftPackageProductDependency section */
		DCD91772271F06AC00196CC4 /* Kingfisher */ = {
			isa = XCSwiftPackageProductDependency;
			package = DCD91771271F06AC00196CC4 /* XCRemoteSwiftPackageReference "Kingfisher" */;
			productName = Kingfisher;
		};
/* End XCSwiftPackageProductDependency section */
	};
	rootObject = DCD91746271EFE8900196CC4 /* Project object */;
}
