// !$*UTF8*$!
{
	archiveVersion = 1;
	classes = {
	};
	objectVersion = 55;
	objects = {

/* Begin PBXBuildFile section */
		DC2285CF27CC5A0D00089960 /* AppDelegate.swift in Sources */ = {isa = PBXBuildFile; fileRef = DC2285CE27CC5A0D00089960 /* AppDelegate.swift */; };
		DC2285D127CC5A0D00089960 /* SceneDelegate.swift in Sources */ = {isa = PBXBuildFile; fileRef = DC2285D027CC5A0D00089960 /* SceneDelegate.swift */; };
		DC2285D327CC5A0D00089960 /* ViewController.swift in Sources */ = {isa = PBXBuildFile; fileRef = DC2285D227CC5A0D00089960 /* ViewController.swift */; };
		DC2285D627CC5A0D00089960 /* Main.storyboard in Resources */ = {isa = PBXBuildFile; fileRef = DC2285D427CC5A0D00089960 /* Main.storyboard */; };
		DC2285D827CC5A0F00089960 /* Assets.xcassets in Resources */ = {isa = PBXBuildFile; fileRef = DC2285D727CC5A0F00089960 /* Assets.xcassets */; };
		DC2285DB27CC5A0F00089960 /* LaunchScreen.storyboard in Resources */ = {isa = PBXBuildFile; fileRef = DC2285D927CC5A0F00089960 /* LaunchScreen.storyboard */; };
		DC2285E627CC5A0F00089960 /* CLASS_WEEK23Tests.swift in Sources */ = {isa = PBXBuildFile; fileRef = DC2285E527CC5A0F00089960 /* CLASS_WEEK23Tests.swift */; };
		DC2285F027CC5A0F00089960 /* CLASS_WEEK23UITests.swift in Sources */ = {isa = PBXBuildFile; fileRef = DC2285EF27CC5A0F00089960 /* CLASS_WEEK23UITests.swift */; };
		DC2285F227CC5A0F00089960 /* CLASS_WEEK23UITestsLaunchTests.swift in Sources */ = {isa = PBXBuildFile; fileRef = DC2285F127CC5A0F00089960 /* CLASS_WEEK23UITestsLaunchTests.swift */; };
		DC2285FF27CC624400089960 /* UserTextFieldTest.swift in Sources */ = {isa = PBXBuildFile; fileRef = DC2285FE27CC624400089960 /* UserTextFieldTest.swift */; };
		DC22860527CEFBA400089960 /* LoginViewController.swift in Sources */ = {isa = PBXBuildFile; fileRef = DC22860427CEFBA400089960 /* LoginViewController.swift */; };
		DC22860727CEFE4400089960 /* LoginViewControllerTests.swift in Sources */ = {isa = PBXBuildFile; fileRef = DC22860627CEFE4400089960 /* LoginViewControllerTests.swift */; };
		DC22860A27CF04D800089960 /* User.swift in Sources */ = {isa = PBXBuildFile; fileRef = DC22860927CF04D800089960 /* User.swift */; };
		DC22860C27CF04FE00089960 /* Validator.swift in Sources */ = {isa = PBXBuildFile; fileRef = DC22860B27CF04FE00089960 /* Validator.swift */; };
		DC22860E27CF065200089960 /* ValidatorTests.swift in Sources */ = {isa = PBXBuildFile; fileRef = DC22860D27CF065200089960 /* ValidatorTests.swift */; };
		DC22861127D044A300089960 /* APIServiceTest.swift in Sources */ = {isa = PBXBuildFile; fileRef = DC22861027D044A300089960 /* APIServiceTest.swift */; };
		DC22861327D044EB00089960 /* APIService.swift in Sources */ = {isa = PBXBuildFile; fileRef = DC22861227D044EA00089960 /* APIService.swift */; };
/* End PBXBuildFile section */

/* Begin PBXContainerItemProxy section */
		DC2285E227CC5A0F00089960 /* PBXContainerItemProxy */ = {
			isa = PBXContainerItemProxy;
			containerPortal = DC2285C327CC5A0D00089960 /* Project object */;
			proxyType = 1;
			remoteGlobalIDString = DC2285CA27CC5A0D00089960;
			remoteInfo = CLASS_WEEK23;
		};
		DC2285EC27CC5A0F00089960 /* PBXContainerItemProxy */ = {
			isa = PBXContainerItemProxy;
			containerPortal = DC2285C327CC5A0D00089960 /* Project object */;
			proxyType = 1;
			remoteGlobalIDString = DC2285CA27CC5A0D00089960;
			remoteInfo = CLASS_WEEK23;
		};
/* End PBXContainerItemProxy section */

/* Begin PBXFileReference section */
		DC2285CB27CC5A0D00089960 /* CLASS_WEEK23.app */ = {isa = PBXFileReference; explicitFileType = wrapper.application; includeInIndex = 0; path = CLASS_WEEK23.app; sourceTree = BUILT_PRODUCTS_DIR; };
		DC2285CE27CC5A0D00089960 /* AppDelegate.swift */ = {isa = PBXFileReference; lastKnownFileType = sourcecode.swift; path = AppDelegate.swift; sourceTree = "<group>"; };
		DC2285D027CC5A0D00089960 /* SceneDelegate.swift */ = {isa = PBXFileReference; lastKnownFileType = sourcecode.swift; path = SceneDelegate.swift; sourceTree = "<group>"; };
		DC2285D227CC5A0D00089960 /* ViewController.swift */ = {isa = PBXFileReference; lastKnownFileType = sourcecode.swift; path = ViewController.swift; sourceTree = "<group>"; };
		DC2285D527CC5A0D00089960 /* Base */ = {isa = PBXFileReference; lastKnownFileType = file.storyboard; name = Base; path = Base.lproj/Main.storyboard; sourceTree = "<group>"; };
		DC2285D727CC5A0F00089960 /* Assets.xcassets */ = {isa = PBXFileReference; lastKnownFileType = folder.assetcatalog; path = Assets.xcassets; sourceTree = "<group>"; };
		DC2285DA27CC5A0F00089960 /* Base */ = {isa = PBXFileReference; lastKnownFileType = file.storyboard; name = Base; path = Base.lproj/LaunchScreen.storyboard; sourceTree = "<group>"; };
		DC2285DC27CC5A0F00089960 /* Info.plist */ = {isa = PBXFileReference; lastKnownFileType = text.plist.xml; path = Info.plist; sourceTree = "<group>"; };
		DC2285E127CC5A0F00089960 /* CLASS_WEEK23Tests.xctest */ = {isa = PBXFileReference; explicitFileType = wrapper.cfbundle; includeInIndex = 0; path = CLASS_WEEK23Tests.xctest; sourceTree = BUILT_PRODUCTS_DIR; };
		DC2285E527CC5A0F00089960 /* CLASS_WEEK23Tests.swift */ = {isa = PBXFileReference; lastKnownFileType = sourcecode.swift; path = CLASS_WEEK23Tests.swift; sourceTree = "<group>"; };
		DC2285EB27CC5A0F00089960 /* CLASS_WEEK23UITests.xctest */ = {isa = PBXFileReference; explicitFileType = wrapper.cfbundle; includeInIndex = 0; path = CLASS_WEEK23UITests.xctest; sourceTree = BUILT_PRODUCTS_DIR; };
		DC2285EF27CC5A0F00089960 /* CLASS_WEEK23UITests.swift */ = {isa = PBXFileReference; lastKnownFileType = sourcecode.swift; path = CLASS_WEEK23UITests.swift; sourceTree = "<group>"; };
		DC2285F127CC5A0F00089960 /* CLASS_WEEK23UITestsLaunchTests.swift */ = {isa = PBXFileReference; lastKnownFileType = sourcecode.swift; path = CLASS_WEEK23UITestsLaunchTests.swift; sourceTree = "<group>"; };
		DC2285FE27CC624400089960 /* UserTextFieldTest.swift */ = {isa = PBXFileReference; lastKnownFileType = sourcecode.swift; path = UserTextFieldTest.swift; sourceTree = "<group>"; };
		DC22860427CEFBA400089960 /* LoginViewController.swift */ = {isa = PBXFileReference; lastKnownFileType = sourcecode.swift; path = LoginViewController.swift; sourceTree = "<group>"; };
		DC22860627CEFE4400089960 /* LoginViewControllerTests.swift */ = {isa = PBXFileReference; lastKnownFileType = sourcecode.swift; path = LoginViewControllerTests.swift; sourceTree = "<group>"; };
		DC22860927CF04D800089960 /* User.swift */ = {isa = PBXFileReference; lastKnownFileType = sourcecode.swift; path = User.swift; sourceTree = "<group>"; };
		DC22860B27CF04FE00089960 /* Validator.swift */ = {isa = PBXFileReference; lastKnownFileType = sourcecode.swift; path = Validator.swift; sourceTree = "<group>"; };
		DC22860D27CF065200089960 /* ValidatorTests.swift */ = {isa = PBXFileReference; lastKnownFileType = sourcecode.swift; path = ValidatorTests.swift; sourceTree = "<group>"; };
		DC22861027D044A300089960 /* APIServiceTest.swift */ = {isa = PBXFileReference; lastKnownFileType = sourcecode.swift; path = APIServiceTest.swift; sourceTree = "<group>"; };
		DC22861227D044EA00089960 /* APIService.swift */ = {isa = PBXFileReference; lastKnownFileType = sourcecode.swift; path = APIService.swift; sourceTree = "<group>"; };
/* End PBXFileReference section */

/* Begin PBXFrameworksBuildPhase section */
		DC2285C827CC5A0D00089960 /* Frameworks */ = {
			isa = PBXFrameworksBuildPhase;
			buildActionMask = 2147483647;
			files = (
			);
			runOnlyForDeploymentPostprocessing = 0;
		};
		DC2285DE27CC5A0F00089960 /* Frameworks */ = {
			isa = PBXFrameworksBuildPhase;
			buildActionMask = 2147483647;
			files = (
			);
			runOnlyForDeploymentPostprocessing = 0;
		};
		DC2285E827CC5A0F00089960 /* Frameworks */ = {
			isa = PBXFrameworksBuildPhase;
			buildActionMask = 2147483647;
			files = (
			);
			runOnlyForDeploymentPostprocessing = 0;
		};
/* End PBXFrameworksBuildPhase section */

/* Begin PBXGroup section */
		DC2285C227CC5A0D00089960 = {
			isa = PBXGroup;
			children = (
				DC2285CD27CC5A0D00089960 /* CLASS_WEEK23 */,
				DC2285E427CC5A0F00089960 /* CLASS_WEEK23Tests */,
				DC2285EE27CC5A0F00089960 /* CLASS_WEEK23UITests */,
				DC2285CC27CC5A0D00089960 /* Products */,
			);
			sourceTree = "<group>";
		};
		DC2285CC27CC5A0D00089960 /* Products */ = {
			isa = PBXGroup;
			children = (
				DC2285CB27CC5A0D00089960 /* CLASS_WEEK23.app */,
				DC2285E127CC5A0F00089960 /* CLASS_WEEK23Tests.xctest */,
				DC2285EB27CC5A0F00089960 /* CLASS_WEEK23UITests.xctest */,
			);
			name = Products;
			sourceTree = "<group>";
		};
		DC2285CD27CC5A0D00089960 /* CLASS_WEEK23 */ = {
			isa = PBXGroup;
			children = (
				DC2285CE27CC5A0D00089960 /* AppDelegate.swift */,
				DC2285D027CC5A0D00089960 /* SceneDelegate.swift */,
				DC2285D227CC5A0D00089960 /* ViewController.swift */,
				DC22860427CEFBA400089960 /* LoginViewController.swift */,
				DC22860927CF04D800089960 /* User.swift */,
				DC22860B27CF04FE00089960 /* Validator.swift */,
				DC22861227D044EA00089960 /* APIService.swift */,
				DC2285D427CC5A0D00089960 /* Main.storyboard */,
				DC2285D727CC5A0F00089960 /* Assets.xcassets */,
				DC2285D927CC5A0F00089960 /* LaunchScreen.storyboard */,
				DC2285DC27CC5A0F00089960 /* Info.plist */,
			);
			path = CLASS_WEEK23;
			sourceTree = "<group>";
		};
		DC2285E427CC5A0F00089960 /* CLASS_WEEK23Tests */ = {
			isa = PBXGroup;
			children = (
				DC2285E527CC5A0F00089960 /* CLASS_WEEK23Tests.swift */,
				DC22860627CEFE4400089960 /* LoginViewControllerTests.swift */,
				DC22860D27CF065200089960 /* ValidatorTests.swift */,
				DC22861027D044A300089960 /* APIServiceTest.swift */,
			);
			path = CLASS_WEEK23Tests;
			sourceTree = "<group>";
		};
		DC2285EE27CC5A0F00089960 /* CLASS_WEEK23UITests */ = {
			isa = PBXGroup;
			children = (
				DC2285EF27CC5A0F00089960 /* CLASS_WEEK23UITests.swift */,
				DC2285F127CC5A0F00089960 /* CLASS_WEEK23UITestsLaunchTests.swift */,
				DC2285FE27CC624400089960 /* UserTextFieldTest.swift */,
			);
			path = CLASS_WEEK23UITests;
			sourceTree = "<group>";
		};
/* End PBXGroup section */

/* Begin PBXNativeTarget section */
		DC2285CA27CC5A0D00089960 /* CLASS_WEEK23 */ = {
			isa = PBXNativeTarget;
			buildConfigurationList = DC2285F527CC5A0F00089960 /* Build configuration list for PBXNativeTarget "CLASS_WEEK23" */;
			buildPhases = (
				DC2285C727CC5A0D00089960 /* Sources */,
				DC2285C827CC5A0D00089960 /* Frameworks */,
				DC2285C927CC5A0D00089960 /* Resources */,
			);
			buildRules = (
			);
			dependencies = (
			);
			name = CLASS_WEEK23;
			productName = CLASS_WEEK23;
			productReference = DC2285CB27CC5A0D00089960 /* CLASS_WEEK23.app */;
			productType = "com.apple.product-type.application";
		};
		DC2285E027CC5A0F00089960 /* CLASS_WEEK23Tests */ = {
			isa = PBXNativeTarget;
			buildConfigurationList = DC2285F827CC5A0F00089960 /* Build configuration list for PBXNativeTarget "CLASS_WEEK23Tests" */;
			buildPhases = (
				DC2285DD27CC5A0F00089960 /* Sources */,
				DC2285DE27CC5A0F00089960 /* Frameworks */,
				DC2285DF27CC5A0F00089960 /* Resources */,
			);
			buildRules = (
			);
			dependencies = (
				DC2285E327CC5A0F00089960 /* PBXTargetDependency */,
			);
			name = CLASS_WEEK23Tests;
			productName = CLASS_WEEK23Tests;
			productReference = DC2285E127CC5A0F00089960 /* CLASS_WEEK23Tests.xctest */;
			productType = "com.apple.product-type.bundle.unit-test";
		};
		DC2285EA27CC5A0F00089960 /* CLASS_WEEK23UITests */ = {
			isa = PBXNativeTarget;
			buildConfigurationList = DC2285FB27CC5A0F00089960 /* Build configuration list for PBXNativeTarget "CLASS_WEEK23UITests" */;
			buildPhases = (
				DC2285E727CC5A0F00089960 /* Sources */,
				DC2285E827CC5A0F00089960 /* Frameworks */,
				DC2285E927CC5A0F00089960 /* Resources */,
			);
			buildRules = (
			);
			dependencies = (
				DC2285ED27CC5A0F00089960 /* PBXTargetDependency */,
			);
			name = CLASS_WEEK23UITests;
			productName = CLASS_WEEK23UITests;
			productReference = DC2285EB27CC5A0F00089960 /* CLASS_WEEK23UITests.xctest */;
			productType = "com.apple.product-type.bundle.ui-testing";
		};
/* End PBXNativeTarget section */

/* Begin PBXProject section */
		DC2285C327CC5A0D00089960 /* Project object */ = {
			isa = PBXProject;
			attributes = {
				BuildIndependentTargetsInParallel = 1;
				LastSwiftUpdateCheck = 1320;
				LastUpgradeCheck = 1320;
				TargetAttributes = {
					DC2285CA27CC5A0D00089960 = {
						CreatedOnToolsVersion = 13.2.1;
					};
					DC2285E027CC5A0F00089960 = {
						CreatedOnToolsVersion = 13.2.1;
						TestTargetID = DC2285CA27CC5A0D00089960;
					};
					DC2285EA27CC5A0F00089960 = {
						CreatedOnToolsVersion = 13.2.1;
						TestTargetID = DC2285CA27CC5A0D00089960;
					};
				};
			};
			buildConfigurationList = DC2285C627CC5A0D00089960 /* Build configuration list for PBXProject "CLASS_WEEK23" */;
			compatibilityVersion = "Xcode 13.0";
			developmentRegion = en;
			hasScannedForEncodings = 0;
			knownRegions = (
				en,
				Base,
			);
			mainGroup = DC2285C227CC5A0D00089960;
			productRefGroup = DC2285CC27CC5A0D00089960 /* Products */;
			projectDirPath = "";
			projectRoot = "";
			targets = (
				DC2285CA27CC5A0D00089960 /* CLASS_WEEK23 */,
				DC2285E027CC5A0F00089960 /* CLASS_WEEK23Tests */,
				DC2285EA27CC5A0F00089960 /* CLASS_WEEK23UITests */,
			);
		};
/* End PBXProject section */

/* Begin PBXResourcesBuildPhase section */
		DC2285C927CC5A0D00089960 /* Resources */ = {
			isa = PBXResourcesBuildPhase;
			buildActionMask = 2147483647;
			files = (
				DC2285DB27CC5A0F00089960 /* LaunchScreen.storyboard in Resources */,
				DC2285D827CC5A0F00089960 /* Assets.xcassets in Resources */,
				DC2285D627CC5A0D00089960 /* Main.storyboard in Resources */,
			);
			runOnlyForDeploymentPostprocessing = 0;
		};
		DC2285DF27CC5A0F00089960 /* Resources */ = {
			isa = PBXResourcesBuildPhase;
			buildActionMask = 2147483647;
			files = (
			);
			runOnlyForDeploymentPostprocessing = 0;
		};
		DC2285E927CC5A0F00089960 /* Resources */ = {
			isa = PBXResourcesBuildPhase;
			buildActionMask = 2147483647;
			files = (
			);
			runOnlyForDeploymentPostprocessing = 0;
		};
/* End PBXResourcesBuildPhase section */

/* Begin PBXSourcesBuildPhase section */
		DC2285C727CC5A0D00089960 /* Sources */ = {
			isa = PBXSourcesBuildPhase;
			buildActionMask = 2147483647;
			files = (
				DC22860527CEFBA400089960 /* LoginViewController.swift in Sources */,
				DC22861327D044EB00089960 /* APIService.swift in Sources */,
				DC2285D327CC5A0D00089960 /* ViewController.swift in Sources */,
				DC2285CF27CC5A0D00089960 /* AppDelegate.swift in Sources */,
				DC22860A27CF04D800089960 /* User.swift in Sources */,
				DC22860C27CF04FE00089960 /* Validator.swift in Sources */,
				DC2285D127CC5A0D00089960 /* SceneDelegate.swift in Sources */,
			);
			runOnlyForDeploymentPostprocessing = 0;
		};
		DC2285DD27CC5A0F00089960 /* Sources */ = {
			isa = PBXSourcesBuildPhase;
			buildActionMask = 2147483647;
			files = (
				DC22860E27CF065200089960 /* ValidatorTests.swift in Sources */,
				DC22860727CEFE4400089960 /* LoginViewControllerTests.swift in Sources */,
				DC22861127D044A300089960 /* APIServiceTest.swift in Sources */,
				DC2285E627CC5A0F00089960 /* CLASS_WEEK23Tests.swift in Sources */,
			);
			runOnlyForDeploymentPostprocessing = 0;
		};
		DC2285E727CC5A0F00089960 /* Sources */ = {
			isa = PBXSourcesBuildPhase;
			buildActionMask = 2147483647;
			files = (
				DC2285FF27CC624400089960 /* UserTextFieldTest.swift in Sources */,
				DC2285F227CC5A0F00089960 /* CLASS_WEEK23UITestsLaunchTests.swift in Sources */,
				DC2285F027CC5A0F00089960 /* CLASS_WEEK23UITests.swift in Sources */,
			);
			runOnlyForDeploymentPostprocessing = 0;
		};
/* End PBXSourcesBuildPhase section */

/* Begin PBXTargetDependency section */
		DC2285E327CC5A0F00089960 /* PBXTargetDependency */ = {
			isa = PBXTargetDependency;
			target = DC2285CA27CC5A0D00089960 /* CLASS_WEEK23 */;
			targetProxy = DC2285E227CC5A0F00089960 /* PBXContainerItemProxy */;
		};
		DC2285ED27CC5A0F00089960 /* PBXTargetDependency */ = {
			isa = PBXTargetDependency;
			target = DC2285CA27CC5A0D00089960 /* CLASS_WEEK23 */;
			targetProxy = DC2285EC27CC5A0F00089960 /* PBXContainerItemProxy */;
		};
/* End PBXTargetDependency section */

/* Begin PBXVariantGroup section */
		DC2285D427CC5A0D00089960 /* Main.storyboard */ = {
			isa = PBXVariantGroup;
			children = (
				DC2285D527CC5A0D00089960 /* Base */,
			);
			name = Main.storyboard;
			sourceTree = "<group>";
		};
		DC2285D927CC5A0F00089960 /* LaunchScreen.storyboard */ = {
			isa = PBXVariantGroup;
			children = (
				DC2285DA27CC5A0F00089960 /* Base */,
			);
			name = LaunchScreen.storyboard;
			sourceTree = "<group>";
		};
/* End PBXVariantGroup section */

/* Begin XCBuildConfiguration section */
		DC2285F327CC5A0F00089960 /* Debug */ = {
			isa = XCBuildConfiguration;
			buildSettings = {
				ALWAYS_SEARCH_USER_PATHS = NO;
				CLANG_ANALYZER_NONNULL = YES;
				CLANG_ANALYZER_NUMBER_OBJECT_CONVERSION = YES_AGGRESSIVE;
				CLANG_CXX_LANGUAGE_STANDARD = "gnu++17";
				CLANG_CXX_LIBRARY = "libc++";
				CLANG_ENABLE_MODULES = YES;
				CLANG_ENABLE_OBJC_ARC = YES;
				CLANG_ENABLE_OBJC_WEAK = YES;
				CLANG_WARN_BLOCK_CAPTURE_AUTORELEASING = YES;
				CLANG_WARN_BOOL_CONVERSION = YES;
				CLANG_WARN_COMMA = YES;
				CLANG_WARN_CONSTANT_CONVERSION = YES;
				CLANG_WARN_DEPRECATED_OBJC_IMPLEMENTATIONS = YES;
				CLANG_WARN_DIRECT_OBJC_ISA_USAGE = YES_ERROR;
				CLANG_WARN_DOCUMENTATION_COMMENTS = YES;
				CLANG_WARN_EMPTY_BODY = YES;
				CLANG_WARN_ENUM_CONVERSION = YES;
				CLANG_WARN_INFINITE_RECURSION = YES;
				CLANG_WARN_INT_CONVERSION = YES;
				CLANG_WARN_NON_LITERAL_NULL_CONVERSION = YES;
				CLANG_WARN_OBJC_IMPLICIT_RETAIN_SELF = YES;
				CLANG_WARN_OBJC_LITERAL_CONVERSION = YES;
				CLANG_WARN_OBJC_ROOT_CLASS = YES_ERROR;
				CLANG_WARN_QUOTED_INCLUDE_IN_FRAMEWORK_HEADER = YES;
				CLANG_WARN_RANGE_LOOP_ANALYSIS = YES;
				CLANG_WARN_STRICT_PROTOTYPES = YES;
				CLANG_WARN_SUSPICIOUS_MOVE = YES;
				CLANG_WARN_UNGUARDED_AVAILABILITY = YES_AGGRESSIVE;
				CLANG_WARN_UNREACHABLE_CODE = YES;
				CLANG_WARN__DUPLICATE_METHOD_MATCH = YES;
				COPY_PHASE_STRIP = NO;
				DEBUG_INFORMATION_FORMAT = dwarf;
				ENABLE_STRICT_OBJC_MSGSEND = YES;
				ENABLE_TESTABILITY = YES;
				GCC_C_LANGUAGE_STANDARD = gnu11;
				GCC_DYNAMIC_NO_PIC = NO;
				GCC_NO_COMMON_BLOCKS = YES;
				GCC_OPTIMIZATION_LEVEL = 0;
				GCC_PREPROCESSOR_DEFINITIONS = (
					"DEBUG=1",
					"$(inherited)",
				);
				GCC_WARN_64_TO_32_BIT_CONVERSION = YES;
				GCC_WARN_ABOUT_RETURN_TYPE = YES_ERROR;
				GCC_WARN_UNDECLARED_SELECTOR = YES;
				GCC_WARN_UNINITIALIZED_AUTOS = YES_AGGRESSIVE;
				GCC_WARN_UNUSED_FUNCTION = YES;
				GCC_WARN_UNUSED_VARIABLE = YES;
				IPHONEOS_DEPLOYMENT_TARGET = 15.2;
				MTL_ENABLE_DEBUG_INFO = INCLUDE_SOURCE;
				MTL_FAST_MATH = YES;
				ONLY_ACTIVE_ARCH = YES;
				SDKROOT = iphoneos;
				SWIFT_ACTIVE_COMPILATION_CONDITIONS = DEBUG;
				SWIFT_OPTIMIZATION_LEVEL = "-Onone";
			};
			name = Debug;
		};
		DC2285F427CC5A0F00089960 /* Release */ = {
			isa = XCBuildConfiguration;
			buildSettings = {
				ALWAYS_SEARCH_USER_PATHS = NO;
				CLANG_ANALYZER_NONNULL = YES;
				CLANG_ANALYZER_NUMBER_OBJECT_CONVERSION = YES_AGGRESSIVE;
				CLANG_CXX_LANGUAGE_STANDARD = "gnu++17";
				CLANG_CXX_LIBRARY = "libc++";
				CLANG_ENABLE_MODULES = YES;
				CLANG_ENABLE_OBJC_ARC = YES;
				CLANG_ENABLE_OBJC_WEAK = YES;
				CLANG_WARN_BLOCK_CAPTURE_AUTORELEASING = YES;
				CLANG_WARN_BOOL_CONVERSION = YES;
				CLANG_WARN_COMMA = YES;
				CLANG_WARN_CONSTANT_CONVERSION = YES;
				CLANG_WARN_DEPRECATED_OBJC_IMPLEMENTATIONS = YES;
				CLANG_WARN_DIRECT_OBJC_ISA_USAGE = YES_ERROR;
				CLANG_WARN_DOCUMENTATION_COMMENTS = YES;
				CLANG_WARN_EMPTY_BODY = YES;
				CLANG_WARN_ENUM_CONVERSION = YES;
				CLANG_WARN_INFINITE_RECURSION = YES;
				CLANG_WARN_INT_CONVERSION = YES;
				CLANG_WARN_NON_LITERAL_NULL_CONVERSION = YES;
				CLANG_WARN_OBJC_IMPLICIT_RETAIN_SELF = YES;
				CLANG_WARN_OBJC_LITERAL_CONVERSION = YES;
				CLANG_WARN_OBJC_ROOT_CLASS = YES_ERROR;
				CLANG_WARN_QUOTED_INCLUDE_IN_FRAMEWORK_HEADER = YES;
				CLANG_WARN_RANGE_LOOP_ANALYSIS = YES;
				CLANG_WARN_STRICT_PROTOTYPES = YES;
				CLANG_WARN_SUSPICIOUS_MOVE = YES;
				CLANG_WARN_UNGUARDED_AVAILABILITY = YES_AGGRESSIVE;
				CLANG_WARN_UNREACHABLE_CODE = YES;
				CLANG_WARN__DUPLICATE_METHOD_MATCH = YES;
				COPY_PHASE_STRIP = NO;
				DEBUG_INFORMATION_FORMAT = "dwarf-with-dsym";
				ENABLE_NS_ASSERTIONS = NO;
				ENABLE_STRICT_OBJC_MSGSEND = YES;
				GCC_C_LANGUAGE_STANDARD = gnu11;
				GCC_NO_COMMON_BLOCKS = YES;
				GCC_WARN_64_TO_32_BIT_CONVERSION = YES;
				GCC_WARN_ABOUT_RETURN_TYPE = YES_ERROR;
				GCC_WARN_UNDECLARED_SELECTOR = YES;
				GCC_WARN_UNINITIALIZED_AUTOS = YES_AGGRESSIVE;
				GCC_WARN_UNUSED_FUNCTION = YES;
				GCC_WARN_UNUSED_VARIABLE = YES;
				IPHONEOS_DEPLOYMENT_TARGET = 15.2;
				MTL_ENABLE_DEBUG_INFO = NO;
				MTL_FAST_MATH = YES;
				SDKROOT = iphoneos;
				SWIFT_COMPILATION_MODE = wholemodule;
				SWIFT_OPTIMIZATION_LEVEL = "-O";
				VALIDATE_PRODUCT = YES;
			};
			name = Release;
		};
		DC2285F627CC5A0F00089960 /* Debug */ = {
			isa = XCBuildConfiguration;
			buildSettings = {
				ASSETCATALOG_COMPILER_APPICON_NAME = AppIcon;
				ASSETCATALOG_COMPILER_GLOBAL_ACCENT_COLOR_NAME = AccentColor;
				CODE_SIGN_STYLE = Automatic;
				CURRENT_PROJECT_VERSION = 1;
				DEVELOPMENT_TEAM = 8H53VPN638;
				GENERATE_INFOPLIST_FILE = YES;
				INFOPLIST_FILE = CLASS_WEEK23/Info.plist;
				INFOPLIST_KEY_UIApplicationSupportsIndirectInputEvents = YES;
				INFOPLIST_KEY_UILaunchStoryboardName = LaunchScreen;
				INFOPLIST_KEY_UIMainStoryboardFile = Main;
				INFOPLIST_KEY_UISupportedInterfaceOrientations_iPad = "UIInterfaceOrientationPortrait UIInterfaceOrientationPortraitUpsideDown UIInterfaceOrientationLandscapeLeft UIInterfaceOrientationLandscapeRight";
				INFOPLIST_KEY_UISupportedInterfaceOrientations_iPhone = "UIInterfaceOrientationPortrait UIInterfaceOrientationLandscapeLeft UIInterfaceOrientationLandscapeRight";
				LD_RUNPATH_SEARCH_PATHS = (
					"$(inherited)",
					"@executable_path/Frameworks",
				);
				MARKETING_VERSION = 1.0;
				PRODUCT_BUNDLE_IDENTIFIER = "com.CLASS-WEEK23";
				PRODUCT_NAME = "$(TARGET_NAME)";
				SWIFT_EMIT_LOC_STRINGS = YES;
				SWIFT_VERSION = 5.0;
				TARGETED_DEVICE_FAMILY = "1,2";
			};
			name = Debug;
		};
		DC2285F727CC5A0F00089960 /* Release */ = {
			isa = XCBuildConfiguration;
			buildSettings = {
				ASSETCATALOG_COMPILER_APPICON_NAME = AppIcon;
				ASSETCATALOG_COMPILER_GLOBAL_ACCENT_COLOR_NAME = AccentColor;
				CODE_SIGN_STYLE = Automatic;
				CURRENT_PROJECT_VERSION = 1;
				DEVELOPMENT_TEAM = 8H53VPN638;
				GENERATE_INFOPLIST_FILE = YES;
				INFOPLIST_FILE = CLASS_WEEK23/Info.plist;
				INFOPLIST_KEY_UIApplicationSupportsIndirectInputEvents = YES;
				INFOPLIST_KEY_UILaunchStoryboardName = LaunchScreen;
				INFOPLIST_KEY_UIMainStoryboardFile = Main;
				INFOPLIST_KEY_UISupportedInterfaceOrientations_iPad = "UIInterfaceOrientationPortrait UIInterfaceOrientationPortraitUpsideDown UIInterfaceOrientationLandscapeLeft UIInterfaceOrientationLandscapeRight";
				INFOPLIST_KEY_UISupportedInterfaceOrientations_iPhone = "UIInterfaceOrientationPortrait UIInterfaceOrientationLandscapeLeft UIInterfaceOrientationLandscapeRight";
				LD_RUNPATH_SEARCH_PATHS = (
					"$(inherited)",
					"@executable_path/Frameworks",
				);
				MARKETING_VERSION = 1.0;
				PRODUCT_BUNDLE_IDENTIFIER = "com.CLASS-WEEK23";
				PRODUCT_NAME = "$(TARGET_NAME)";
				SWIFT_EMIT_LOC_STRINGS = YES;
				SWIFT_VERSION = 5.0;
				TARGETED_DEVICE_FAMILY = "1,2";
			};
			name = Release;
		};
		DC2285F927CC5A0F00089960 /* Debug */ = {
			isa = XCBuildConfiguration;
			buildSettings = {
				ALWAYS_EMBED_SWIFT_STANDARD_LIBRARIES = YES;
				BUNDLE_LOADER = "$(TEST_HOST)";
				CODE_SIGN_STYLE = Automatic;
				CURRENT_PROJECT_VERSION = 1;
				DEVELOPMENT_TEAM = 8H53VPN638;
				GENERATE_INFOPLIST_FILE = YES;
				IPHONEOS_DEPLOYMENT_TARGET = 15.2;
				MARKETING_VERSION = 1.0;
				PRODUCT_BUNDLE_IDENTIFIER = "com.CLASS-WEEK23Tests";
				PRODUCT_NAME = "$(TARGET_NAME)";
				SWIFT_EMIT_LOC_STRINGS = NO;
				SWIFT_VERSION = 5.0;
				TARGETED_DEVICE_FAMILY = "1,2";
				TEST_HOST = "$(BUILT_PRODUCTS_DIR)/CLASS_WEEK23.app/CLASS_WEEK23";
			};
			name = Debug;
		};
		DC2285FA27CC5A0F00089960 /* Release */ = {
			isa = XCBuildConfiguration;
			buildSettings = {
				ALWAYS_EMBED_SWIFT_STANDARD_LIBRARIES = YES;
				BUNDLE_LOADER = "$(TEST_HOST)";
				CODE_SIGN_STYLE = Automatic;
				CURRENT_PROJECT_VERSION = 1;
				DEVELOPMENT_TEAM = 8H53VPN638;
				GENERATE_INFOPLIST_FILE = YES;
				IPHONEOS_DEPLOYMENT_TARGET = 15.2;
				MARKETING_VERSION = 1.0;
				PRODUCT_BUNDLE_IDENTIFIER = "com.CLASS-WEEK23Tests";
				PRODUCT_NAME = "$(TARGET_NAME)";
				SWIFT_EMIT_LOC_STRINGS = NO;
				SWIFT_VERSION = 5.0;
				TARGETED_DEVICE_FAMILY = "1,2";
				TEST_HOST = "$(BUILT_PRODUCTS_DIR)/CLASS_WEEK23.app/CLASS_WEEK23";
			};
			name = Release;
		};
		DC2285FC27CC5A0F00089960 /* Debug */ = {
			isa = XCBuildConfiguration;
			buildSettings = {
				ALWAYS_EMBED_SWIFT_STANDARD_LIBRARIES = YES;
				CODE_SIGN_STYLE = Automatic;
				CURRENT_PROJECT_VERSION = 1;
				DEVELOPMENT_TEAM = 8H53VPN638;
				GENERATE_INFOPLIST_FILE = YES;
				MARKETING_VERSION = 1.0;
				PRODUCT_BUNDLE_IDENTIFIER = "com.CLASS-WEEK23UITests";
				PRODUCT_NAME = "$(TARGET_NAME)";
				SWIFT_EMIT_LOC_STRINGS = NO;
				SWIFT_VERSION = 5.0;
				TARGETED_DEVICE_FAMILY = "1,2";
				TEST_TARGET_NAME = CLASS_WEEK23;
			};
			name = Debug;
		};
		DC2285FD27CC5A0F00089960 /* Release */ = {
			isa = XCBuildConfiguration;
			buildSettings = {
				ALWAYS_EMBED_SWIFT_STANDARD_LIBRARIES = YES;
				CODE_SIGN_STYLE = Automatic;
				CURRENT_PROJECT_VERSION = 1;
				DEVELOPMENT_TEAM = 8H53VPN638;
				GENERATE_INFOPLIST_FILE = YES;
				MARKETING_VERSION = 1.0;
				PRODUCT_BUNDLE_IDENTIFIER = "com.CLASS-WEEK23UITests";
				PRODUCT_NAME = "$(TARGET_NAME)";
				SWIFT_EMIT_LOC_STRINGS = NO;
				SWIFT_VERSION = 5.0;
				TARGETED_DEVICE_FAMILY = "1,2";
				TEST_TARGET_NAME = CLASS_WEEK23;
			};
			name = Release;
		};
/* End XCBuildConfiguration section */

/* Begin XCConfigurationList section */
		DC2285C627CC5A0D00089960 /* Build configuration list for PBXProject "CLASS_WEEK23" */ = {
			isa = XCConfigurationList;
			buildConfigurations = (
				DC2285F327CC5A0F00089960 /* Debug */,
				DC2285F427CC5A0F00089960 /* Release */,
			);
			defaultConfigurationIsVisible = 0;
			defaultConfigurationName = Release;
		};
		DC2285F527CC5A0F00089960 /* Build configuration list for PBXNativeTarget "CLASS_WEEK23" */ = {
			isa = XCConfigurationList;
			buildConfigurations = (
				DC2285F627CC5A0F00089960 /* Debug */,
				DC2285F727CC5A0F00089960 /* Release */,
			);
			defaultConfigurationIsVisible = 0;
			defaultConfigurationName = Release;
		};
		DC2285F827CC5A0F00089960 /* Build configuration list for PBXNativeTarget "CLASS_WEEK23Tests" */ = {
			isa = XCConfigurationList;
			buildConfigurations = (
				DC2285F927CC5A0F00089960 /* Debug */,
				DC2285FA27CC5A0F00089960 /* Release */,
			);
			defaultConfigurationIsVisible = 0;
			defaultConfigurationName = Release;
		};
		DC2285FB27CC5A0F00089960 /* Build configuration list for PBXNativeTarget "CLASS_WEEK23UITests" */ = {
			isa = XCConfigurationList;
			buildConfigurations = (
				DC2285FC27CC5A0F00089960 /* Debug */,
				DC2285FD27CC5A0F00089960 /* Release */,
			);
			defaultConfigurationIsVisible = 0;
			defaultConfigurationName = Release;
		};
/* End XCConfigurationList section */
	};
	rootObject = DC2285C327CC5A0D00089960 /* Project object */;
}
