// !$*UTF8*$!
{
	archiveVersion = 1;
	classes = {
	};
	objectVersion = 55;
	objects = {

/* Begin PBXBuildFile section */
		DCA6C31B2733B433009DFFDC /* AppDelegate.swift in Sources */ = {isa = PBXBuildFile; fileRef = DCA6C31A2733B433009DFFDC /* AppDelegate.swift */; };
		DCA6C31D2733B433009DFFDC /* SceneDelegate.swift in Sources */ = {isa = PBXBuildFile; fileRef = DCA6C31C2733B433009DFFDC /* SceneDelegate.swift */; };
		DCA6C31F2733B433009DFFDC /* ViewController.swift in Sources */ = {isa = PBXBuildFile; fileRef = DCA6C31E2733B433009DFFDC /* ViewController.swift */; };
		DCA6C3222733B433009DFFDC /* Main.storyboard in Resources */ = {isa = PBXBuildFile; fileRef = DCA6C3202733B433009DFFDC /* Main.storyboard */; };
		DCA6C3242733B436009DFFDC /* Assets.xcassets in Resources */ = {isa = PBXBuildFile; fileRef = DCA6C3232733B436009DFFDC /* Assets.xcassets */; };
		DCA6C3272733B436009DFFDC /* LaunchScreen.storyboard in Resources */ = {isa = PBXBuildFile; fileRef = DCA6C3252733B436009DFFDC /* LaunchScreen.storyboard */; };
		DCA6C3302733B457009DFFDC /* Realm in Frameworks */ = {isa = PBXBuildFile; productRef = DCA6C32F2733B457009DFFDC /* Realm */; };
		DCA6C3322733B457009DFFDC /* RealmSwift in Frameworks */ = {isa = PBXBuildFile; productRef = DCA6C3312733B457009DFFDC /* RealmSwift */; };
/* End PBXBuildFile section */

/* Begin PBXFileReference section */
		DCA6C3172733B433009DFFDC /* SeSAC_MYSHOPPINGLIST.app */ = {isa = PBXFileReference; explicitFileType = wrapper.application; includeInIndex = 0; path = SeSAC_MYSHOPPINGLIST.app; sourceTree = BUILT_PRODUCTS_DIR; };
		DCA6C31A2733B433009DFFDC /* AppDelegate.swift */ = {isa = PBXFileReference; lastKnownFileType = sourcecode.swift; path = AppDelegate.swift; sourceTree = "<group>"; };
		DCA6C31C2733B433009DFFDC /* SceneDelegate.swift */ = {isa = PBXFileReference; lastKnownFileType = sourcecode.swift; path = SceneDelegate.swift; sourceTree = "<group>"; };
		DCA6C31E2733B433009DFFDC /* ViewController.swift */ = {isa = PBXFileReference; lastKnownFileType = sourcecode.swift; path = ViewController.swift; sourceTree = "<group>"; };
		DCA6C3212733B433009DFFDC /* Base */ = {isa = PBXFileReference; lastKnownFileType = file.storyboard; name = Base; path = Base.lproj/Main.storyboard; sourceTree = "<group>"; };
		DCA6C3232733B436009DFFDC /* Assets.xcassets */ = {isa = PBXFileReference; lastKnownFileType = folder.assetcatalog; path = Assets.xcassets; sourceTree = "<group>"; };
		DCA6C3262733B436009DFFDC /* Base */ = {isa = PBXFileReference; lastKnownFileType = file.storyboard; name = Base; path = Base.lproj/LaunchScreen.storyboard; sourceTree = "<group>"; };
		DCA6C3282733B436009DFFDC /* Info.plist */ = {isa = PBXFileReference; lastKnownFileType = text.plist.xml; path = Info.plist; sourceTree = "<group>"; };
/* End PBXFileReference section */

/* Begin PBXFrameworksBuildPhase section */
		DCA6C3142733B433009DFFDC /* Frameworks */ = {
			isa = PBXFrameworksBuildPhase;
			buildActionMask = 2147483647;
			files = (
				DCA6C3322733B457009DFFDC /* RealmSwift in Frameworks */,
				DCA6C3302733B457009DFFDC /* Realm in Frameworks */,
			);
			runOnlyForDeploymentPostprocessing = 0;
		};
/* End PBXFrameworksBuildPhase section */

/* Begin PBXGroup section */
		DCA6C30E2733B433009DFFDC = {
			isa = PBXGroup;
			children = (
				DCA6C3192733B433009DFFDC /* SeSAC_MYSHOPPINGLIST */,
				DCA6C3182733B433009DFFDC /* Products */,
			);
			sourceTree = "<group>";
		};
		DCA6C3182733B433009DFFDC /* Products */ = {
			isa = PBXGroup;
			children = (
				DCA6C3172733B433009DFFDC /* SeSAC_MYSHOPPINGLIST.app */,
			);
			name = Products;
			sourceTree = "<group>";
		};
		DCA6C3192733B433009DFFDC /* SeSAC_MYSHOPPINGLIST */ = {
			isa = PBXGroup;
			children = (
				DCA6C31A2733B433009DFFDC /* AppDelegate.swift */,
				DCA6C31C2733B433009DFFDC /* SceneDelegate.swift */,
				DCA6C31E2733B433009DFFDC /* ViewController.swift */,
				DCA6C3202733B433009DFFDC /* Main.storyboard */,
				DCA6C3232733B436009DFFDC /* Assets.xcassets */,
				DCA6C3252733B436009DFFDC /* LaunchScreen.storyboard */,
				DCA6C3282733B436009DFFDC /* Info.plist */,
			);
			path = SeSAC_MYSHOPPINGLIST;
			sourceTree = "<group>";
		};
/* End PBXGroup section */

/* Begin PBXNativeTarget section */
		DCA6C3162733B433009DFFDC /* SeSAC_MYSHOPPINGLIST */ = {
			isa = PBXNativeTarget;
			buildConfigurationList = DCA6C32B2733B436009DFFDC /* Build configuration list for PBXNativeTarget "SeSAC_MYSHOPPINGLIST" */;
			buildPhases = (
				DCA6C3132733B433009DFFDC /* Sources */,
				DCA6C3142733B433009DFFDC /* Frameworks */,
				DCA6C3152733B433009DFFDC /* Resources */,
			);
			buildRules = (
			);
			dependencies = (
			);
			name = SeSAC_MYSHOPPINGLIST;
			packageProductDependencies = (
				DCA6C32F2733B457009DFFDC /* Realm */,
				DCA6C3312733B457009DFFDC /* RealmSwift */,
			);
			productName = SeSAC_MYSHOPPINGLIST;
			productReference = DCA6C3172733B433009DFFDC /* SeSAC_MYSHOPPINGLIST.app */;
			productType = "com.apple.product-type.application";
		};
/* End PBXNativeTarget section */

/* Begin PBXProject section */
		DCA6C30F2733B433009DFFDC /* Project object */ = {
			isa = PBXProject;
			attributes = {
				BuildIndependentTargetsInParallel = 1;
				LastSwiftUpdateCheck = 1300;
				LastUpgradeCheck = 1300;
				TargetAttributes = {
					DCA6C3162733B433009DFFDC = {
						CreatedOnToolsVersion = 13.0;
					};
				};
			};
			buildConfigurationList = DCA6C3122733B433009DFFDC /* Build configuration list for PBXProject "SeSAC_MYSHOPPINGLIST" */;
			compatibilityVersion = "Xcode 13.0";
			developmentRegion = en;
			hasScannedForEncodings = 0;
			knownRegions = (
				en,
				Base,
			);
			mainGroup = DCA6C30E2733B433009DFFDC;
			packageReferences = (
				DCA6C32E2733B457009DFFDC /* XCRemoteSwiftPackageReference "realm-cocoa" */,
			);
			productRefGroup = DCA6C3182733B433009DFFDC /* Products */;
			projectDirPath = "";
			projectRoot = "";
			targets = (
				DCA6C3162733B433009DFFDC /* SeSAC_MYSHOPPINGLIST */,
			);
		};
/* End PBXProject section */

/* Begin PBXResourcesBuildPhase section */
		DCA6C3152733B433009DFFDC /* Resources */ = {
			isa = PBXResourcesBuildPhase;
			buildActionMask = 2147483647;
			files = (
				DCA6C3272733B436009DFFDC /* LaunchScreen.storyboard in Resources */,
				DCA6C3242733B436009DFFDC /* Assets.xcassets in Resources */,
				DCA6C3222733B433009DFFDC /* Main.storyboard in Resources */,
			);
			runOnlyForDeploymentPostprocessing = 0;
		};
/* End PBXResourcesBuildPhase section */

/* Begin PBXSourcesBuildPhase section */
		DCA6C3132733B433009DFFDC /* Sources */ = {
			isa = PBXSourcesBuildPhase;
			buildActionMask = 2147483647;
			files = (
				DCA6C31F2733B433009DFFDC /* ViewController.swift in Sources */,
				DCA6C31B2733B433009DFFDC /* AppDelegate.swift in Sources */,
				DCA6C31D2733B433009DFFDC /* SceneDelegate.swift in Sources */,
			);
			runOnlyForDeploymentPostprocessing = 0;
		};
/* End PBXSourcesBuildPhase section */

/* Begin PBXVariantGroup section */
		DCA6C3202733B433009DFFDC /* Main.storyboard */ = {
			isa = PBXVariantGroup;
			children = (
				DCA6C3212733B433009DFFDC /* Base */,
			);
			name = Main.storyboard;
			sourceTree = "<group>";
		};
		DCA6C3252733B436009DFFDC /* LaunchScreen.storyboard */ = {
			isa = PBXVariantGroup;
			children = (
				DCA6C3262733B436009DFFDC /* Base */,
			);
			name = LaunchScreen.storyboard;
			sourceTree = "<group>";
		};
/* End PBXVariantGroup section */

/* Begin XCBuildConfiguration section */
		DCA6C3292733B436009DFFDC /* Debug */ = {
			isa = XCBuildConfiguration;
			buildSettings = {
				ALWAYS_SEARCH_USER_PATHS = NO;
				CLANG_ANALYZER_NONNULL = YES;
				CLANG_ANALYZER_NUMBER_OBJECT_CONVERSION = YES_AGGRESSIVE;
				CLANG_CXX_LANGUAGE_STANDARD = "gnu++17";
				CLANG_CXX_LIBRARY = "libc++";
				CLANG_ENABLE_MODULES = YES;
				CLANG_ENABLE_OBJC_ARC = YES;
				CLANG_ENABLE_OBJC_WEAK = YES;
				CLANG_WARN_BLOCK_CAPTURE_AUTORELEASING = YES;
				CLANG_WARN_BOOL_CONVERSION = YES;
				CLANG_WARN_COMMA = YES;
				CLANG_WARN_CONSTANT_CONVERSION = YES;
				CLANG_WARN_DEPRECATED_OBJC_IMPLEMENTATIONS = YES;
				CLANG_WARN_DIRECT_OBJC_ISA_USAGE = YES_ERROR;
				CLANG_WARN_DOCUMENTATION_COMMENTS = YES;
				CLANG_WARN_EMPTY_BODY = YES;
				CLANG_WARN_ENUM_CONVERSION = YES;
				CLANG_WARN_INFINITE_RECURSION = YES;
				CLANG_WARN_INT_CONVERSION = YES;
				CLANG_WARN_NON_LITERAL_NULL_CONVERSION = YES;
				CLANG_WARN_OBJC_IMPLICIT_RETAIN_SELF = YES;
				CLANG_WARN_OBJC_LITERAL_CONVERSION = YES;
				CLANG_WARN_OBJC_ROOT_CLASS = YES_ERROR;
				CLANG_WARN_QUOTED_INCLUDE_IN_FRAMEWORK_HEADER = YES;
				CLANG_WARN_RANGE_LOOP_ANALYSIS = YES;
				CLANG_WARN_STRICT_PROTOTYPES = YES;
				CLANG_WARN_SUSPICIOUS_MOVE = YES;
				CLANG_WARN_UNGUARDED_AVAILABILITY = YES_AGGRESSIVE;
				CLANG_WARN_UNREACHABLE_CODE = YES;
				CLANG_WARN__DUPLICATE_METHOD_MATCH = YES;
				COPY_PHASE_STRIP = NO;
				DEBUG_INFORMATION_FORMAT = dwarf;
				ENABLE_STRICT_OBJC_MSGSEND = YES;
				ENABLE_TESTABILITY = YES;
				GCC_C_LANGUAGE_STANDARD = gnu11;
				GCC_DYNAMIC_NO_PIC = NO;
				GCC_NO_COMMON_BLOCKS = YES;
				GCC_OPTIMIZATION_LEVEL = 0;
				GCC_PREPROCESSOR_DEFINITIONS = (
					"DEBUG=1",
					"$(inherited)",
				);
				GCC_WARN_64_TO_32_BIT_CONVERSION = YES;
				GCC_WARN_ABOUT_RETURN_TYPE = YES_ERROR;
				GCC_WARN_UNDECLARED_SELECTOR = YES;
				GCC_WARN_UNINITIALIZED_AUTOS = YES_AGGRESSIVE;
				GCC_WARN_UNUSED_FUNCTION = YES;
				GCC_WARN_UNUSED_VARIABLE = YES;
				IPHONEOS_DEPLOYMENT_TARGET = 15.0;
				MTL_ENABLE_DEBUG_INFO = INCLUDE_SOURCE;
				MTL_FAST_MATH = YES;
				ONLY_ACTIVE_ARCH = YES;
				SDKROOT = iphoneos;
				SWIFT_ACTIVE_COMPILATION_CONDITIONS = DEBUG;
				SWIFT_OPTIMIZATION_LEVEL = "-Onone";
			};
			name = Debug;
		};
		DCA6C32A2733B436009DFFDC /* Release */ = {
			isa = XCBuildConfiguration;
			buildSettings = {
				ALWAYS_SEARCH_USER_PATHS = NO;
				CLANG_ANALYZER_NONNULL = YES;
				CLANG_ANALYZER_NUMBER_OBJECT_CONVERSION = YES_AGGRESSIVE;
				CLANG_CXX_LANGUAGE_STANDARD = "gnu++17";
				CLANG_CXX_LIBRARY = "libc++";
				CLANG_ENABLE_MODULES = YES;
				CLANG_ENABLE_OBJC_ARC = YES;
				CLANG_ENABLE_OBJC_WEAK = YES;
				CLANG_WARN_BLOCK_CAPTURE_AUTORELEASING = YES;
				CLANG_WARN_BOOL_CONVERSION = YES;
				CLANG_WARN_COMMA = YES;
				CLANG_WARN_CONSTANT_CONVERSION = YES;
				CLANG_WARN_DEPRECATED_OBJC_IMPLEMENTATIONS = YES;
				CLANG_WARN_DIRECT_OBJC_ISA_USAGE = YES_ERROR;
				CLANG_WARN_DOCUMENTATION_COMMENTS = YES;
				CLANG_WARN_EMPTY_BODY = YES;
				CLANG_WARN_ENUM_CONVERSION = YES;
				CLANG_WARN_INFINITE_RECURSION = YES;
				CLANG_WARN_INT_CONVERSION = YES;
				CLANG_WARN_NON_LITERAL_NULL_CONVERSION = YES;
				CLANG_WARN_OBJC_IMPLICIT_RETAIN_SELF = YES;
				CLANG_WARN_OBJC_LITERAL_CONVERSION = YES;
				CLANG_WARN_OBJC_ROOT_CLASS = YES_ERROR;
				CLANG_WARN_QUOTED_INCLUDE_IN_FRAMEWORK_HEADER = YES;
				CLANG_WARN_RANGE_LOOP_ANALYSIS = YES;
				CLANG_WARN_STRICT_PROTOTYPES = YES;
				CLANG_WARN_SUSPICIOUS_MOVE = YES;
				CLANG_WARN_UNGUARDED_AVAILABILITY = YES_AGGRESSIVE;
				CLANG_WARN_UNREACHABLE_CODE = YES;
				CLANG_WARN__DUPLICATE_METHOD_MATCH = YES;
				COPY_PHASE_STRIP = NO;
				DEBUG_INFORMATION_FORMAT = "dwarf-with-dsym";
				ENABLE_NS_ASSERTIONS = NO;
				ENABLE_STRICT_OBJC_MSGSEND = YES;
				GCC_C_LANGUAGE_STANDARD = gnu11;
				GCC_NO_COMMON_BLOCKS = YES;
				GCC_WARN_64_TO_32_BIT_CONVERSION = YES;
				GCC_WARN_ABOUT_RETURN_TYPE = YES_ERROR;
				GCC_WARN_UNDECLARED_SELECTOR = YES;
				GCC_WARN_UNINITIALIZED_AUTOS = YES_AGGRESSIVE;
				GCC_WARN_UNUSED_FUNCTION = YES;
				GCC_WARN_UNUSED_VARIABLE = YES;
				IPHONEOS_DEPLOYMENT_TARGET = 15.0;
				MTL_ENABLE_DEBUG_INFO = NO;
				MTL_FAST_MATH = YES;
				SDKROOT = iphoneos;
				SWIFT_COMPILATION_MODE = wholemodule;
				SWIFT_OPTIMIZATION_LEVEL = "-O";
				VALIDATE_PRODUCT = YES;
			};
			name = Release;
		};
		DCA6C32C2733B436009DFFDC /* Debug */ = {
			isa = XCBuildConfiguration;
			buildSettings = {
				ASSETCATALOG_COMPILER_APPICON_NAME = AppIcon;
				ASSETCATALOG_COMPILER_GLOBAL_ACCENT_COLOR_NAME = AccentColor;
				CODE_SIGN_STYLE = Automatic;
				CURRENT_PROJECT_VERSION = 1;
				DEVELOPMENT_TEAM = 8H53VPN638;
				GENERATE_INFOPLIST_FILE = YES;
				INFOPLIST_FILE = SeSAC_MYSHOPPINGLIST/Info.plist;
				INFOPLIST_KEY_UIApplicationSupportsIndirectInputEvents = YES;
				INFOPLIST_KEY_UILaunchStoryboardName = LaunchScreen;
				INFOPLIST_KEY_UIMainStoryboardFile = Main;
				INFOPLIST_KEY_UISupportedInterfaceOrientations_iPad = "UIInterfaceOrientationPortrait UIInterfaceOrientationPortraitUpsideDown UIInterfaceOrientationLandscapeLeft UIInterfaceOrientationLandscapeRight";
				INFOPLIST_KEY_UISupportedInterfaceOrientations_iPhone = "UIInterfaceOrientationPortrait UIInterfaceOrientationLandscapeLeft UIInterfaceOrientationLandscapeRight";
				LD_RUNPATH_SEARCH_PATHS = (
					"$(inherited)",
					"@executable_path/Frameworks",
				);
				MARKETING_VERSION = 1.0;
				PRODUCT_BUNDLE_IDENTIFIER = "com.jy.SeSAC-MYSHOPPINGLIST";
				PRODUCT_NAME = "$(TARGET_NAME)";
				SWIFT_EMIT_LOC_STRINGS = YES;
				SWIFT_VERSION = 5.0;
				TARGETED_DEVICE_FAMILY = "1,2";
			};
			name = Debug;
		};
		DCA6C32D2733B436009DFFDC /* Release */ = {
			isa = XCBuildConfiguration;
			buildSettings = {
				ASSETCATALOG_COMPILER_APPICON_NAME = AppIcon;
				ASSETCATALOG_COMPILER_GLOBAL_ACCENT_COLOR_NAME = AccentColor;
				CODE_SIGN_STYLE = Automatic;
				CURRENT_PROJECT_VERSION = 1;
				DEVELOPMENT_TEAM = 8H53VPN638;
				GENERATE_INFOPLIST_FILE = YES;
				INFOPLIST_FILE = SeSAC_MYSHOPPINGLIST/Info.plist;
				INFOPLIST_KEY_UIApplicationSupportsIndirectInputEvents = YES;
				INFOPLIST_KEY_UILaunchStoryboardName = LaunchScreen;
				INFOPLIST_KEY_UIMainStoryboardFile = Main;
				INFOPLIST_KEY_UISupportedInterfaceOrientations_iPad = "UIInterfaceOrientationPortrait UIInterfaceOrientationPortraitUpsideDown UIInterfaceOrientationLandscapeLeft UIInterfaceOrientationLandscapeRight";
				INFOPLIST_KEY_UISupportedInterfaceOrientations_iPhone = "UIInterfaceOrientationPortrait UIInterfaceOrientationLandscapeLeft UIInterfaceOrientationLandscapeRight";
				LD_RUNPATH_SEARCH_PATHS = (
					"$(inherited)",
					"@executable_path/Frameworks",
				);
				MARKETING_VERSION = 1.0;
				PRODUCT_BUNDLE_IDENTIFIER = "com.jy.SeSAC-MYSHOPPINGLIST";
				PRODUCT_NAME = "$(TARGET_NAME)";
				SWIFT_EMIT_LOC_STRINGS = YES;
				SWIFT_VERSION = 5.0;
				TARGETED_DEVICE_FAMILY = "1,2";
			};
			name = Release;
		};
/* End XCBuildConfiguration section */

/* Begin XCConfigurationList section */
		DCA6C3122733B433009DFFDC /* Build configuration list for PBXProject "SeSAC_MYSHOPPINGLIST" */ = {
			isa = XCConfigurationList;
			buildConfigurations = (
				DCA6C3292733B436009DFFDC /* Debug */,
				DCA6C32A2733B436009DFFDC /* Release */,
			);
			defaultConfigurationIsVisible = 0;
			defaultConfigurationName = Release;
		};
		DCA6C32B2733B436009DFFDC /* Build configuration list for PBXNativeTarget "SeSAC_MYSHOPPINGLIST" */ = {
			isa = XCConfigurationList;
			buildConfigurations = (
				DCA6C32C2733B436009DFFDC /* Debug */,
				DCA6C32D2733B436009DFFDC /* Release */,
			);
			defaultConfigurationIsVisible = 0;
			defaultConfigurationName = Release;
		};
/* End XCConfigurationList section */

/* Begin XCRemoteSwiftPackageReference section */
		DCA6C32E2733B457009DFFDC /* XCRemoteSwiftPackageReference "realm-cocoa" */ = {
			isa = XCRemoteSwiftPackageReference;
			repositoryURL = "https://github.com/realm/realm-cocoa.git";
			requirement = {
				branch = master;
				kind = branch;
			};
		};
/* End XCRemoteSwiftPackageReference section */

/* Begin XCSwiftPackageProductDependency section */
		DCA6C32F2733B457009DFFDC /* Realm */ = {
			isa = XCSwiftPackageProductDependency;
			package = DCA6C32E2733B457009DFFDC /* XCRemoteSwiftPackageReference "realm-cocoa" */;
			productName = Realm;
		};
		DCA6C3312733B457009DFFDC /* RealmSwift */ = {
			isa = XCSwiftPackageProductDependency;
			package = DCA6C32E2733B457009DFFDC /* XCRemoteSwiftPackageReference "realm-cocoa" */;
			productName = RealmSwift;
		};
/* End XCSwiftPackageProductDependency section */
	};
	rootObject = DCA6C30F2733B433009DFFDC /* Project object */;
}
