// !$*UTF8*$!
{
	archiveVersion = 1;
	classes = {
	};
	objectVersion = 55;
	objects = {

/* Begin PBXBuildFile section */
		DC16E6B82772156B00BB5DE7 /* AppDelegate.swift in Sources */ = {isa = PBXBuildFile; fileRef = DC16E6B72772156B00BB5DE7 /* AppDelegate.swift */; };
		DC16E6BA2772156B00BB5DE7 /* SceneDelegate.swift in Sources */ = {isa = PBXBuildFile; fileRef = DC16E6B92772156B00BB5DE7 /* SceneDelegate.swift */; };
		DC16E6BC2772156B00BB5DE7 /* ViewController.swift in Sources */ = {isa = PBXBuildFile; fileRef = DC16E6BB2772156B00BB5DE7 /* ViewController.swift */; };
		DC16E6C12772156C00BB5DE7 /* Assets.xcassets in Resources */ = {isa = PBXBuildFile; fileRef = DC16E6C02772156C00BB5DE7 /* Assets.xcassets */; };
		DC16E6C42772156C00BB5DE7 /* LaunchScreen.storyboard in Resources */ = {isa = PBXBuildFile; fileRef = DC16E6C22772156C00BB5DE7 /* LaunchScreen.storyboard */; };
		DC16E6CD2772175400BB5DE7 /* SnapKit in Frameworks */ = {isa = PBXBuildFile; productRef = DC16E6CC2772175400BB5DE7 /* SnapKit */; };
		DCA66CD02778337500B628CF /* APIService.swift in Sources */ = {isa = PBXBuildFile; fileRef = DCA66CCF2778337500B628CF /* APIService.swift */; };
		DCA66CD4277837C100B628CF /* TmdbTV.swift in Sources */ = {isa = PBXBuildFile; fileRef = DCA66CD3277837C100B628CF /* TmdbTV.swift */; };
		DCA66CD72778725C00B628CF /* DramaCollectionViewCell.swift in Sources */ = {isa = PBXBuildFile; fileRef = DCA66CD62778725C00B628CF /* DramaCollectionViewCell.swift */; };
		DCA66CDA277887DB00B628CF /* Kingfisher in Frameworks */ = {isa = PBXBuildFile; productRef = DCA66CD9277887DB00B628CF /* Kingfisher */; };
/* End PBXBuildFile section */

/* Begin PBXFileReference section */
		DC16E6B42772156B00BB5DE7 /* SeSAC_TMDBDRAMA.app */ = {isa = PBXFileReference; explicitFileType = wrapper.application; includeInIndex = 0; path = SeSAC_TMDBDRAMA.app; sourceTree = BUILT_PRODUCTS_DIR; };
		DC16E6B72772156B00BB5DE7 /* AppDelegate.swift */ = {isa = PBXFileReference; lastKnownFileType = sourcecode.swift; path = AppDelegate.swift; sourceTree = "<group>"; };
		DC16E6B92772156B00BB5DE7 /* SceneDelegate.swift */ = {isa = PBXFileReference; lastKnownFileType = sourcecode.swift; path = SceneDelegate.swift; sourceTree = "<group>"; };
		DC16E6BB2772156B00BB5DE7 /* ViewController.swift */ = {isa = PBXFileReference; lastKnownFileType = sourcecode.swift; path = ViewController.swift; sourceTree = "<group>"; };
		DC16E6C02772156C00BB5DE7 /* Assets.xcassets */ = {isa = PBXFileReference; lastKnownFileType = folder.assetcatalog; path = Assets.xcassets; sourceTree = "<group>"; };
		DC16E6C32772156C00BB5DE7 /* Base */ = {isa = PBXFileReference; lastKnownFileType = file.storyboard; name = Base; path = Base.lproj/LaunchScreen.storyboard; sourceTree = "<group>"; };
		DC16E6C52772156C00BB5DE7 /* Info.plist */ = {isa = PBXFileReference; lastKnownFileType = text.plist.xml; path = Info.plist; sourceTree = "<group>"; };
		DCA66CCF2778337500B628CF /* APIService.swift */ = {isa = PBXFileReference; lastKnownFileType = sourcecode.swift; path = APIService.swift; sourceTree = "<group>"; };
		DCA66CD3277837C100B628CF /* TmdbTV.swift */ = {isa = PBXFileReference; lastKnownFileType = sourcecode.swift; path = TmdbTV.swift; sourceTree = "<group>"; };
		DCA66CD62778725C00B628CF /* DramaCollectionViewCell.swift */ = {isa = PBXFileReference; lastKnownFileType = sourcecode.swift; path = DramaCollectionViewCell.swift; sourceTree = "<group>"; };
/* End PBXFileReference section */

/* Begin PBXFrameworksBuildPhase section */
		DC16E6B12772156B00BB5DE7 /* Frameworks */ = {
			isa = PBXFrameworksBuildPhase;
			buildActionMask = 2147483647;
			files = (
				DCA66CDA277887DB00B628CF /* Kingfisher in Frameworks */,
				DC16E6CD2772175400BB5DE7 /* SnapKit in Frameworks */,
			);
			runOnlyForDeploymentPostprocessing = 0;
		};
/* End PBXFrameworksBuildPhase section */

/* Begin PBXGroup section */
		DC16E6AB2772156B00BB5DE7 = {
			isa = PBXGroup;
			children = (
				DC16E6B62772156B00BB5DE7 /* SeSAC_TMDBDRAMA */,
				DC16E6B52772156B00BB5DE7 /* Products */,
			);
			sourceTree = "<group>";
		};
		DC16E6B52772156B00BB5DE7 /* Products */ = {
			isa = PBXGroup;
			children = (
				DC16E6B42772156B00BB5DE7 /* SeSAC_TMDBDRAMA.app */,
			);
			name = Products;
			sourceTree = "<group>";
		};
		DC16E6B62772156B00BB5DE7 /* SeSAC_TMDBDRAMA */ = {
			isa = PBXGroup;
			children = (
				DC16E6B72772156B00BB5DE7 /* AppDelegate.swift */,
				DC16E6B92772156B00BB5DE7 /* SceneDelegate.swift */,
				DC16E6BB2772156B00BB5DE7 /* ViewController.swift */,
				DCA66CCF2778337500B628CF /* APIService.swift */,
				DCA66CD3277837C100B628CF /* TmdbTV.swift */,
				DCA66CD62778725C00B628CF /* DramaCollectionViewCell.swift */,
				DC16E6C02772156C00BB5DE7 /* Assets.xcassets */,
				DC16E6C22772156C00BB5DE7 /* LaunchScreen.storyboard */,
				DC16E6C52772156C00BB5DE7 /* Info.plist */,
			);
			path = SeSAC_TMDBDRAMA;
			sourceTree = "<group>";
		};
/* End PBXGroup section */

/* Begin PBXNativeTarget section */
		DC16E6B32772156B00BB5DE7 /* SeSAC_TMDBDRAMA */ = {
			isa = PBXNativeTarget;
			buildConfigurationList = DC16E6C82772156C00BB5DE7 /* Build configuration list for PBXNativeTarget "SeSAC_TMDBDRAMA" */;
			buildPhases = (
				DC16E6B02772156B00BB5DE7 /* Sources */,
				DC16E6B12772156B00BB5DE7 /* Frameworks */,
				DC16E6B22772156B00BB5DE7 /* Resources */,
			);
			buildRules = (
			);
			dependencies = (
			);
			name = SeSAC_TMDBDRAMA;
			packageProductDependencies = (
				DC16E6CC2772175400BB5DE7 /* SnapKit */,
				DCA66CD9277887DB00B628CF /* Kingfisher */,
			);
			productName = SeSAC_TMDBDRAMA;
			productReference = DC16E6B42772156B00BB5DE7 /* SeSAC_TMDBDRAMA.app */;
			productType = "com.apple.product-type.application";
		};
/* End PBXNativeTarget section */

/* Begin PBXProject section */
		DC16E6AC2772156B00BB5DE7 /* Project object */ = {
			isa = PBXProject;
			attributes = {
				BuildIndependentTargetsInParallel = 1;
				LastSwiftUpdateCheck = 1300;
				LastUpgradeCheck = 1300;
				TargetAttributes = {
					DC16E6B32772156B00BB5DE7 = {
						CreatedOnToolsVersion = 13.0;
					};
				};
			};
			buildConfigurationList = DC16E6AF2772156B00BB5DE7 /* Build configuration list for PBXProject "SeSAC_TMDBDRAMA" */;
			compatibilityVersion = "Xcode 13.0";
			developmentRegion = en;
			hasScannedForEncodings = 0;
			knownRegions = (
				en,
				Base,
			);
			mainGroup = DC16E6AB2772156B00BB5DE7;
			packageReferences = (
				DC16E6CB2772175400BB5DE7 /* XCRemoteSwiftPackageReference "SnapKit" */,
				DCA66CD8277887DB00B628CF /* XCRemoteSwiftPackageReference "Kingfisher" */,
			);
			productRefGroup = DC16E6B52772156B00BB5DE7 /* Products */;
			projectDirPath = "";
			projectRoot = "";
			targets = (
				DC16E6B32772156B00BB5DE7 /* SeSAC_TMDBDRAMA */,
			);
		};
/* End PBXProject section */

/* Begin PBXResourcesBuildPhase section */
		DC16E6B22772156B00BB5DE7 /* Resources */ = {
			isa = PBXResourcesBuildPhase;
			buildActionMask = 2147483647;
			files = (
				DC16E6C42772156C00BB5DE7 /* LaunchScreen.storyboard in Resources */,
				DC16E6C12772156C00BB5DE7 /* Assets.xcassets in Resources */,
			);
			runOnlyForDeploymentPostprocessing = 0;
		};
/* End PBXResourcesBuildPhase section */

/* Begin PBXSourcesBuildPhase section */
		DC16E6B02772156B00BB5DE7 /* Sources */ = {
			isa = PBXSourcesBuildPhase;
			buildActionMask = 2147483647;
			files = (
				DCA66CD72778725C00B628CF /* DramaCollectionViewCell.swift in Sources */,
				DC16E6BC2772156B00BB5DE7 /* ViewController.swift in Sources */,
				DCA66CD4277837C100B628CF /* TmdbTV.swift in Sources */,
				DC16E6B82772156B00BB5DE7 /* AppDelegate.swift in Sources */,
				DCA66CD02778337500B628CF /* APIService.swift in Sources */,
				DC16E6BA2772156B00BB5DE7 /* SceneDelegate.swift in Sources */,
			);
			runOnlyForDeploymentPostprocessing = 0;
		};
/* End PBXSourcesBuildPhase section */

/* Begin PBXVariantGroup section */
		DC16E6C22772156C00BB5DE7 /* LaunchScreen.storyboard */ = {
			isa = PBXVariantGroup;
			children = (
				DC16E6C32772156C00BB5DE7 /* Base */,
			);
			name = LaunchScreen.storyboard;
			sourceTree = "<group>";
		};
/* End PBXVariantGroup section */

/* Begin XCBuildConfiguration section */
		DC16E6C62772156C00BB5DE7 /* Debug */ = {
			isa = XCBuildConfiguration;
			buildSettings = {
				ALWAYS_SEARCH_USER_PATHS = NO;
				CLANG_ANALYZER_NONNULL = YES;
				CLANG_ANALYZER_NUMBER_OBJECT_CONVERSION = YES_AGGRESSIVE;
				CLANG_CXX_LANGUAGE_STANDARD = "gnu++17";
				CLANG_CXX_LIBRARY = "libc++";
				CLANG_ENABLE_MODULES = YES;
				CLANG_ENABLE_OBJC_ARC = YES;
				CLANG_ENABLE_OBJC_WEAK = YES;
				CLANG_WARN_BLOCK_CAPTURE_AUTORELEASING = YES;
				CLANG_WARN_BOOL_CONVERSION = YES;
				CLANG_WARN_COMMA = YES;
				CLANG_WARN_CONSTANT_CONVERSION = YES;
				CLANG_WARN_DEPRECATED_OBJC_IMPLEMENTATIONS = YES;
				CLANG_WARN_DIRECT_OBJC_ISA_USAGE = YES_ERROR;
				CLANG_WARN_DOCUMENTATION_COMMENTS = YES;
				CLANG_WARN_EMPTY_BODY = YES;
				CLANG_WARN_ENUM_CONVERSION = YES;
				CLANG_WARN_INFINITE_RECURSION = YES;
				CLANG_WARN_INT_CONVERSION = YES;
				CLANG_WARN_NON_LITERAL_NULL_CONVERSION = YES;
				CLANG_WARN_OBJC_IMPLICIT_RETAIN_SELF = YES;
				CLANG_WARN_OBJC_LITERAL_CONVERSION = YES;
				CLANG_WARN_OBJC_ROOT_CLASS = YES_ERROR;
				CLANG_WARN_QUOTED_INCLUDE_IN_FRAMEWORK_HEADER = YES;
				CLANG_WARN_RANGE_LOOP_ANALYSIS = YES;
				CLANG_WARN_STRICT_PROTOTYPES = YES;
				CLANG_WARN_SUSPICIOUS_MOVE = YES;
				CLANG_WARN_UNGUARDED_AVAILABILITY = YES_AGGRESSIVE;
				CLANG_WARN_UNREACHABLE_CODE = YES;
				CLANG_WARN__DUPLICATE_METHOD_MATCH = YES;
				COPY_PHASE_STRIP = NO;
				DEBUG_INFORMATION_FORMAT = dwarf;
				ENABLE_STRICT_OBJC_MSGSEND = YES;
				ENABLE_TESTABILITY = YES;
				GCC_C_LANGUAGE_STANDARD = gnu11;
				GCC_DYNAMIC_NO_PIC = NO;
				GCC_NO_COMMON_BLOCKS = YES;
				GCC_OPTIMIZATION_LEVEL = 0;
				GCC_PREPROCESSOR_DEFINITIONS = (
					"DEBUG=1",
					"$(inherited)",
				);
				GCC_WARN_64_TO_32_BIT_CONVERSION = YES;
				GCC_WARN_ABOUT_RETURN_TYPE = YES_ERROR;
				GCC_WARN_UNDECLARED_SELECTOR = YES;
				GCC_WARN_UNINITIALIZED_AUTOS = YES_AGGRESSIVE;
				GCC_WARN_UNUSED_FUNCTION = YES;
				GCC_WARN_UNUSED_VARIABLE = YES;
				IPHONEOS_DEPLOYMENT_TARGET = 15.0;
				MTL_ENABLE_DEBUG_INFO = INCLUDE_SOURCE;
				MTL_FAST_MATH = YES;
				ONLY_ACTIVE_ARCH = YES;
				SDKROOT = iphoneos;
				SWIFT_ACTIVE_COMPILATION_CONDITIONS = DEBUG;
				SWIFT_OPTIMIZATION_LEVEL = "-Onone";
			};
			name = Debug;
		};
		DC16E6C72772156C00BB5DE7 /* Release */ = {
			isa = XCBuildConfiguration;
			buildSettings = {
				ALWAYS_SEARCH_USER_PATHS = NO;
				CLANG_ANALYZER_NONNULL = YES;
				CLANG_ANALYZER_NUMBER_OBJECT_CONVERSION = YES_AGGRESSIVE;
				CLANG_CXX_LANGUAGE_STANDARD = "gnu++17";
				CLANG_CXX_LIBRARY = "libc++";
				CLANG_ENABLE_MODULES = YES;
				CLANG_ENABLE_OBJC_ARC = YES;
				CLANG_ENABLE_OBJC_WEAK = YES;
				CLANG_WARN_BLOCK_CAPTURE_AUTORELEASING = YES;
				CLANG_WARN_BOOL_CONVERSION = YES;
				CLANG_WARN_COMMA = YES;
				CLANG_WARN_CONSTANT_CONVERSION = YES;
				CLANG_WARN_DEPRECATED_OBJC_IMPLEMENTATIONS = YES;
				CLANG_WARN_DIRECT_OBJC_ISA_USAGE = YES_ERROR;
				CLANG_WARN_DOCUMENTATION_COMMENTS = YES;
				CLANG_WARN_EMPTY_BODY = YES;
				CLANG_WARN_ENUM_CONVERSION = YES;
				CLANG_WARN_INFINITE_RECURSION = YES;
				CLANG_WARN_INT_CONVERSION = YES;
				CLANG_WARN_NON_LITERAL_NULL_CONVERSION = YES;
				CLANG_WARN_OBJC_IMPLICIT_RETAIN_SELF = YES;
				CLANG_WARN_OBJC_LITERAL_CONVERSION = YES;
				CLANG_WARN_OBJC_ROOT_CLASS = YES_ERROR;
				CLANG_WARN_QUOTED_INCLUDE_IN_FRAMEWORK_HEADER = YES;
				CLANG_WARN_RANGE_LOOP_ANALYSIS = YES;
				CLANG_WARN_STRICT_PROTOTYPES = YES;
				CLANG_WARN_SUSPICIOUS_MOVE = YES;
				CLANG_WARN_UNGUARDED_AVAILABILITY = YES_AGGRESSIVE;
				CLANG_WARN_UNREACHABLE_CODE = YES;
				CLANG_WARN__DUPLICATE_METHOD_MATCH = YES;
				COPY_PHASE_STRIP = NO;
				DEBUG_INFORMATION_FORMAT = "dwarf-with-dsym";
				ENABLE_NS_ASSERTIONS = NO;
				ENABLE_STRICT_OBJC_MSGSEND = YES;
				GCC_C_LANGUAGE_STANDARD = gnu11;
				GCC_NO_COMMON_BLOCKS = YES;
				GCC_WARN_64_TO_32_BIT_CONVERSION = YES;
				GCC_WARN_ABOUT_RETURN_TYPE = YES_ERROR;
				GCC_WARN_UNDECLARED_SELECTOR = YES;
				GCC_WARN_UNINITIALIZED_AUTOS = YES_AGGRESSIVE;
				GCC_WARN_UNUSED_FUNCTION = YES;
				GCC_WARN_UNUSED_VARIABLE = YES;
				IPHONEOS_DEPLOYMENT_TARGET = 15.0;
				MTL_ENABLE_DEBUG_INFO = NO;
				MTL_FAST_MATH = YES;
				SDKROOT = iphoneos;
				SWIFT_COMPILATION_MODE = wholemodule;
				SWIFT_OPTIMIZATION_LEVEL = "-O";
				VALIDATE_PRODUCT = YES;
			};
			name = Release;
		};
		DC16E6C92772156C00BB5DE7 /* Debug */ = {
			isa = XCBuildConfiguration;
			buildSettings = {
				ASSETCATALOG_COMPILER_APPICON_NAME = AppIcon;
				ASSETCATALOG_COMPILER_GLOBAL_ACCENT_COLOR_NAME = AccentColor;
				CODE_SIGN_STYLE = Automatic;
				CURRENT_PROJECT_VERSION = 1;
				DEVELOPMENT_TEAM = 8H53VPN638;
				GENERATE_INFOPLIST_FILE = YES;
				INFOPLIST_FILE = SeSAC_TMDBDRAMA/Info.plist;
				INFOPLIST_KEY_UIApplicationSupportsIndirectInputEvents = YES;
				INFOPLIST_KEY_UILaunchStoryboardName = LaunchScreen;
				INFOPLIST_KEY_UISupportedInterfaceOrientations_iPad = "UIInterfaceOrientationPortrait UIInterfaceOrientationPortraitUpsideDown UIInterfaceOrientationLandscapeLeft UIInterfaceOrientationLandscapeRight";
				INFOPLIST_KEY_UISupportedInterfaceOrientations_iPhone = "UIInterfaceOrientationPortrait UIInterfaceOrientationLandscapeLeft UIInterfaceOrientationLandscapeRight";
				LD_RUNPATH_SEARCH_PATHS = (
					"$(inherited)",
					"@executable_path/Frameworks",
				);
				MARKETING_VERSION = 1.0;
				PRODUCT_BUNDLE_IDENTIFIER = "com.jy.SeSAC-TMDBDRAMA";
				PRODUCT_NAME = "$(TARGET_NAME)";
				SWIFT_EMIT_LOC_STRINGS = YES;
				SWIFT_VERSION = 5.0;
				TARGETED_DEVICE_FAMILY = "1,2";
			};
			name = Debug;
		};
		DC16E6CA2772156C00BB5DE7 /* Release */ = {
			isa = XCBuildConfiguration;
			buildSettings = {
				ASSETCATALOG_COMPILER_APPICON_NAME = AppIcon;
				ASSETCATALOG_COMPILER_GLOBAL_ACCENT_COLOR_NAME = AccentColor;
				CODE_SIGN_STYLE = Automatic;
				CURRENT_PROJECT_VERSION = 1;
				DEVELOPMENT_TEAM = 8H53VPN638;
				GENERATE_INFOPLIST_FILE = YES;
				INFOPLIST_FILE = SeSAC_TMDBDRAMA/Info.plist;
				INFOPLIST_KEY_UIApplicationSupportsIndirectInputEvents = YES;
				INFOPLIST_KEY_UILaunchStoryboardName = LaunchScreen;
				INFOPLIST_KEY_UISupportedInterfaceOrientations_iPad = "UIInterfaceOrientationPortrait UIInterfaceOrientationPortraitUpsideDown UIInterfaceOrientationLandscapeLeft UIInterfaceOrientationLandscapeRight";
				INFOPLIST_KEY_UISupportedInterfaceOrientations_iPhone = "UIInterfaceOrientationPortrait UIInterfaceOrientationLandscapeLeft UIInterfaceOrientationLandscapeRight";
				LD_RUNPATH_SEARCH_PATHS = (
					"$(inherited)",
					"@executable_path/Frameworks",
				);
				MARKETING_VERSION = 1.0;
				PRODUCT_BUNDLE_IDENTIFIER = "com.jy.SeSAC-TMDBDRAMA";
				PRODUCT_NAME = "$(TARGET_NAME)";
				SWIFT_EMIT_LOC_STRINGS = YES;
				SWIFT_VERSION = 5.0;
				TARGETED_DEVICE_FAMILY = "1,2";
			};
			name = Release;
		};
/* End XCBuildConfiguration section */

/* Begin XCConfigurationList section */
		DC16E6AF2772156B00BB5DE7 /* Build configuration list for PBXProject "SeSAC_TMDBDRAMA" */ = {
			isa = XCConfigurationList;
			buildConfigurations = (
				DC16E6C62772156C00BB5DE7 /* Debug */,
				DC16E6C72772156C00BB5DE7 /* Release */,
			);
			defaultConfigurationIsVisible = 0;
			defaultConfigurationName = Release;
		};
		DC16E6C82772156C00BB5DE7 /* Build configuration list for PBXNativeTarget "SeSAC_TMDBDRAMA" */ = {
			isa = XCConfigurationList;
			buildConfigurations = (
				DC16E6C92772156C00BB5DE7 /* Debug */,
				DC16E6CA2772156C00BB5DE7 /* Release */,
			);
			defaultConfigurationIsVisible = 0;
			defaultConfigurationName = Release;
		};
/* End XCConfigurationList section */

/* Begin XCRemoteSwiftPackageReference section */
		DC16E6CB2772175400BB5DE7 /* XCRemoteSwiftPackageReference "SnapKit" */ = {
			isa = XCRemoteSwiftPackageReference;
			repositoryURL = "https://github.com/SnapKit/SnapKit.git";
			requirement = {
				branch = develop;
				kind = branch;
			};
		};
		DCA66CD8277887DB00B628CF /* XCRemoteSwiftPackageReference "Kingfisher" */ = {
			isa = XCRemoteSwiftPackageReference;
			repositoryURL = "https://github.com/onevcat/Kingfisher.git";
			requirement = {
				branch = master;
				kind = branch;
			};
		};
/* End XCRemoteSwiftPackageReference section */

/* Begin XCSwiftPackageProductDependency section */
		DC16E6CC2772175400BB5DE7 /* SnapKit */ = {
			isa = XCSwiftPackageProductDependency;
			package = DC16E6CB2772175400BB5DE7 /* XCRemoteSwiftPackageReference "SnapKit" */;
			productName = SnapKit;
		};
		DCA66CD9277887DB00B628CF /* Kingfisher */ = {
			isa = XCSwiftPackageProductDependency;
			package = DCA66CD8277887DB00B628CF /* XCRemoteSwiftPackageReference "Kingfisher" */;
			productName = Kingfisher;
		};
/* End XCSwiftPackageProductDependency section */
	};
	rootObject = DC16E6AC2772156B00BB5DE7 /* Project object */;
}
