// !$*UTF8*$!
{
	archiveVersion = 1;
	classes = {
	};
	objectVersion = 55;
	objects = {

/* Begin PBXBuildFile section */
		DC045E75271C4EB3006E9142 /* StarringViewController.swift in Sources */ = {isa = PBXBuildFile; fileRef = DC045E74271C4EB3006E9142 /* StarringViewController.swift */; };
		DC045E77271C5761006E9142 /* ActorTableViewCell.swift in Sources */ = {isa = PBXBuildFile; fileRef = DC045E76271C5761006E9142 /* ActorTableViewCell.swift */; };
		DC045E79271C5FDA006E9142 /* SearchViewController.swift in Sources */ = {isa = PBXBuildFile; fileRef = DC045E78271C5FDA006E9142 /* SearchViewController.swift */; };
		DC045E7B271C621B006E9142 /* SearchResultTableViewCell.swift in Sources */ = {isa = PBXBuildFile; fileRef = DC045E7A271C621B006E9142 /* SearchResultTableViewCell.swift */; };
		DC1FABC2272AAB53002A7D63 /* TMDBModel.swift in Sources */ = {isa = PBXBuildFile; fileRef = DC1FABC1272AAB53002A7D63 /* TMDBModel.swift */; };
		DC2DAFF927204DE9008B9FAA /* TheaterMapViewController.swift in Sources */ = {isa = PBXBuildFile; fileRef = DC2DAFF827204DE9008B9FAA /* TheaterMapViewController.swift */; };
		DC2DAFFB272052FA008B9FAA /* TheaterInformation.swift in Sources */ = {isa = PBXBuildFile; fileRef = DC2DAFFA272052FA008B9FAA /* TheaterInformation.swift */; };
		DC2DAFFD2720531F008B9FAA /* Theater.swift in Sources */ = {isa = PBXBuildFile; fileRef = DC2DAFFC2720531F008B9FAA /* Theater.swift */; };
		DC89595B272A8EBD007A4496 /* TmdbAPIManager.swift in Sources */ = {isa = PBXBuildFile; fileRef = DC89595A272A8EBD007A4496 /* TmdbAPIManager.swift */; };
		DC90947927279D3300814B13 /* Alamofire in Frameworks */ = {isa = PBXBuildFile; productRef = DC90947827279D3300814B13 /* Alamofire */; };
		DC90947C27279D4800814B13 /* SwiftyJSON in Frameworks */ = {isa = PBXBuildFile; productRef = DC90947B27279D4800814B13 /* SwiftyJSON */; };
		DC90947E2727A7F300814B13 /* MovieModel.swift in Sources */ = {isa = PBXBuildFile; fileRef = DC90947D2727A7F300814B13 /* MovieModel.swift */; };
		DC9F405B271BBE210035B3E8 /* AppDelegate.swift in Sources */ = {isa = PBXBuildFile; fileRef = DC9F405A271BBE210035B3E8 /* AppDelegate.swift */; };
		DC9F405D271BBE210035B3E8 /* SceneDelegate.swift in Sources */ = {isa = PBXBuildFile; fileRef = DC9F405C271BBE210035B3E8 /* SceneDelegate.swift */; };
		DC9F405F271BBE210035B3E8 /* ViewController.swift in Sources */ = {isa = PBXBuildFile; fileRef = DC9F405E271BBE210035B3E8 /* ViewController.swift */; };
		DC9F4062271BBE210035B3E8 /* Main.storyboard in Resources */ = {isa = PBXBuildFile; fileRef = DC9F4060271BBE210035B3E8 /* Main.storyboard */; };
		DC9F4064271BBE230035B3E8 /* Assets.xcassets in Resources */ = {isa = PBXBuildFile; fileRef = DC9F4063271BBE230035B3E8 /* Assets.xcassets */; };
		DC9F4067271BBE230035B3E8 /* LaunchScreen.storyboard in Resources */ = {isa = PBXBuildFile; fileRef = DC9F4065271BBE230035B3E8 /* LaunchScreen.storyboard */; };
		DC9F4071271BC4890035B3E8 /* MovieTrendInfoViewController.swift in Sources */ = {isa = PBXBuildFile; fileRef = DC9F4070271BC4890035B3E8 /* MovieTrendInfoViewController.swift */; };
		DC9F4073271BC6660035B3E8 /* TvShow.swift in Sources */ = {isa = PBXBuildFile; fileRef = DC9F4072271BC6660035B3E8 /* TvShow.swift */; };
		DCD6FA3A27258AC400FD9EF4 /* BookCollectionViewCell.xib in Resources */ = {isa = PBXBuildFile; fileRef = DCD6FA3727258AC400FD9EF4 /* BookCollectionViewCell.xib */; };
		DCD6FA3B27258AC400FD9EF4 /* BookViewController.swift in Sources */ = {isa = PBXBuildFile; fileRef = DCD6FA3827258AC400FD9EF4 /* BookViewController.swift */; };
		DCD6FA3C27258AC400FD9EF4 /* BookCollectionViewCell.swift in Sources */ = {isa = PBXBuildFile; fileRef = DCD6FA3927258AC400FD9EF4 /* BookCollectionViewCell.swift */; };
		DCD916F6271DAF2400196CC4 /* TvShowInformation.swift in Sources */ = {isa = PBXBuildFile; fileRef = DCD916F5271DAF2400196CC4 /* TvShowInformation.swift */; };
		DCD916FB271DBE6F00196CC4 /* StarringDetailViewController.swift in Sources */ = {isa = PBXBuildFile; fileRef = DCD916FA271DBE6F00196CC4 /* StarringDetailViewController.swift */; };
		DCF979FA27292D3600BE64A0 /* Constraints.swift in Sources */ = {isa = PBXBuildFile; fileRef = DCF979F927292D3600BE64A0 /* Constraints.swift */; };
		DCF979FC27292EB500BE64A0 /* NaverMovieSearchAPIManager.swift in Sources */ = {isa = PBXBuildFile; fileRef = DCF979FB27292EB500BE64A0 /* NaverMovieSearchAPIManager.swift */; };
		DCF979FF2729467000BE64A0 /* Kingfisher in Frameworks */ = {isa = PBXBuildFile; productRef = DCF979FE2729467000BE64A0 /* Kingfisher */; };
		DCF9FFC0271BF31E00E799FE /* PosterTableViewCell.swift in Sources */ = {isa = PBXBuildFile; fileRef = DCF9FFBF271BF31E00E799FE /* PosterTableViewCell.swift */; };
		DCF9FFC2271BF5BE00E799FE /* InfoTableViewCell.swift in Sources */ = {isa = PBXBuildFile; fileRef = DCF9FFC1271BF5BE00E799FE /* InfoTableViewCell.swift */; };
		DCF9FFC4271C3BAE00E799FE /* GenreTableViewCell.swift in Sources */ = {isa = PBXBuildFile; fileRef = DCF9FFC3271C3BAE00E799FE /* GenreTableViewCell.swift */; };
/* End PBXBuildFile section */

/* Begin PBXFileReference section */
		DC045E74271C4EB3006E9142 /* StarringViewController.swift */ = {isa = PBXFileReference; lastKnownFileType = sourcecode.swift; path = StarringViewController.swift; sourceTree = "<group>"; };
		DC045E76271C5761006E9142 /* ActorTableViewCell.swift */ = {isa = PBXFileReference; lastKnownFileType = sourcecode.swift; path = ActorTableViewCell.swift; sourceTree = "<group>"; };
		DC045E78271C5FDA006E9142 /* SearchViewController.swift */ = {isa = PBXFileReference; lastKnownFileType = sourcecode.swift; path = SearchViewController.swift; sourceTree = "<group>"; };
		DC045E7A271C621B006E9142 /* SearchResultTableViewCell.swift */ = {isa = PBXFileReference; lastKnownFileType = sourcecode.swift; path = SearchResultTableViewCell.swift; sourceTree = "<group>"; };
		DC1FABC1272AAB53002A7D63 /* TMDBModel.swift */ = {isa = PBXFileReference; lastKnownFileType = sourcecode.swift; path = TMDBModel.swift; sourceTree = "<group>"; };
		DC2DAFF827204DE9008B9FAA /* TheaterMapViewController.swift */ = {isa = PBXFileReference; lastKnownFileType = sourcecode.swift; path = TheaterMapViewController.swift; sourceTree = "<group>"; };
		DC2DAFFA272052FA008B9FAA /* TheaterInformation.swift */ = {isa = PBXFileReference; lastKnownFileType = sourcecode.swift; path = TheaterInformation.swift; sourceTree = "<group>"; };
		DC2DAFFC2720531F008B9FAA /* Theater.swift */ = {isa = PBXFileReference; lastKnownFileType = sourcecode.swift; path = Theater.swift; sourceTree = "<group>"; };
		DC89595A272A8EBD007A4496 /* TmdbAPIManager.swift */ = {isa = PBXFileReference; lastKnownFileType = sourcecode.swift; path = TmdbAPIManager.swift; sourceTree = "<group>"; };
		DC90947D2727A7F300814B13 /* MovieModel.swift */ = {isa = PBXFileReference; lastKnownFileType = sourcecode.swift; path = MovieModel.swift; sourceTree = "<group>"; };
		DC9F4057271BBE210035B3E8 /* SeSAC_TRENDMEDIA.app */ = {isa = PBXFileReference; explicitFileType = wrapper.application; includeInIndex = 0; path = SeSAC_TRENDMEDIA.app; sourceTree = BUILT_PRODUCTS_DIR; };
		DC9F405A271BBE210035B3E8 /* AppDelegate.swift */ = {isa = PBXFileReference; lastKnownFileType = sourcecode.swift; path = AppDelegate.swift; sourceTree = "<group>"; };
		DC9F405C271BBE210035B3E8 /* SceneDelegate.swift */ = {isa = PBXFileReference; lastKnownFileType = sourcecode.swift; path = SceneDelegate.swift; sourceTree = "<group>"; };
		DC9F405E271BBE210035B3E8 /* ViewController.swift */ = {isa = PBXFileReference; lastKnownFileType = sourcecode.swift; path = ViewController.swift; sourceTree = "<group>"; };
		DC9F4061271BBE210035B3E8 /* Base */ = {isa = PBXFileReference; lastKnownFileType = file.storyboard; name = Base; path = Base.lproj/Main.storyboard; sourceTree = "<group>"; };
		DC9F4063271BBE230035B3E8 /* Assets.xcassets */ = {isa = PBXFileReference; lastKnownFileType = folder.assetcatalog; path = Assets.xcassets; sourceTree = "<group>"; };
		DC9F4066271BBE230035B3E8 /* Base */ = {isa = PBXFileReference; lastKnownFileType = file.storyboard; name = Base; path = Base.lproj/LaunchScreen.storyboard; sourceTree = "<group>"; };
		DC9F4068271BBE230035B3E8 /* Info.plist */ = {isa = PBXFileReference; lastKnownFileType = text.plist.xml; path = Info.plist; sourceTree = "<group>"; };
		DC9F4070271BC4890035B3E8 /* MovieTrendInfoViewController.swift */ = {isa = PBXFileReference; lastKnownFileType = sourcecode.swift; path = MovieTrendInfoViewController.swift; sourceTree = "<group>"; };
		DC9F4072271BC6660035B3E8 /* TvShow.swift */ = {isa = PBXFileReference; lastKnownFileType = sourcecode.swift; path = TvShow.swift; sourceTree = "<group>"; };
		DCD6FA3727258AC400FD9EF4 /* BookCollectionViewCell.xib */ = {isa = PBXFileReference; fileEncoding = 4; lastKnownFileType = file.xib; name = BookCollectionViewCell.xib; path = ../../SeSAC_BOOK/SeSAC_BOOK/BookCollectionViewCell.xib; sourceTree = "<group>"; };
		DCD6FA3827258AC400FD9EF4 /* BookViewController.swift */ = {isa = PBXFileReference; fileEncoding = 4; lastKnownFileType = sourcecode.swift; name = BookViewController.swift; path = ../../SeSAC_BOOK/SeSAC_BOOK/BookViewController.swift; sourceTree = "<group>"; };
		DCD6FA3927258AC400FD9EF4 /* BookCollectionViewCell.swift */ = {isa = PBXFileReference; fileEncoding = 4; lastKnownFileType = sourcecode.swift; name = BookCollectionViewCell.swift; path = ../../SeSAC_BOOK/SeSAC_BOOK/BookCollectionViewCell.swift; sourceTree = "<group>"; };
		DCD916F5271DAF2400196CC4 /* TvShowInformation.swift */ = {isa = PBXFileReference; fileEncoding = 4; lastKnownFileType = sourcecode.swift; path = TvShowInformation.swift; sourceTree = "<group>"; };
		DCD916FA271DBE6F00196CC4 /* StarringDetailViewController.swift */ = {isa = PBXFileReference; lastKnownFileType = sourcecode.swift; path = StarringDetailViewController.swift; sourceTree = "<group>"; };
		DCF979F927292D3600BE64A0 /* Constraints.swift */ = {isa = PBXFileReference; lastKnownFileType = sourcecode.swift; path = Constraints.swift; sourceTree = "<group>"; };
		DCF979FB27292EB500BE64A0 /* NaverMovieSearchAPIManager.swift */ = {isa = PBXFileReference; lastKnownFileType = sourcecode.swift; path = NaverMovieSearchAPIManager.swift; sourceTree = "<group>"; };
		DCF9FFBF271BF31E00E799FE /* PosterTableViewCell.swift */ = {isa = PBXFileReference; lastKnownFileType = sourcecode.swift; path = PosterTableViewCell.swift; sourceTree = "<group>"; };
		DCF9FFC1271BF5BE00E799FE /* InfoTableViewCell.swift */ = {isa = PBXFileReference; lastKnownFileType = sourcecode.swift; path = InfoTableViewCell.swift; sourceTree = "<group>"; };
		DCF9FFC3271C3BAE00E799FE /* GenreTableViewCell.swift */ = {isa = PBXFileReference; lastKnownFileType = sourcecode.swift; path = GenreTableViewCell.swift; sourceTree = "<group>"; };
/* End PBXFileReference section */

/* Begin PBXFrameworksBuildPhase section */
		DC9F4054271BBE210035B3E8 /* Frameworks */ = {
			isa = PBXFrameworksBuildPhase;
			buildActionMask = 2147483647;
			files = (
				DCF979FF2729467000BE64A0 /* Kingfisher in Frameworks */,
				DC90947C27279D4800814B13 /* SwiftyJSON in Frameworks */,
				DC90947927279D3300814B13 /* Alamofire in Frameworks */,
			);
			runOnlyForDeploymentPostprocessing = 0;
		};
/* End PBXFrameworksBuildPhase section */

/* Begin PBXGroup section */
		DC9F404E271BBE210035B3E8 = {
			isa = PBXGroup;
			children = (
				DC9F4059271BBE210035B3E8 /* SeSAC_TRENDMEDIA */,
				DC9F4058271BBE210035B3E8 /* Products */,
			);
			sourceTree = "<group>";
		};
		DC9F4058271BBE210035B3E8 /* Products */ = {
			isa = PBXGroup;
			children = (
				DC9F4057271BBE210035B3E8 /* SeSAC_TRENDMEDIA.app */,
			);
			name = Products;
			sourceTree = "<group>";
		};
		DC9F4059271BBE210035B3E8 /* SeSAC_TRENDMEDIA */ = {
			isa = PBXGroup;
			children = (
				DCF979F927292D3600BE64A0 /* Constraints.swift */,
				DCF979FB27292EB500BE64A0 /* NaverMovieSearchAPIManager.swift */,
				DC89595A272A8EBD007A4496 /* TmdbAPIManager.swift */,
				DC1FABC1272AAB53002A7D63 /* TMDBModel.swift */,
				DC9F405A271BBE210035B3E8 /* AppDelegate.swift */,
				DC9F405C271BBE210035B3E8 /* SceneDelegate.swift */,
				DC9F405E271BBE210035B3E8 /* ViewController.swift */,
				DC9F4072271BC6660035B3E8 /* TvShow.swift */,
				DCD916F5271DAF2400196CC4 /* TvShowInformation.swift */,
				DC9F4060271BBE210035B3E8 /* Main.storyboard */,
				DC2DAFF827204DE9008B9FAA /* TheaterMapViewController.swift */,
				DC2DAFFA272052FA008B9FAA /* TheaterInformation.swift */,
				DC2DAFFC2720531F008B9FAA /* Theater.swift */,
				DCD916FA271DBE6F00196CC4 /* StarringDetailViewController.swift */,
				DC90947D2727A7F300814B13 /* MovieModel.swift */,
				DC045E7A271C621B006E9142 /* SearchResultTableViewCell.swift */,
				DC9F4070271BC4890035B3E8 /* MovieTrendInfoViewController.swift */,
				DCD6FA3927258AC400FD9EF4 /* BookCollectionViewCell.swift */,
				DCD6FA3727258AC400FD9EF4 /* BookCollectionViewCell.xib */,
				DCD6FA3827258AC400FD9EF4 /* BookViewController.swift */,
				DCF9FFC3271C3BAE00E799FE /* GenreTableViewCell.swift */,
				DCF9FFBF271BF31E00E799FE /* PosterTableViewCell.swift */,
				DCF9FFC1271BF5BE00E799FE /* InfoTableViewCell.swift */,
				DC045E74271C4EB3006E9142 /* StarringViewController.swift */,
				DC045E76271C5761006E9142 /* ActorTableViewCell.swift */,
				DC045E78271C5FDA006E9142 /* SearchViewController.swift */,
				DC9F4063271BBE230035B3E8 /* Assets.xcassets */,
				DC9F4065271BBE230035B3E8 /* LaunchScreen.storyboard */,
				DC9F4068271BBE230035B3E8 /* Info.plist */,
			);
			path = SeSAC_TRENDMEDIA;
			sourceTree = "<group>";
		};
/* End PBXGroup section */

/* Begin PBXNativeTarget section */
		DC9F4056271BBE210035B3E8 /* SeSAC_TRENDMEDIA */ = {
			isa = PBXNativeTarget;
			buildConfigurationList = DC9F406B271BBE230035B3E8 /* Build configuration list for PBXNativeTarget "SeSAC_TRENDMEDIA" */;
			buildPhases = (
				DC9F4053271BBE210035B3E8 /* Sources */,
				DC9F4054271BBE210035B3E8 /* Frameworks */,
				DC9F4055271BBE210035B3E8 /* Resources */,
			);
			buildRules = (
			);
			dependencies = (
			);
			name = SeSAC_TRENDMEDIA;
			packageProductDependencies = (
				DC90947827279D3300814B13 /* Alamofire */,
				DC90947B27279D4800814B13 /* SwiftyJSON */,
				DCF979FE2729467000BE64A0 /* Kingfisher */,
			);
			productName = SeSAC_TRENDMEDIA;
			productReference = DC9F4057271BBE210035B3E8 /* SeSAC_TRENDMEDIA.app */;
			productType = "com.apple.product-type.application";
		};
/* End PBXNativeTarget section */

/* Begin PBXProject section */
		DC9F404F271BBE210035B3E8 /* Project object */ = {
			isa = PBXProject;
			attributes = {
				BuildIndependentTargetsInParallel = 1;
				LastSwiftUpdateCheck = 1300;
				LastUpgradeCheck = 1300;
				TargetAttributes = {
					DC9F4056271BBE210035B3E8 = {
						CreatedOnToolsVersion = 13.0;
					};
				};
			};
			buildConfigurationList = DC9F4052271BBE210035B3E8 /* Build configuration list for PBXProject "SeSAC_TRENDMEDIA" */;
			compatibilityVersion = "Xcode 13.0";
			developmentRegion = en;
			hasScannedForEncodings = 0;
			knownRegions = (
				en,
				Base,
			);
			mainGroup = DC9F404E271BBE210035B3E8;
			packageReferences = (
				DC90947727279D3300814B13 /* XCRemoteSwiftPackageReference "Alamofire" */,
				DC90947A27279D4800814B13 /* XCRemoteSwiftPackageReference "SwiftyJSON" */,
				DCF979FD2729467000BE64A0 /* XCRemoteSwiftPackageReference "Kingfisher" */,
			);
			productRefGroup = DC9F4058271BBE210035B3E8 /* Products */;
			projectDirPath = "";
			projectRoot = "";
			targets = (
				DC9F4056271BBE210035B3E8 /* SeSAC_TRENDMEDIA */,
			);
		};
/* End PBXProject section */

/* Begin PBXResourcesBuildPhase section */
		DC9F4055271BBE210035B3E8 /* Resources */ = {
			isa = PBXResourcesBuildPhase;
			buildActionMask = 2147483647;
			files = (
				DC9F4067271BBE230035B3E8 /* LaunchScreen.storyboard in Resources */,
				DCD6FA3A27258AC400FD9EF4 /* BookCollectionViewCell.xib in Resources */,
				DC9F4064271BBE230035B3E8 /* Assets.xcassets in Resources */,
				DC9F4062271BBE210035B3E8 /* Main.storyboard in Resources */,
			);
			runOnlyForDeploymentPostprocessing = 0;
		};
/* End PBXResourcesBuildPhase section */

/* Begin PBXSourcesBuildPhase section */
		DC9F4053271BBE210035B3E8 /* Sources */ = {
			isa = PBXSourcesBuildPhase;
			buildActionMask = 2147483647;
			files = (
				DC2DAFFB272052FA008B9FAA /* TheaterInformation.swift in Sources */,
				DCF979FA27292D3600BE64A0 /* Constraints.swift in Sources */,
				DC9F4073271BC6660035B3E8 /* TvShow.swift in Sources */,
				DC2DAFFD2720531F008B9FAA /* Theater.swift in Sources */,
				DCD6FA3C27258AC400FD9EF4 /* BookCollectionViewCell.swift in Sources */,
				DCF9FFC2271BF5BE00E799FE /* InfoTableViewCell.swift in Sources */,
				DC2DAFF927204DE9008B9FAA /* TheaterMapViewController.swift in Sources */,
				DC9F405F271BBE210035B3E8 /* ViewController.swift in Sources */,
				DC89595B272A8EBD007A4496 /* TmdbAPIManager.swift in Sources */,
				DCD916FB271DBE6F00196CC4 /* StarringDetailViewController.swift in Sources */,
				DC1FABC2272AAB53002A7D63 /* TMDBModel.swift in Sources */,
				DC90947E2727A7F300814B13 /* MovieModel.swift in Sources */,
				DCF979FC27292EB500BE64A0 /* NaverMovieSearchAPIManager.swift in Sources */,
				DC9F405B271BBE210035B3E8 /* AppDelegate.swift in Sources */,
				DCD916F6271DAF2400196CC4 /* TvShowInformation.swift in Sources */,
				DCF9FFC0271BF31E00E799FE /* PosterTableViewCell.swift in Sources */,
				DC045E79271C5FDA006E9142 /* SearchViewController.swift in Sources */,
				DC9F405D271BBE210035B3E8 /* SceneDelegate.swift in Sources */,
				DC9F4071271BC4890035B3E8 /* MovieTrendInfoViewController.swift in Sources */,
				DC045E77271C5761006E9142 /* ActorTableViewCell.swift in Sources */,
				DC045E75271C4EB3006E9142 /* StarringViewController.swift in Sources */,
				DCD6FA3B27258AC400FD9EF4 /* BookViewController.swift in Sources */,
				DC045E7B271C621B006E9142 /* SearchResultTableViewCell.swift in Sources */,
				DCF9FFC4271C3BAE00E799FE /* GenreTableViewCell.swift in Sources */,
			);
			runOnlyForDeploymentPostprocessing = 0;
		};
/* End PBXSourcesBuildPhase section */

/* Begin PBXVariantGroup section */
		DC9F4060271BBE210035B3E8 /* Main.storyboard */ = {
			isa = PBXVariantGroup;
			children = (
				DC9F4061271BBE210035B3E8 /* Base */,
			);
			name = Main.storyboard;
			sourceTree = "<group>";
		};
		DC9F4065271BBE230035B3E8 /* LaunchScreen.storyboard */ = {
			isa = PBXVariantGroup;
			children = (
				DC9F4066271BBE230035B3E8 /* Base */,
			);
			name = LaunchScreen.storyboard;
			sourceTree = "<group>";
		};
/* End PBXVariantGroup section */

/* Begin XCBuildConfiguration section */
		DC9F4069271BBE230035B3E8 /* Debug */ = {
			isa = XCBuildConfiguration;
			buildSettings = {
				ALWAYS_SEARCH_USER_PATHS = NO;
				CLANG_ANALYZER_NONNULL = YES;
				CLANG_ANALYZER_NUMBER_OBJECT_CONVERSION = YES_AGGRESSIVE;
				CLANG_CXX_LANGUAGE_STANDARD = "gnu++17";
				CLANG_CXX_LIBRARY = "libc++";
				CLANG_ENABLE_MODULES = YES;
				CLANG_ENABLE_OBJC_ARC = YES;
				CLANG_ENABLE_OBJC_WEAK = YES;
				CLANG_WARN_BLOCK_CAPTURE_AUTORELEASING = YES;
				CLANG_WARN_BOOL_CONVERSION = YES;
				CLANG_WARN_COMMA = YES;
				CLANG_WARN_CONSTANT_CONVERSION = YES;
				CLANG_WARN_DEPRECATED_OBJC_IMPLEMENTATIONS = YES;
				CLANG_WARN_DIRECT_OBJC_ISA_USAGE = YES_ERROR;
				CLANG_WARN_DOCUMENTATION_COMMENTS = YES;
				CLANG_WARN_EMPTY_BODY = YES;
				CLANG_WARN_ENUM_CONVERSION = YES;
				CLANG_WARN_INFINITE_RECURSION = YES;
				CLANG_WARN_INT_CONVERSION = YES;
				CLANG_WARN_NON_LITERAL_NULL_CONVERSION = YES;
				CLANG_WARN_OBJC_IMPLICIT_RETAIN_SELF = YES;
				CLANG_WARN_OBJC_LITERAL_CONVERSION = YES;
				CLANG_WARN_OBJC_ROOT_CLASS = YES_ERROR;
				CLANG_WARN_QUOTED_INCLUDE_IN_FRAMEWORK_HEADER = YES;
				CLANG_WARN_RANGE_LOOP_ANALYSIS = YES;
				CLANG_WARN_STRICT_PROTOTYPES = YES;
				CLANG_WARN_SUSPICIOUS_MOVE = YES;
				CLANG_WARN_UNGUARDED_AVAILABILITY = YES_AGGRESSIVE;
				CLANG_WARN_UNREACHABLE_CODE = YES;
				CLANG_WARN__DUPLICATE_METHOD_MATCH = YES;
				COPY_PHASE_STRIP = NO;
				DEBUG_INFORMATION_FORMAT = dwarf;
				ENABLE_STRICT_OBJC_MSGSEND = YES;
				ENABLE_TESTABILITY = YES;
				GCC_C_LANGUAGE_STANDARD = gnu11;
				GCC_DYNAMIC_NO_PIC = NO;
				GCC_NO_COMMON_BLOCKS = YES;
				GCC_OPTIMIZATION_LEVEL = 0;
				GCC_PREPROCESSOR_DEFINITIONS = (
					"DEBUG=1",
					"$(inherited)",
				);
				GCC_WARN_64_TO_32_BIT_CONVERSION = YES;
				GCC_WARN_ABOUT_RETURN_TYPE = YES_ERROR;
				GCC_WARN_UNDECLARED_SELECTOR = YES;
				GCC_WARN_UNINITIALIZED_AUTOS = YES_AGGRESSIVE;
				GCC_WARN_UNUSED_FUNCTION = YES;
				GCC_WARN_UNUSED_VARIABLE = YES;
				IPHONEOS_DEPLOYMENT_TARGET = 15.0;
				MTL_ENABLE_DEBUG_INFO = INCLUDE_SOURCE;
				MTL_FAST_MATH = YES;
				ONLY_ACTIVE_ARCH = YES;
				SDKROOT = iphoneos;
				SWIFT_ACTIVE_COMPILATION_CONDITIONS = DEBUG;
				SWIFT_OPTIMIZATION_LEVEL = "-Onone";
			};
			name = Debug;
		};
		DC9F406A271BBE230035B3E8 /* Release */ = {
			isa = XCBuildConfiguration;
			buildSettings = {
				ALWAYS_SEARCH_USER_PATHS = NO;
				CLANG_ANALYZER_NONNULL = YES;
				CLANG_ANALYZER_NUMBER_OBJECT_CONVERSION = YES_AGGRESSIVE;
				CLANG_CXX_LANGUAGE_STANDARD = "gnu++17";
				CLANG_CXX_LIBRARY = "libc++";
				CLANG_ENABLE_MODULES = YES;
				CLANG_ENABLE_OBJC_ARC = YES;
				CLANG_ENABLE_OBJC_WEAK = YES;
				CLANG_WARN_BLOCK_CAPTURE_AUTORELEASING = YES;
				CLANG_WARN_BOOL_CONVERSION = YES;
				CLANG_WARN_COMMA = YES;
				CLANG_WARN_CONSTANT_CONVERSION = YES;
				CLANG_WARN_DEPRECATED_OBJC_IMPLEMENTATIONS = YES;
				CLANG_WARN_DIRECT_OBJC_ISA_USAGE = YES_ERROR;
				CLANG_WARN_DOCUMENTATION_COMMENTS = YES;
				CLANG_WARN_EMPTY_BODY = YES;
				CLANG_WARN_ENUM_CONVERSION = YES;
				CLANG_WARN_INFINITE_RECURSION = YES;
				CLANG_WARN_INT_CONVERSION = YES;
				CLANG_WARN_NON_LITERAL_NULL_CONVERSION = YES;
				CLANG_WARN_OBJC_IMPLICIT_RETAIN_SELF = YES;
				CLANG_WARN_OBJC_LITERAL_CONVERSION = YES;
				CLANG_WARN_OBJC_ROOT_CLASS = YES_ERROR;
				CLANG_WARN_QUOTED_INCLUDE_IN_FRAMEWORK_HEADER = YES;
				CLANG_WARN_RANGE_LOOP_ANALYSIS = YES;
				CLANG_WARN_STRICT_PROTOTYPES = YES;
				CLANG_WARN_SUSPICIOUS_MOVE = YES;
				CLANG_WARN_UNGUARDED_AVAILABILITY = YES_AGGRESSIVE;
				CLANG_WARN_UNREACHABLE_CODE = YES;
				CLANG_WARN__DUPLICATE_METHOD_MATCH = YES;
				COPY_PHASE_STRIP = NO;
				DEBUG_INFORMATION_FORMAT = "dwarf-with-dsym";
				ENABLE_NS_ASSERTIONS = NO;
				ENABLE_STRICT_OBJC_MSGSEND = YES;
				GCC_C_LANGUAGE_STANDARD = gnu11;
				GCC_NO_COMMON_BLOCKS = YES;
				GCC_WARN_64_TO_32_BIT_CONVERSION = YES;
				GCC_WARN_ABOUT_RETURN_TYPE = YES_ERROR;
				GCC_WARN_UNDECLARED_SELECTOR = YES;
				GCC_WARN_UNINITIALIZED_AUTOS = YES_AGGRESSIVE;
				GCC_WARN_UNUSED_FUNCTION = YES;
				GCC_WARN_UNUSED_VARIABLE = YES;
				IPHONEOS_DEPLOYMENT_TARGET = 15.0;
				MTL_ENABLE_DEBUG_INFO = NO;
				MTL_FAST_MATH = YES;
				SDKROOT = iphoneos;
				SWIFT_COMPILATION_MODE = wholemodule;
				SWIFT_OPTIMIZATION_LEVEL = "-O";
				VALIDATE_PRODUCT = YES;
			};
			name = Release;
		};
		DC9F406C271BBE230035B3E8 /* Debug */ = {
			isa = XCBuildConfiguration;
			buildSettings = {
				ASSETCATALOG_COMPILER_APPICON_NAME = AppIcon;
				ASSETCATALOG_COMPILER_GLOBAL_ACCENT_COLOR_NAME = AccentColor;
				CODE_SIGN_STYLE = Automatic;
				CURRENT_PROJECT_VERSION = 1;
				DEVELOPMENT_TEAM = 8H53VPN638;
				GENERATE_INFOPLIST_FILE = YES;
				INFOPLIST_FILE = SeSAC_TRENDMEDIA/Info.plist;
				INFOPLIST_KEY_UIApplicationSupportsIndirectInputEvents = YES;
				INFOPLIST_KEY_UILaunchStoryboardName = LaunchScreen;
				INFOPLIST_KEY_UIMainStoryboardFile = Main;
				INFOPLIST_KEY_UISupportedInterfaceOrientations_iPad = "UIInterfaceOrientationPortrait UIInterfaceOrientationPortraitUpsideDown UIInterfaceOrientationLandscapeLeft UIInterfaceOrientationLandscapeRight";
				INFOPLIST_KEY_UISupportedInterfaceOrientations_iPhone = "UIInterfaceOrientationPortrait UIInterfaceOrientationLandscapeLeft UIInterfaceOrientationLandscapeRight";
				LD_RUNPATH_SEARCH_PATHS = (
					"$(inherited)",
					"@executable_path/Frameworks",
				);
				MARKETING_VERSION = 1.0;
				PRODUCT_BUNDLE_IDENTIFIER = "com.jy.SeSAC-TRENDMEDIA";
				PRODUCT_NAME = "$(TARGET_NAME)";
				SWIFT_EMIT_LOC_STRINGS = YES;
				SWIFT_VERSION = 5.0;
				TARGETED_DEVICE_FAMILY = "1,2";
			};
			name = Debug;
		};
		DC9F406D271BBE230035B3E8 /* Release */ = {
			isa = XCBuildConfiguration;
			buildSettings = {
				ASSETCATALOG_COMPILER_APPICON_NAME = AppIcon;
				ASSETCATALOG_COMPILER_GLOBAL_ACCENT_COLOR_NAME = AccentColor;
				CODE_SIGN_STYLE = Automatic;
				CURRENT_PROJECT_VERSION = 1;
				DEVELOPMENT_TEAM = 8H53VPN638;
				GENERATE_INFOPLIST_FILE = YES;
				INFOPLIST_FILE = SeSAC_TRENDMEDIA/Info.plist;
				INFOPLIST_KEY_UIApplicationSupportsIndirectInputEvents = YES;
				INFOPLIST_KEY_UILaunchStoryboardName = LaunchScreen;
				INFOPLIST_KEY_UIMainStoryboardFile = Main;
				INFOPLIST_KEY_UISupportedInterfaceOrientations_iPad = "UIInterfaceOrientationPortrait UIInterfaceOrientationPortraitUpsideDown UIInterfaceOrientationLandscapeLeft UIInterfaceOrientationLandscapeRight";
				INFOPLIST_KEY_UISupportedInterfaceOrientations_iPhone = "UIInterfaceOrientationPortrait UIInterfaceOrientationLandscapeLeft UIInterfaceOrientationLandscapeRight";
				LD_RUNPATH_SEARCH_PATHS = (
					"$(inherited)",
					"@executable_path/Frameworks",
				);
				MARKETING_VERSION = 1.0;
				PRODUCT_BUNDLE_IDENTIFIER = "com.jy.SeSAC-TRENDMEDIA";
				PRODUCT_NAME = "$(TARGET_NAME)";
				SWIFT_EMIT_LOC_STRINGS = YES;
				SWIFT_VERSION = 5.0;
				TARGETED_DEVICE_FAMILY = "1,2";
			};
			name = Release;
		};
/* End XCBuildConfiguration section */

/* Begin XCConfigurationList section */
		DC9F4052271BBE210035B3E8 /* Build configuration list for PBXProject "SeSAC_TRENDMEDIA" */ = {
			isa = XCConfigurationList;
			buildConfigurations = (
				DC9F4069271BBE230035B3E8 /* Debug */,
				DC9F406A271BBE230035B3E8 /* Release */,
			);
			defaultConfigurationIsVisible = 0;
			defaultConfigurationName = Release;
		};
		DC9F406B271BBE230035B3E8 /* Build configuration list for PBXNativeTarget "SeSAC_TRENDMEDIA" */ = {
			isa = XCConfigurationList;
			buildConfigurations = (
				DC9F406C271BBE230035B3E8 /* Debug */,
				DC9F406D271BBE230035B3E8 /* Release */,
			);
			defaultConfigurationIsVisible = 0;
			defaultConfigurationName = Release;
		};
/* End XCConfigurationList section */

/* Begin XCRemoteSwiftPackageReference section */
		DC90947727279D3300814B13 /* XCRemoteSwiftPackageReference "Alamofire" */ = {
			isa = XCRemoteSwiftPackageReference;
			repositoryURL = "https://github.com/Alamofire/Alamofire.git";
			requirement = {
				branch = master;
				kind = branch;
			};
		};
		DC90947A27279D4800814B13 /* XCRemoteSwiftPackageReference "SwiftyJSON" */ = {
			isa = XCRemoteSwiftPackageReference;
			repositoryURL = "https://github.com/SwiftyJSON/SwiftyJSON.git";
			requirement = {
				kind = exactVersion;
				version = 5.0.0;
			};
		};
		DCF979FD2729467000BE64A0 /* XCRemoteSwiftPackageReference "Kingfisher" */ = {
			isa = XCRemoteSwiftPackageReference;
			repositoryURL = "https://github.com/onevcat/Kingfisher.git";
			requirement = {
				branch = master;
				kind = branch;
			};
		};
/* End XCRemoteSwiftPackageReference section */

/* Begin XCSwiftPackageProductDependency section */
		DC90947827279D3300814B13 /* Alamofire */ = {
			isa = XCSwiftPackageProductDependency;
			package = DC90947727279D3300814B13 /* XCRemoteSwiftPackageReference "Alamofire" */;
			productName = Alamofire;
		};
		DC90947B27279D4800814B13 /* SwiftyJSON */ = {
			isa = XCSwiftPackageProductDependency;
			package = DC90947A27279D4800814B13 /* XCRemoteSwiftPackageReference "SwiftyJSON" */;
			productName = SwiftyJSON;
		};
		DCF979FE2729467000BE64A0 /* Kingfisher */ = {
			isa = XCSwiftPackageProductDependency;
			package = DCF979FD2729467000BE64A0 /* XCRemoteSwiftPackageReference "Kingfisher" */;
			productName = Kingfisher;
		};
/* End XCSwiftPackageProductDependency section */
	};
	rootObject = DC9F404F271BBE210035B3E8 /* Project object */;
}
