// !$*UTF8*$!
{
	archiveVersion = 1;
	classes = {
	};
	objectVersion = 55;
	objects = {

/* Begin PBXBuildFile section */
		DCACD9C3273D53B600775088 /* MemoSearch.storyboard in Resources */ = {isa = PBXBuildFile; fileRef = DCACD9C2273D53B600775088 /* MemoSearch.storyboard */; };
		DCACD9C5273D53D800775088 /* MemoSearchViewController.swift in Sources */ = {isa = PBXBuildFile; fileRef = DCACD9C4273D53D800775088 /* MemoSearchViewController.swift */; };
		DCACD9C7273DFF3100775088 /* Alert+Extension.swift in Sources */ = {isa = PBXBuildFile; fileRef = DCACD9C6273DFF3100775088 /* Alert+Extension.swift */; };
		DCACD9C9273E3FCD00775088 /* MemoTutorial.storyboard in Resources */ = {isa = PBXBuildFile; fileRef = DCACD9C8273E3FCD00775088 /* MemoTutorial.storyboard */; };
		DCACD9CB273E41EB00775088 /* MemoTutorialViewController.swift in Sources */ = {isa = PBXBuildFile; fileRef = DCACD9CA273E41EB00775088 /* MemoTutorialViewController.swift */; };
		DCB6235B2739031400400A7C /* AppDelegate.swift in Sources */ = {isa = PBXBuildFile; fileRef = DCB6235A2739031400400A7C /* AppDelegate.swift */; };
		DCB6235D2739031400400A7C /* SceneDelegate.swift in Sources */ = {isa = PBXBuildFile; fileRef = DCB6235C2739031400400A7C /* SceneDelegate.swift */; };
		DCB6235F2739031400400A7C /* ViewController.swift in Sources */ = {isa = PBXBuildFile; fileRef = DCB6235E2739031400400A7C /* ViewController.swift */; };
		DCB623622739031400400A7C /* Main.storyboard in Resources */ = {isa = PBXBuildFile; fileRef = DCB623602739031400400A7C /* Main.storyboard */; };
		DCB623642739031500400A7C /* Assets.xcassets in Resources */ = {isa = PBXBuildFile; fileRef = DCB623632739031500400A7C /* Assets.xcassets */; };
		DCB623672739031500400A7C /* LaunchScreen.storyboard in Resources */ = {isa = PBXBuildFile; fileRef = DCB623652739031500400A7C /* LaunchScreen.storyboard */; };
		DCB623712739147B00400A7C /* MemoList.storyboard in Resources */ = {isa = PBXBuildFile; fileRef = DCB623702739147B00400A7C /* MemoList.storyboard */; };
		DCB623732739177F00400A7C /* MemoListViewController.swift in Sources */ = {isa = PBXBuildFile; fileRef = DCB623722739177F00400A7C /* MemoListViewController.swift */; };
		DCB623762739185100400A7C /* Realm in Frameworks */ = {isa = PBXBuildFile; productRef = DCB623752739185100400A7C /* Realm */; };
		DCB623782739185100400A7C /* RealmSwift in Frameworks */ = {isa = PBXBuildFile; productRef = DCB623772739185100400A7C /* RealmSwift */; };
		DCB6237B2739188700400A7C /* RealmModel.swift in Sources */ = {isa = PBXBuildFile; fileRef = DCB6237A2739188700400A7C /* RealmModel.swift */; };
		DCB6238527393E8C00400A7C /* MemoTableViewHeader.xib in Resources */ = {isa = PBXBuildFile; fileRef = DCB6238427393E8C00400A7C /* MemoTableViewHeader.xib */; };
		DCB6238727393F7000400A7C /* MemoTableViewHeader.swift in Sources */ = {isa = PBXBuildFile; fileRef = DCB6238627393F7000400A7C /* MemoTableViewHeader.swift */; };
		DCB6238B273A45AA00400A7C /* MemoTableViewCell.swift in Sources */ = {isa = PBXBuildFile; fileRef = DCB6238A273A45A900400A7C /* MemoTableViewCell.swift */; };
		DCB6238D273A4B4B00400A7C /* MemoAdd.storyboard in Resources */ = {isa = PBXBuildFile; fileRef = DCB6238C273A4B4B00400A7C /* MemoAdd.storyboard */; };
		DCB6238F273A4CEB00400A7C /* MemoAddViewController.swift in Sources */ = {isa = PBXBuildFile; fileRef = DCB6238E273A4CEB00400A7C /* MemoAddViewController.swift */; };
		DCB62391273A594400400A7C /* Date+Extension.swift in Sources */ = {isa = PBXBuildFile; fileRef = DCB62390273A594400400A7C /* Date+Extension.swift */; };
		DCB623BA273BA07400400A7C /* Binggrae-Bold.ttf in Resources */ = {isa = PBXBuildFile; fileRef = DCB623B8273BA07400400A7C /* Binggrae-Bold.ttf */; };
		DCB623BB273BA07400400A7C /* Binggrae.ttf in Resources */ = {isa = PBXBuildFile; fileRef = DCB623B9273BA07400400A7C /* Binggrae.ttf */; };
		DCB623BE273BA0E500400A7C /* UIFont+Extension.swift in Sources */ = {isa = PBXBuildFile; fileRef = DCB623BD273BA0E500400A7C /* UIFont+Extension.swift */; };
/* End PBXBuildFile section */

/* Begin PBXFileReference section */
		DCACD9C2273D53B600775088 /* MemoSearch.storyboard */ = {isa = PBXFileReference; lastKnownFileType = file.storyboard; path = MemoSearch.storyboard; sourceTree = "<group>"; };
		DCACD9C4273D53D800775088 /* MemoSearchViewController.swift */ = {isa = PBXFileReference; lastKnownFileType = sourcecode.swift; path = MemoSearchViewController.swift; sourceTree = "<group>"; };
		DCACD9C6273DFF3100775088 /* Alert+Extension.swift */ = {isa = PBXFileReference; lastKnownFileType = sourcecode.swift; path = "Alert+Extension.swift"; sourceTree = "<group>"; };
		DCACD9C8273E3FCD00775088 /* MemoTutorial.storyboard */ = {isa = PBXFileReference; lastKnownFileType = file.storyboard; path = MemoTutorial.storyboard; sourceTree = "<group>"; };
		DCACD9CA273E41EB00775088 /* MemoTutorialViewController.swift */ = {isa = PBXFileReference; lastKnownFileType = sourcecode.swift; name = MemoTutorialViewController.swift; path = SeSAC_MEMO/ViewController/MemoTutorialViewController.swift; sourceTree = SOURCE_ROOT; };
		DCB623572739031400400A7C /* SeSAC_MEMO.app */ = {isa = PBXFileReference; explicitFileType = wrapper.application; includeInIndex = 0; path = SeSAC_MEMO.app; sourceTree = BUILT_PRODUCTS_DIR; };
		DCB6235A2739031400400A7C /* AppDelegate.swift */ = {isa = PBXFileReference; lastKnownFileType = sourcecode.swift; path = AppDelegate.swift; sourceTree = "<group>"; };
		DCB6235C2739031400400A7C /* SceneDelegate.swift */ = {isa = PBXFileReference; lastKnownFileType = sourcecode.swift; path = SceneDelegate.swift; sourceTree = "<group>"; };
		DCB6235E2739031400400A7C /* ViewController.swift */ = {isa = PBXFileReference; lastKnownFileType = sourcecode.swift; path = ViewController.swift; sourceTree = "<group>"; };
		DCB623612739031400400A7C /* Base */ = {isa = PBXFileReference; lastKnownFileType = file.storyboard; name = Base; path = Base.lproj/Main.storyboard; sourceTree = "<group>"; };
		DCB623632739031500400A7C /* Assets.xcassets */ = {isa = PBXFileReference; lastKnownFileType = folder.assetcatalog; path = Assets.xcassets; sourceTree = "<group>"; };
		DCB623662739031500400A7C /* Base */ = {isa = PBXFileReference; lastKnownFileType = file.storyboard; name = Base; path = Base.lproj/LaunchScreen.storyboard; sourceTree = "<group>"; };
		DCB623682739031500400A7C /* Info.plist */ = {isa = PBXFileReference; lastKnownFileType = text.plist.xml; path = Info.plist; sourceTree = "<group>"; };
		DCB623702739147B00400A7C /* MemoList.storyboard */ = {isa = PBXFileReference; lastKnownFileType = file.storyboard; path = MemoList.storyboard; sourceTree = "<group>"; };
		DCB623722739177F00400A7C /* MemoListViewController.swift */ = {isa = PBXFileReference; lastKnownFileType = sourcecode.swift; path = MemoListViewController.swift; sourceTree = "<group>"; };
		DCB6237A2739188700400A7C /* RealmModel.swift */ = {isa = PBXFileReference; lastKnownFileType = sourcecode.swift; path = RealmModel.swift; sourceTree = "<group>"; };
		DCB6238427393E8C00400A7C /* MemoTableViewHeader.xib */ = {isa = PBXFileReference; lastKnownFileType = file.xib; path = MemoTableViewHeader.xib; sourceTree = "<group>"; };
		DCB6238627393F7000400A7C /* MemoTableViewHeader.swift */ = {isa = PBXFileReference; lastKnownFileType = sourcecode.swift; path = MemoTableViewHeader.swift; sourceTree = "<group>"; };
		DCB6238A273A45A900400A7C /* MemoTableViewCell.swift */ = {isa = PBXFileReference; lastKnownFileType = sourcecode.swift; path = MemoTableViewCell.swift; sourceTree = "<group>"; };
		DCB6238C273A4B4B00400A7C /* MemoAdd.storyboard */ = {isa = PBXFileReference; lastKnownFileType = file.storyboard; path = MemoAdd.storyboard; sourceTree = "<group>"; };
		DCB6238E273A4CEB00400A7C /* MemoAddViewController.swift */ = {isa = PBXFileReference; lastKnownFileType = sourcecode.swift; path = MemoAddViewController.swift; sourceTree = "<group>"; };
		DCB62390273A594400400A7C /* Date+Extension.swift */ = {isa = PBXFileReference; lastKnownFileType = sourcecode.swift; path = "Date+Extension.swift"; sourceTree = "<group>"; };
		DCB623B8273BA07400400A7C /* Binggrae-Bold.ttf */ = {isa = PBXFileReference; lastKnownFileType = file; path = "Binggrae-Bold.ttf"; sourceTree = "<group>"; };
		DCB623B9273BA07400400A7C /* Binggrae.ttf */ = {isa = PBXFileReference; lastKnownFileType = file; path = Binggrae.ttf; sourceTree = "<group>"; };
		DCB623BD273BA0E500400A7C /* UIFont+Extension.swift */ = {isa = PBXFileReference; lastKnownFileType = sourcecode.swift; path = "UIFont+Extension.swift"; sourceTree = "<group>"; };
/* End PBXFileReference section */

/* Begin PBXFrameworksBuildPhase section */
		DCB623542739031400400A7C /* Frameworks */ = {
			isa = PBXFrameworksBuildPhase;
			buildActionMask = 2147483647;
			files = (
				DCB623782739185100400A7C /* RealmSwift in Frameworks */,
				DCB623762739185100400A7C /* Realm in Frameworks */,
			);
			runOnlyForDeploymentPostprocessing = 0;
		};
/* End PBXFrameworksBuildPhase section */

/* Begin PBXGroup section */
		DCB6234E2739031400400A7C = {
			isa = PBXGroup;
			children = (
				DCB623592739031400400A7C /* SeSAC_MEMO */,
				DCB623582739031400400A7C /* Products */,
			);
			sourceTree = "<group>";
		};
		DCB623582739031400400A7C /* Products */ = {
			isa = PBXGroup;
			children = (
				DCB623572739031400400A7C /* SeSAC_MEMO.app */,
			);
			name = Products;
			sourceTree = "<group>";
		};
		DCB623592739031400400A7C /* SeSAC_MEMO */ = {
			isa = PBXGroup;
			children = (
				DCB623B7273BA06000400A7C /* Font */,
				DCB62392273A59CD00400A7C /* Extension */,
				DCB62388273941D500400A7C /* TableView */,
				DCB623792739187A00400A7C /* Realm */,
				DCB6236F273912EC00400A7C /* ViewController */,
				DCB6236E273912E200400A7C /* StoryBoard */,
				DCB6235A2739031400400A7C /* AppDelegate.swift */,
				DCB6235C2739031400400A7C /* SceneDelegate.swift */,
				DCB6235E2739031400400A7C /* ViewController.swift */,
				DCB623602739031400400A7C /* Main.storyboard */,
				DCB623632739031500400A7C /* Assets.xcassets */,
				DCB623682739031500400A7C /* Info.plist */,
			);
			path = SeSAC_MEMO;
			sourceTree = "<group>";
		};
		DCB6236E273912E200400A7C /* StoryBoard */ = {
			isa = PBXGroup;
			children = (
				DCB623702739147B00400A7C /* MemoList.storyboard */,
				DCB6238C273A4B4B00400A7C /* MemoAdd.storyboard */,
				DCACD9C2273D53B600775088 /* MemoSearch.storyboard */,
				DCB6238427393E8C00400A7C /* MemoTableViewHeader.xib */,
				DCB623652739031500400A7C /* LaunchScreen.storyboard */,
				DCACD9C8273E3FCD00775088 /* MemoTutorial.storyboard */,
				DCACD9CA273E41EB00775088 /* MemoTutorialViewController.swift */,
			);
			path = StoryBoard;
			sourceTree = "<group>";
		};
		DCB6236F273912EC00400A7C /* ViewController */ = {
			isa = PBXGroup;
			children = (
				DCB623722739177F00400A7C /* MemoListViewController.swift */,
				DCB6238E273A4CEB00400A7C /* MemoAddViewController.swift */,
				DCACD9C4273D53D800775088 /* MemoSearchViewController.swift */,
			);
			path = ViewController;
			sourceTree = "<group>";
		};
		DCB623792739187A00400A7C /* Realm */ = {
			isa = PBXGroup;
			children = (
				DCB6237A2739188700400A7C /* RealmModel.swift */,
			);
			path = Realm;
			sourceTree = "<group>";
		};
		DCB62388273941D500400A7C /* TableView */ = {
			isa = PBXGroup;
			children = (
				DCB6238627393F7000400A7C /* MemoTableViewHeader.swift */,
				DCB6238A273A45A900400A7C /* MemoTableViewCell.swift */,
			);
			path = TableView;
			sourceTree = "<group>";
		};
		DCB62392273A59CD00400A7C /* Extension */ = {
			isa = PBXGroup;
			children = (
				DCB62390273A594400400A7C /* Date+Extension.swift */,
				DCB623BD273BA0E500400A7C /* UIFont+Extension.swift */,
				DCACD9C6273DFF3100775088 /* Alert+Extension.swift */,
			);
			path = Extension;
			sourceTree = "<group>";
		};
		DCB623B7273BA06000400A7C /* Font */ = {
			isa = PBXGroup;
			children = (
				DCB623B8273BA07400400A7C /* Binggrae-Bold.ttf */,
				DCB623B9273BA07400400A7C /* Binggrae.ttf */,
			);
			path = Font;
			sourceTree = "<group>";
		};
/* End PBXGroup section */

/* Begin PBXNativeTarget section */
		DCB623562739031400400A7C /* SeSAC_MEMO */ = {
			isa = PBXNativeTarget;
			buildConfigurationList = DCB6236B2739031500400A7C /* Build configuration list for PBXNativeTarget "SeSAC_MEMO" */;
			buildPhases = (
				DCB623532739031400400A7C /* Sources */,
				DCB623542739031400400A7C /* Frameworks */,
				DCB623552739031400400A7C /* Resources */,
			);
			buildRules = (
			);
			dependencies = (
			);
			name = SeSAC_MEMO;
			packageProductDependencies = (
				DCB623752739185100400A7C /* Realm */,
				DCB623772739185100400A7C /* RealmSwift */,
			);
			productName = SeSAC_MEMO;
			productReference = DCB623572739031400400A7C /* SeSAC_MEMO.app */;
			productType = "com.apple.product-type.application";
		};
/* End PBXNativeTarget section */

/* Begin PBXProject section */
		DCB6234F2739031400400A7C /* Project object */ = {
			isa = PBXProject;
			attributes = {
				BuildIndependentTargetsInParallel = 1;
				LastSwiftUpdateCheck = 1300;
				LastUpgradeCheck = 1300;
				TargetAttributes = {
					DCB623562739031400400A7C = {
						CreatedOnToolsVersion = 13.0;
					};
				};
			};
			buildConfigurationList = DCB623522739031400400A7C /* Build configuration list for PBXProject "SeSAC_MEMO" */;
			compatibilityVersion = "Xcode 13.0";
			developmentRegion = en;
			hasScannedForEncodings = 0;
			knownRegions = (
				en,
				Base,
			);
			mainGroup = DCB6234E2739031400400A7C;
			packageReferences = (
				DCB623742739185100400A7C /* XCRemoteSwiftPackageReference "realm-cocoa" */,
			);
			productRefGroup = DCB623582739031400400A7C /* Products */;
			projectDirPath = "";
			projectRoot = "";
			targets = (
				DCB623562739031400400A7C /* SeSAC_MEMO */,
			);
		};
/* End PBXProject section */

/* Begin PBXResourcesBuildPhase section */
		DCB623552739031400400A7C /* Resources */ = {
			isa = PBXResourcesBuildPhase;
			buildActionMask = 2147483647;
			files = (
				DCB6238D273A4B4B00400A7C /* MemoAdd.storyboard in Resources */,
				DCB623712739147B00400A7C /* MemoList.storyboard in Resources */,
				DCACD9C9273E3FCD00775088 /* MemoTutorial.storyboard in Resources */,
				DCACD9C3273D53B600775088 /* MemoSearch.storyboard in Resources */,
				DCB623672739031500400A7C /* LaunchScreen.storyboard in Resources */,
				DCB6238527393E8C00400A7C /* MemoTableViewHeader.xib in Resources */,
				DCB623642739031500400A7C /* Assets.xcassets in Resources */,
				DCB623BA273BA07400400A7C /* Binggrae-Bold.ttf in Resources */,
				DCB623622739031400400A7C /* Main.storyboard in Resources */,
				DCB623BB273BA07400400A7C /* Binggrae.ttf in Resources */,
			);
			runOnlyForDeploymentPostprocessing = 0;
		};
/* End PBXResourcesBuildPhase section */

/* Begin PBXSourcesBuildPhase section */
		DCB623532739031400400A7C /* Sources */ = {
			isa = PBXSourcesBuildPhase;
			buildActionMask = 2147483647;
			files = (
				DCACD9C5273D53D800775088 /* MemoSearchViewController.swift in Sources */,
				DCACD9C7273DFF3100775088 /* Alert+Extension.swift in Sources */,
				DCB623732739177F00400A7C /* MemoListViewController.swift in Sources */,
				DCB6238727393F7000400A7C /* MemoTableViewHeader.swift in Sources */,
				DCB6235F2739031400400A7C /* ViewController.swift in Sources */,
				DCB6238B273A45AA00400A7C /* MemoTableViewCell.swift in Sources */,
				DCB6238F273A4CEB00400A7C /* MemoAddViewController.swift in Sources */,
				DCB6235B2739031400400A7C /* AppDelegate.swift in Sources */,
				DCB6237B2739188700400A7C /* RealmModel.swift in Sources */,
				DCB6235D2739031400400A7C /* SceneDelegate.swift in Sources */,
				DCB623BE273BA0E500400A7C /* UIFont+Extension.swift in Sources */,
				DCACD9CB273E41EB00775088 /* MemoTutorialViewController.swift in Sources */,
				DCB62391273A594400400A7C /* Date+Extension.swift in Sources */,
			);
			runOnlyForDeploymentPostprocessing = 0;
		};
/* End PBXSourcesBuildPhase section */

/* Begin PBXVariantGroup section */
		DCB623602739031400400A7C /* Main.storyboard */ = {
			isa = PBXVariantGroup;
			children = (
				DCB623612739031400400A7C /* Base */,
			);
			name = Main.storyboard;
			sourceTree = "<group>";
		};
		DCB623652739031500400A7C /* LaunchScreen.storyboard */ = {
			isa = PBXVariantGroup;
			children = (
				DCB623662739031500400A7C /* Base */,
			);
			name = LaunchScreen.storyboard;
			sourceTree = "<group>";
		};
/* End PBXVariantGroup section */

/* Begin XCBuildConfiguration section */
		DCB623692739031500400A7C /* Debug */ = {
			isa = XCBuildConfiguration;
			buildSettings = {
				ALWAYS_SEARCH_USER_PATHS = NO;
				CLANG_ANALYZER_NONNULL = YES;
				CLANG_ANALYZER_NUMBER_OBJECT_CONVERSION = YES_AGGRESSIVE;
				CLANG_CXX_LANGUAGE_STANDARD = "gnu++17";
				CLANG_CXX_LIBRARY = "libc++";
				CLANG_ENABLE_MODULES = YES;
				CLANG_ENABLE_OBJC_ARC = YES;
				CLANG_ENABLE_OBJC_WEAK = YES;
				CLANG_WARN_BLOCK_CAPTURE_AUTORELEASING = YES;
				CLANG_WARN_BOOL_CONVERSION = YES;
				CLANG_WARN_COMMA = YES;
				CLANG_WARN_CONSTANT_CONVERSION = YES;
				CLANG_WARN_DEPRECATED_OBJC_IMPLEMENTATIONS = YES;
				CLANG_WARN_DIRECT_OBJC_ISA_USAGE = YES_ERROR;
				CLANG_WARN_DOCUMENTATION_COMMENTS = YES;
				CLANG_WARN_EMPTY_BODY = YES;
				CLANG_WARN_ENUM_CONVERSION = YES;
				CLANG_WARN_INFINITE_RECURSION = YES;
				CLANG_WARN_INT_CONVERSION = YES;
				CLANG_WARN_NON_LITERAL_NULL_CONVERSION = YES;
				CLANG_WARN_OBJC_IMPLICIT_RETAIN_SELF = YES;
				CLANG_WARN_OBJC_LITERAL_CONVERSION = YES;
				CLANG_WARN_OBJC_ROOT_CLASS = YES_ERROR;
				CLANG_WARN_QUOTED_INCLUDE_IN_FRAMEWORK_HEADER = YES;
				CLANG_WARN_RANGE_LOOP_ANALYSIS = YES;
				CLANG_WARN_STRICT_PROTOTYPES = YES;
				CLANG_WARN_SUSPICIOUS_MOVE = YES;
				CLANG_WARN_UNGUARDED_AVAILABILITY = YES_AGGRESSIVE;
				CLANG_WARN_UNREACHABLE_CODE = YES;
				CLANG_WARN__DUPLICATE_METHOD_MATCH = YES;
				COPY_PHASE_STRIP = NO;
				DEBUG_INFORMATION_FORMAT = dwarf;
				ENABLE_STRICT_OBJC_MSGSEND = YES;
				ENABLE_TESTABILITY = YES;
				GCC_C_LANGUAGE_STANDARD = gnu11;
				GCC_DYNAMIC_NO_PIC = NO;
				GCC_NO_COMMON_BLOCKS = YES;
				GCC_OPTIMIZATION_LEVEL = 0;
				GCC_PREPROCESSOR_DEFINITIONS = (
					"DEBUG=1",
					"$(inherited)",
				);
				GCC_WARN_64_TO_32_BIT_CONVERSION = YES;
				GCC_WARN_ABOUT_RETURN_TYPE = YES_ERROR;
				GCC_WARN_UNDECLARED_SELECTOR = YES;
				GCC_WARN_UNINITIALIZED_AUTOS = YES_AGGRESSIVE;
				GCC_WARN_UNUSED_FUNCTION = YES;
				GCC_WARN_UNUSED_VARIABLE = YES;
				IPHONEOS_DEPLOYMENT_TARGET = 15.0;
				MTL_ENABLE_DEBUG_INFO = INCLUDE_SOURCE;
				MTL_FAST_MATH = YES;
				ONLY_ACTIVE_ARCH = YES;
				SDKROOT = iphoneos;
				SWIFT_ACTIVE_COMPILATION_CONDITIONS = DEBUG;
				SWIFT_OPTIMIZATION_LEVEL = "-Onone";
			};
			name = Debug;
		};
		DCB6236A2739031500400A7C /* Release */ = {
			isa = XCBuildConfiguration;
			buildSettings = {
				ALWAYS_SEARCH_USER_PATHS = NO;
				CLANG_ANALYZER_NONNULL = YES;
				CLANG_ANALYZER_NUMBER_OBJECT_CONVERSION = YES_AGGRESSIVE;
				CLANG_CXX_LANGUAGE_STANDARD = "gnu++17";
				CLANG_CXX_LIBRARY = "libc++";
				CLANG_ENABLE_MODULES = YES;
				CLANG_ENABLE_OBJC_ARC = YES;
				CLANG_ENABLE_OBJC_WEAK = YES;
				CLANG_WARN_BLOCK_CAPTURE_AUTORELEASING = YES;
				CLANG_WARN_BOOL_CONVERSION = YES;
				CLANG_WARN_COMMA = YES;
				CLANG_WARN_CONSTANT_CONVERSION = YES;
				CLANG_WARN_DEPRECATED_OBJC_IMPLEMENTATIONS = YES;
				CLANG_WARN_DIRECT_OBJC_ISA_USAGE = YES_ERROR;
				CLANG_WARN_DOCUMENTATION_COMMENTS = YES;
				CLANG_WARN_EMPTY_BODY = YES;
				CLANG_WARN_ENUM_CONVERSION = YES;
				CLANG_WARN_INFINITE_RECURSION = YES;
				CLANG_WARN_INT_CONVERSION = YES;
				CLANG_WARN_NON_LITERAL_NULL_CONVERSION = YES;
				CLANG_WARN_OBJC_IMPLICIT_RETAIN_SELF = YES;
				CLANG_WARN_OBJC_LITERAL_CONVERSION = YES;
				CLANG_WARN_OBJC_ROOT_CLASS = YES_ERROR;
				CLANG_WARN_QUOTED_INCLUDE_IN_FRAMEWORK_HEADER = YES;
				CLANG_WARN_RANGE_LOOP_ANALYSIS = YES;
				CLANG_WARN_STRICT_PROTOTYPES = YES;
				CLANG_WARN_SUSPICIOUS_MOVE = YES;
				CLANG_WARN_UNGUARDED_AVAILABILITY = YES_AGGRESSIVE;
				CLANG_WARN_UNREACHABLE_CODE = YES;
				CLANG_WARN__DUPLICATE_METHOD_MATCH = YES;
				COPY_PHASE_STRIP = NO;
				DEBUG_INFORMATION_FORMAT = "dwarf-with-dsym";
				ENABLE_NS_ASSERTIONS = NO;
				ENABLE_STRICT_OBJC_MSGSEND = YES;
				GCC_C_LANGUAGE_STANDARD = gnu11;
				GCC_NO_COMMON_BLOCKS = YES;
				GCC_WARN_64_TO_32_BIT_CONVERSION = YES;
				GCC_WARN_ABOUT_RETURN_TYPE = YES_ERROR;
				GCC_WARN_UNDECLARED_SELECTOR = YES;
				GCC_WARN_UNINITIALIZED_AUTOS = YES_AGGRESSIVE;
				GCC_WARN_UNUSED_FUNCTION = YES;
				GCC_WARN_UNUSED_VARIABLE = YES;
				IPHONEOS_DEPLOYMENT_TARGET = 15.0;
				MTL_ENABLE_DEBUG_INFO = NO;
				MTL_FAST_MATH = YES;
				SDKROOT = iphoneos;
				SWIFT_COMPILATION_MODE = wholemodule;
				SWIFT_OPTIMIZATION_LEVEL = "-O";
				VALIDATE_PRODUCT = YES;
			};
			name = Release;
		};
		DCB6236C2739031500400A7C /* Debug */ = {
			isa = XCBuildConfiguration;
			buildSettings = {
				ASSETCATALOG_COMPILER_APPICON_NAME = AppIcon;
				ASSETCATALOG_COMPILER_GLOBAL_ACCENT_COLOR_NAME = AccentColor;
				CODE_SIGN_STYLE = Automatic;
				CURRENT_PROJECT_VERSION = 1;
				DEVELOPMENT_TEAM = 8H53VPN638;
				GENERATE_INFOPLIST_FILE = YES;
				INFOPLIST_FILE = SeSAC_MEMO/Info.plist;
				INFOPLIST_KEY_UIApplicationSupportsIndirectInputEvents = YES;
				INFOPLIST_KEY_UILaunchStoryboardName = LaunchScreen;
				INFOPLIST_KEY_UIMainStoryboardFile = MemoList;
				INFOPLIST_KEY_UISupportedInterfaceOrientations_iPad = "UIInterfaceOrientationPortrait UIInterfaceOrientationPortraitUpsideDown UIInterfaceOrientationLandscapeLeft UIInterfaceOrientationLandscapeRight";
				INFOPLIST_KEY_UISupportedInterfaceOrientations_iPhone = "UIInterfaceOrientationPortrait UIInterfaceOrientationLandscapeLeft UIInterfaceOrientationLandscapeRight";
				LD_RUNPATH_SEARCH_PATHS = (
					"$(inherited)",
					"@executable_path/Frameworks",
				);
				MARKETING_VERSION = 1.0;
				PRODUCT_BUNDLE_IDENTIFIER = "com.jy.SeSAC-MEMO";
				PRODUCT_NAME = "$(TARGET_NAME)";
				SWIFT_EMIT_LOC_STRINGS = YES;
				SWIFT_VERSION = 5.0;
				TARGETED_DEVICE_FAMILY = "1,2";
			};
			name = Debug;
		};
		DCB6236D2739031500400A7C /* Release */ = {
			isa = XCBuildConfiguration;
			buildSettings = {
				ASSETCATALOG_COMPILER_APPICON_NAME = AppIcon;
				ASSETCATALOG_COMPILER_GLOBAL_ACCENT_COLOR_NAME = AccentColor;
				CODE_SIGN_STYLE = Automatic;
				CURRENT_PROJECT_VERSION = 1;
				DEVELOPMENT_TEAM = 8H53VPN638;
				GENERATE_INFOPLIST_FILE = YES;
				INFOPLIST_FILE = SeSAC_MEMO/Info.plist;
				INFOPLIST_KEY_UIApplicationSupportsIndirectInputEvents = YES;
				INFOPLIST_KEY_UILaunchStoryboardName = LaunchScreen;
				INFOPLIST_KEY_UIMainStoryboardFile = MemoList;
				INFOPLIST_KEY_UISupportedInterfaceOrientations_iPad = "UIInterfaceOrientationPortrait UIInterfaceOrientationPortraitUpsideDown UIInterfaceOrientationLandscapeLeft UIInterfaceOrientationLandscapeRight";
				INFOPLIST_KEY_UISupportedInterfaceOrientations_iPhone = "UIInterfaceOrientationPortrait UIInterfaceOrientationLandscapeLeft UIInterfaceOrientationLandscapeRight";
				LD_RUNPATH_SEARCH_PATHS = (
					"$(inherited)",
					"@executable_path/Frameworks",
				);
				MARKETING_VERSION = 1.0;
				PRODUCT_BUNDLE_IDENTIFIER = "com.jy.SeSAC-MEMO";
				PRODUCT_NAME = "$(TARGET_NAME)";
				SWIFT_EMIT_LOC_STRINGS = YES;
				SWIFT_VERSION = 5.0;
				TARGETED_DEVICE_FAMILY = "1,2";
			};
			name = Release;
		};
/* End XCBuildConfiguration section */

/* Begin XCConfigurationList section */
		DCB623522739031400400A7C /* Build configuration list for PBXProject "SeSAC_MEMO" */ = {
			isa = XCConfigurationList;
			buildConfigurations = (
				DCB623692739031500400A7C /* Debug */,
				DCB6236A2739031500400A7C /* Release */,
			);
			defaultConfigurationIsVisible = 0;
			defaultConfigurationName = Release;
		};
		DCB6236B2739031500400A7C /* Build configuration list for PBXNativeTarget "SeSAC_MEMO" */ = {
			isa = XCConfigurationList;
			buildConfigurations = (
				DCB6236C2739031500400A7C /* Debug */,
				DCB6236D2739031500400A7C /* Release */,
			);
			defaultConfigurationIsVisible = 0;
			defaultConfigurationName = Release;
		};
/* End XCConfigurationList section */

/* Begin XCRemoteSwiftPackageReference section */
		DCB623742739185100400A7C /* XCRemoteSwiftPackageReference "realm-cocoa" */ = {
			isa = XCRemoteSwiftPackageReference;
			repositoryURL = "https://github.com/realm/realm-cocoa.git";
			requirement = {
				branch = master;
				kind = branch;
			};
		};
/* End XCRemoteSwiftPackageReference section */

/* Begin XCSwiftPackageProductDependency section */
		DCB623752739185100400A7C /* Realm */ = {
			isa = XCSwiftPackageProductDependency;
			package = DCB623742739185100400A7C /* XCRemoteSwiftPackageReference "realm-cocoa" */;
			productName = Realm;
		};
		DCB623772739185100400A7C /* RealmSwift */ = {
			isa = XCSwiftPackageProductDependency;
			package = DCB623742739185100400A7C /* XCRemoteSwiftPackageReference "realm-cocoa" */;
			productName = RealmSwift;
		};
/* End XCSwiftPackageProductDependency section */
	};
	rootObject = DCB6234F2739031400400A7C /* Project object */;
}
